
Microsoft Visual Studio Solution File, Format Version 11.00
# Visual C++ Express 2010
Project("{8BC9CEB8-8B4A-11D0-8D11-00A0C91BC942}") = "01.16", "01.16\01.16.vcxproj", "{5D2C546F-8544-475E-8060-44A929F48A65}"
EndProject
Project("{8BC9CEB8-8B4A-11D0-8D11-00A0C91BC942}") = "01.17", "01.17\01.17.vcxproj", "{D604D310-9601-49FB-ABEE-48D81E6A2724}"
EndProject
Project("{8BC9CEB8-8B4A-11D0-8D11-00A0C91BC942}") = "01.19", "01.19\01.19.vcxproj", "{F30CB20D-C44F-45FF-AA39-D459E6EB16B9}"
EndProject
Project("{8BC9CEB8-8B4A-11D0-8D11-00A0C91BC942}") = "01.20", "01.20\01.20.vcxproj", "{A6883C77-6D02-44B1-B492-965B019E15C2}"
EndProject
Project("{8BC9CEB8-8B4A-11D0-8D11-00A0C91BC942}") = "02.10", "02.10\02.10.vcxproj", "{00719F0C-F124-42BE-9297-711FF153A064}"
EndProject
Project("{8BC9CEB8-8B4A-11D0-8D11-00A0C91BC942}") = "02.11", "02.11\02.11.vcxproj", "{52058BF7-48EF-4058-A47D-C358600A3D43}"
EndProject
Project("{8BC9CEB8-8B4A-11D0-8D11-00A0C91BC942}") = "02.12", "02.12\02.12.vcxproj", "{BB137EB3-5250-427B-95D7-0D26A73234C7}"
EndProject
Project("{8BC9CEB8-8B4A-11D0-8D11-00A0C91BC942}") = "02.13", "02.13\02.13.vcxproj", "{F9D880FE-6305-4B6A-AF56-0BE0C976D006}"
EndProject
Project("{8BC9CEB8-8B4A-11D0-8D11-00A0C91BC942}") = "02.14", "02.14\02.14.vcxproj", "{AA43C2F9-4ADF-41F2-89ED-47843643C4A3}"
EndProject
Project("{8BC9CEB8-8B4A-11D0-8D11-00A0C91BC942}") = "02.15", "02.15\02.15.vcxproj", "{D14B8DD0-5CF1-4D80-8B2E-71E53670E7DA}"
EndProject
Project("{8BC9CEB8-8B4A-11D0-8D11-00A0C91BC942}") = "02.16-02.18", "02.16-02.18\02.16-02.18.vcxproj", "{F3E461F8-2545-4922-AF95-C0FAC35EDF8D}"
EndProject
Project("{8BC9CEB8-8B4A-11D0-8D11-00A0C91BC942}") = "02.19-02.20", "02.19-02.20\02.19-02.20.vcxproj", "{A0DE4DB7-5E42-412A-896E-8CD17902142C}"
EndProject
Project("{8BC9CEB8-8B4A-11D0-8D11-00A0C91BC942}") = "02.21", "02.21\02.21.vcxproj", "{2DC8B8E0-D90F-40F6-B0F0-D951DDCA408E}"
EndProject
Project("{8BC9CEB8-8B4A-11D0-8D11-00A0C91BC942}") = "02.22", "02.22\02.22.vcxproj", "{479F8705-7B4A-413F-939D-5A68C82C7E6A}"
EndProject
Project("{8BC9CEB8-8B4A-11D0-8D11-00A0C91BC942}") = "02.23", "02.23\02.23.vcxproj", "{9B913BF8-0766-462F-B982-8D5020815B34}"
EndProject
Project("{8BC9CEB8-8B4A-11D0-8D11-00A0C91BC942}") = "02.24", "02.24\02.24.vcxproj", "{69D091DF-26ED-4578-91BB-328FE9BAAF2D}"
EndProject
Project("{8BC9CEB8-8B4A-11D0-8D11-00A0C91BC942}") = "02.25", "02.25\02.25.vcxproj", "{6694823F-5439-4003-B718-84A60147E5F3}"
EndProject
Project("{8BC9CEB8-8B4A-11D0-8D11-00A0C91BC942}") = "02.26", "02.26\02.26.vcxproj", "{4F184A85-5203-4DED-BFA9-0F2799F9AF12}"
EndProject
Project("{8BC9CEB8-8B4A-11D0-8D11-00A0C91BC942}") = "02.27", "02.27\02.27.vcxproj", "{94F9896A-E87A-47EB-B598-C1E60F16F9A7}"
EndProject
Project("{8BC9CEB8-8B4A-11D0-8D11-00A0C91BC942}") = "02.28", "02.28\02.28.vcxproj", "{CDC6D120-D68F-47B6-A9E7-A5A461133DFA}"
EndProject
Project("{8BC9CEB8-8B4A-11D0-8D11-00A0C91BC942}") = "02.29", "02.29\02.29.vcxproj", "{D051583F-72E8-4F2E-A5FA-AAEED0793C86}"
EndProject
Project("{8BC9CEB8-8B4A-11D0-8D11-00A0C91BC942}") = "02.30", "02.30\02.30.vcxproj", "{267890F4-9F75-4F76-972B-9D621336FAB8}"
EndProject
Project("{8BC9CEB8-8B4A-11D0-8D11-00A0C91BC942}") = "02.31", "02.31\02.31.vcxproj", "{C02C7FFC-6B3F-42AD-85A9-9E085BF0168C}"
EndProject
Project("{8BC9CEB8-8B4A-11D0-8D11-00A0C91BC942}") = "02.32", "02.32\02.32.vcxproj", "{21A0126B-82E0-45B8-94BF-2FEC0216F99F}"
EndProject
Project("{8BC9CEB8-8B4A-11D0-8D11-00A0C91BC942}") = "02.33", "02.33\02.33.vcxproj", "{F8AA03E3-9F5C-42BF-B105-3E89041A14F8}"
EndProject
Project("{8BC9CEB8-8B4A-11D0-8D11-00A0C91BC942}") = "02.34-02.36", "02.34-02.36\02.34-02.36.vcxproj", "{34443CD7-11AB-4846-A502-111ECDF91619}"
EndProject
Project("{8BC9CEB8-8B4A-11D0-8D11-00A0C91BC942}") = "02.37", "02.37\02.37.vcxproj", "{6F8F4D0B-E744-43AB-9B26-B5CD540CC32C}"
EndProject
Project("{8BC9CEB8-8B4A-11D0-8D11-00A0C91BC942}") = "02.38", "02.38\02.38.vcxproj", "{CF7E8C5D-B306-4A9A-9029-64B7A3A19FED}"
EndProject
Project("{8BC9CEB8-8B4A-11D0-8D11-00A0C91BC942}") = "02.39-02.40", "02.39-02.40\02.39-02.40.vcxproj", "{C825A5F6-1A8E-4FFD-AEE9-D097DA14DCF3}"
EndProject
Project("{8BC9CEB8-8B4A-11D0-8D11-00A0C91BC942}") = "02.41-02.42", "02.41-02.42\02.41-02.42.vcxproj", "{40DA8411-A6E0-488C-83B2-00ED82B716AC}"
EndProject
Project("{8BC9CEB8-8B4A-11D0-8D11-00A0C91BC942}") = "03.15", "03.15\03.15.vcxproj", "{2D94B566-3A72-46FA-9C14-A8B2FD1B8D38}"
EndProject
Project("{8BC9CEB8-8B4A-11D0-8D11-00A0C91BC942}") = "03.16", "03.16\03.16.vcxproj", "{DF3537A1-D723-4619-932D-F7A782197B6C}"
EndProject
Project("{8BC9CEB8-8B4A-11D0-8D11-00A0C91BC942}") = "03.17", "03.17\03.17.vcxproj", "{B9129167-2A92-4544-85CC-8414EF965898}"
EndProject
Project("{8BC9CEB8-8B4A-11D0-8D11-00A0C91BC942}") = "03.18", "03.18\03.18.vcxproj", "{101C3B10-07F9-43D9-93B6-00AE59FF84E0}"
EndProject
Project("{8BC9CEB8-8B4A-11D0-8D11-00A0C91BC942}") = "03.19", "03.19\03.19.vcxproj", "{18FCCC0C-0DD4-4DBF-99E2-78F96A358233}"
EndProject
Project("{8BC9CEB8-8B4A-11D0-8D11-00A0C91BC942}") = "03.20", "03.20\03.20.vcxproj", "{2BF34829-27A6-4295-9CEF-858BF01BE158}"
EndProject
Project("{8BC9CEB8-8B4A-11D0-8D11-00A0C91BC942}") = "03.21", "03.21\03.21.vcxproj", "{7E5791FB-5D18-45A8-BD9E-8982CA33B925}"
EndProject
Project("{8BC9CEB8-8B4A-11D0-8D11-00A0C91BC942}") = "03.22", "03.22\03.22.vcxproj", "{3B22A494-7A0D-4CBA-A2A1-F70D189B3214}"
EndProject
Project("{8BC9CEB8-8B4A-11D0-8D11-00A0C91BC942}") = "03.23", "03.23\03.23.vcxproj", "{6BFF283E-28CF-4C2C-8E26-248142B9EDFF}"
EndProject
Project("{8BC9CEB8-8B4A-11D0-8D11-00A0C91BC942}") = "03.24", "03.24\03.24.vcxproj", "{AFFBB6C2-ED4A-446A-B562-9AB50472EB0A}"
EndProject
Project("{8BC9CEB8-8B4A-11D0-8D11-00A0C91BC942}") = "03.25", "03.25\03.25.vcxproj", "{8C7CCC84-ABF6-462F-A095-12443829D133}"
EndProject
Project("{8BC9CEB8-8B4A-11D0-8D11-00A0C91BC942}") = "03.26", "03.26\03.26.vcxproj", "{C51CA8CF-CAF8-4013-859D-CB7E2266B6B6}"
EndProject
Project("{8BC9CEB8-8B4A-11D0-8D11-00A0C91BC942}") = "03.27", "03.27\03.27.vcxproj", "{72A6BBFE-D06E-4F04-93EC-D9A8E520C191}"
EndProject
Project("{8BC9CEB8-8B4A-11D0-8D11-00A0C91BC942}") = "03.28", "03.28\03.28.vcxproj", "{352A25BF-FD02-4EB9-B285-1195029D8465}"
EndProject
Project("{8BC9CEB8-8B4A-11D0-8D11-00A0C91BC942}") = "03.29", "03.29\03.29.vcxproj", "{9190852B-353A-4F23-89A8-9632F9C81F8D}"
EndProject
Project("{8BC9CEB8-8B4A-11D0-8D11-00A0C91BC942}") = "03.30+03.32", "03.30+03.32\03.30+03.32.vcxproj", "{F107E88C-97BB-4276-AB01-BE69DF7765C7}"
EndProject
Project("{8BC9CEB8-8B4A-11D0-8D11-00A0C91BC942}") = "03.31", "03.31\03.31.vcxproj", "{321D37FA-0B11-403F-90C6-2C9F8F95F8CC}"
EndProject
Project("{8BC9CEB8-8B4A-11D0-8D11-00A0C91BC942}") = "03.33", "03.33\03.33.vcxproj", "{9A9C1E7C-E429-4E05-B187-994DECDB884B}"
EndProject
Project("{8BC9CEB8-8B4A-11D0-8D11-00A0C91BC942}") = "03.34", "03.34\03.34.vcxproj", "{0DCA5F0D-B6FB-44E8-9AA4-0806C870D386}"
EndProject
Global
	GlobalSection(SolutionConfigurationPlatforms) = preSolution
		Debug|Win32 = Debug|Win32
		Release|Win32 = Release|Win32
	EndGlobalSection
	GlobalSection(ProjectConfigurationPlatforms) = postSolution
		{5D2C546F-8544-475E-8060-44A929F48A65}.Debug|Win32.ActiveCfg = Debug|Win32
		{5D2C546F-8544-475E-8060-44A929F48A65}.Debug|Win32.Build.0 = Debug|Win32
		{5D2C546F-8544-475E-8060-44A929F48A65}.Release|Win32.ActiveCfg = Release|Win32
		{5D2C546F-8544-475E-8060-44A929F48A65}.Release|Win32.Build.0 = Release|Win32
		{D604D310-9601-49FB-ABEE-48D81E6A2724}.Debug|Win32.ActiveCfg = Debug|Win32
		{D604D310-9601-49FB-ABEE-48D81E6A2724}.Debug|Win32.Build.0 = Debug|Win32
		{D604D310-9601-49FB-ABEE-48D81E6A2724}.Release|Win32.ActiveCfg = Release|Win32
		{D604D310-9601-49FB-ABEE-48D81E6A2724}.Release|Win32.Build.0 = Release|Win32
		{F30CB20D-C44F-45FF-AA39-D459E6EB16B9}.Debug|Win32.ActiveCfg = Debug|Win32
		{F30CB20D-C44F-45FF-AA39-D459E6EB16B9}.Debug|Win32.Build.0 = Debug|Win32
		{F30CB20D-C44F-45FF-AA39-D459E6EB16B9}.Release|Win32.ActiveCfg = Release|Win32
		{F30CB20D-C44F-45FF-AA39-D459E6EB16B9}.Release|Win32.Build.0 = Release|Win32
		{A6883C77-6D02-44B1-B492-965B019E15C2}.Debug|Win32.ActiveCfg = Debug|Win32
		{A6883C77-6D02-44B1-B492-965B019E15C2}.Debug|Win32.Build.0 = Debug|Win32
		{A6883C77-6D02-44B1-B492-965B019E15C2}.Release|Win32.ActiveCfg = Release|Win32
		{A6883C77-6D02-44B1-B492-965B019E15C2}.Release|Win32.Build.0 = Release|Win32
		{00719F0C-F124-42BE-9297-711FF153A064}.Debug|Win32.ActiveCfg = Debug|Win32
		{00719F0C-F124-42BE-9297-711FF153A064}.Debug|Win32.Build.0 = Debug|Win32
		{00719F0C-F124-42BE-9297-711FF153A064}.Release|Win32.ActiveCfg = Release|Win32
		{00719F0C-F124-42BE-9297-711FF153A064}.Release|Win32.Build.0 = Release|Win32
		{52058BF7-48EF-4058-A47D-C358600A3D43}.Debug|Win32.ActiveCfg = Debug|Win32
		{52058BF7-48EF-4058-A47D-C358600A3D43}.Debug|Win32.Build.0 = Debug|Win32
		{52058BF7-48EF-4058-A47D-C358600A3D43}.Release|Win32.ActiveCfg = Release|Win32
		{52058BF7-48EF-4058-A47D-C358600A3D43}.Release|Win32.Build.0 = Release|Win32
		{BB137EB3-5250-427B-95D7-0D26A73234C7}.Debug|Win32.ActiveCfg = Debug|Win32
		{BB137EB3-5250-427B-95D7-0D26A73234C7}.Debug|Win32.Build.0 = Debug|Win32
		{BB137EB3-5250-427B-95D7-0D26A73234C7}.Release|Win32.ActiveCfg = Release|Win32
		{BB137EB3-5250-427B-95D7-0D26A73234C7}.Release|Win32.Build.0 = Release|Win32
		{F9D880FE-6305-4B6A-AF56-0BE0C976D006}.Debug|Win32.ActiveCfg = Debug|Win32
		{F9D880FE-6305-4B6A-AF56-0BE0C976D006}.Debug|Win32.Build.0 = Debug|Win32
		{F9D880FE-6305-4B6A-AF56-0BE0C976D006}.Release|Win32.ActiveCfg = Release|Win32
		{F9D880FE-6305-4B6A-AF56-0BE0C976D006}.Release|Win32.Build.0 = Release|Win32
		{AA43C2F9-4ADF-41F2-89ED-47843643C4A3}.Debug|Win32.ActiveCfg = Debug|Win32
		{AA43C2F9-4ADF-41F2-89ED-47843643C4A3}.Debug|Win32.Build.0 = Debug|Win32
		{AA43C2F9-4ADF-41F2-89ED-47843643C4A3}.Release|Win32.ActiveCfg = Release|Win32
		{AA43C2F9-4ADF-41F2-89ED-47843643C4A3}.Release|Win32.Build.0 = Release|Win32
		{D14B8DD0-5CF1-4D80-8B2E-71E53670E7DA}.Debug|Win32.ActiveCfg = Debug|Win32
		{D14B8DD0-5CF1-4D80-8B2E-71E53670E7DA}.Debug|Win32.Build.0 = Debug|Win32
		{D14B8DD0-5CF1-4D80-8B2E-71E53670E7DA}.Release|Win32.ActiveCfg = Release|Win32
		{D14B8DD0-5CF1-4D80-8B2E-71E53670E7DA}.Release|Win32.Build.0 = Release|Win32
		{F3E461F8-2545-4922-AF95-C0FAC35EDF8D}.Debug|Win32.ActiveCfg = Debug|Win32
		{F3E461F8-2545-4922-AF95-C0FAC35EDF8D}.Debug|Win32.Build.0 = Debug|Win32
		{F3E461F8-2545-4922-AF95-C0FAC35EDF8D}.Release|Win32.ActiveCfg = Release|Win32
		{F3E461F8-2545-4922-AF95-C0FAC35EDF8D}.Release|Win32.Build.0 = Release|Win32
		{A0DE4DB7-5E42-412A-896E-8CD17902142C}.Debug|Win32.ActiveCfg = Debug|Win32
		{A0DE4DB7-5E42-412A-896E-8CD17902142C}.Debug|Win32.Build.0 = Debug|Win32
		{A0DE4DB7-5E42-412A-896E-8CD17902142C}.Release|Win32.ActiveCfg = Release|Win32
		{A0DE4DB7-5E42-412A-896E-8CD17902142C}.Release|Win32.Build.0 = Release|Win32
		{2DC8B8E0-D90F-40F6-B0F0-D951DDCA408E}.Debug|Win32.ActiveCfg = Debug|Win32
		{2DC8B8E0-D90F-40F6-B0F0-D951DDCA408E}.Debug|Win32.Build.0 = Debug|Win32
		{2DC8B8E0-D90F-40F6-B0F0-D951DDCA408E}.Release|Win32.ActiveCfg = Release|Win32
		{2DC8B8E0-D90F-40F6-B0F0-D951DDCA408E}.Release|Win32.Build.0 = Release|Win32
		{479F8705-7B4A-413F-939D-5A68C82C7E6A}.Debug|Win32.ActiveCfg = Debug|Win32
		{479F8705-7B4A-413F-939D-5A68C82C7E6A}.Debug|Win32.Build.0 = Debug|Win32
		{479F8705-7B4A-413F-939D-5A68C82C7E6A}.Release|Win32.ActiveCfg = Release|Win32
		{479F8705-7B4A-413F-939D-5A68C82C7E6A}.Release|Win32.Build.0 = Release|Win32
		{9B913BF8-0766-462F-B982-8D5020815B34}.Debug|Win32.ActiveCfg = Debug|Win32
		{9B913BF8-0766-462F-B982-8D5020815B34}.Debug|Win32.Build.0 = Debug|Win32
		{9B913BF8-0766-462F-B982-8D5020815B34}.Release|Win32.ActiveCfg = Release|Win32
		{9B913BF8-0766-462F-B982-8D5020815B34}.Release|Win32.Build.0 = Release|Win32
		{69D091DF-26ED-4578-91BB-328FE9BAAF2D}.Debug|Win32.ActiveCfg = Debug|Win32
		{69D091DF-26ED-4578-91BB-328FE9BAAF2D}.Debug|Win32.Build.0 = Debug|Win32
		{69D091DF-26ED-4578-91BB-328FE9BAAF2D}.Release|Win32.ActiveCfg = Release|Win32
		{69D091DF-26ED-4578-91BB-328FE9BAAF2D}.Release|Win32.Build.0 = Release|Win32
		{6694823F-5439-4003-B718-84A60147E5F3}.Debug|Win32.ActiveCfg = Debug|Win32
		{6694823F-5439-4003-B718-84A60147E5F3}.Debug|Win32.Build.0 = Debug|Win32
		{6694823F-5439-4003-B718-84A60147E5F3}.Release|Win32.ActiveCfg = Release|Win32
		{6694823F-5439-4003-B718-84A60147E5F3}.Release|Win32.Build.0 = Release|Win32
		{4F184A85-5203-4DED-BFA9-0F2799F9AF12}.Debug|Win32.ActiveCfg = Debug|Win32
		{4F184A85-5203-4DED-BFA9-0F2799F9AF12}.Debug|Win32.Build.0 = Debug|Win32
		{4F184A85-5203-4DED-BFA9-0F2799F9AF12}.Release|Win32.ActiveCfg = Release|Win32
		{4F184A85-5203-4DED-BFA9-0F2799F9AF12}.Release|Win32.Build.0 = Release|Win32
		{94F9896A-E87A-47EB-B598-C1E60F16F9A7}.Debug|Win32.ActiveCfg = Debug|Win32
		{94F9896A-E87A-47EB-B598-C1E60F16F9A7}.Debug|Win32.Build.0 = Debug|Win32
		{94F9896A-E87A-47EB-B598-C1E60F16F9A7}.Release|Win32.ActiveCfg = Release|Win32
		{94F9896A-E87A-47EB-B598-C1E60F16F9A7}.Release|Win32.Build.0 = Release|Win32
		{CDC6D120-D68F-47B6-A9E7-A5A461133DFA}.Debug|Win32.ActiveCfg = Debug|Win32
		{CDC6D120-D68F-47B6-A9E7-A5A461133DFA}.Debug|Win32.Build.0 = Debug|Win32
		{CDC6D120-D68F-47B6-A9E7-A5A461133DFA}.Release|Win32.ActiveCfg = Release|Win32
		{CDC6D120-D68F-47B6-A9E7-A5A461133DFA}.Release|Win32.Build.0 = Release|Win32
		{D051583F-72E8-4F2E-A5FA-AAEED0793C86}.Debug|Win32.ActiveCfg = Debug|Win32
		{D051583F-72E8-4F2E-A5FA-AAEED0793C86}.Debug|Win32.Build.0 = Debug|Win32
		{D051583F-72E8-4F2E-A5FA-AAEED0793C86}.Release|Win32.ActiveCfg = Release|Win32
		{D051583F-72E8-4F2E-A5FA-AAEED0793C86}.Release|Win32.Build.0 = Release|Win32
		{267890F4-9F75-4F76-972B-9D621336FAB8}.Debug|Win32.ActiveCfg = Debug|Win32
		{267890F4-9F75-4F76-972B-9D621336FAB8}.Debug|Win32.Build.0 = Debug|Win32
		{267890F4-9F75-4F76-972B-9D621336FAB8}.Release|Win32.ActiveCfg = Release|Win32
		{267890F4-9F75-4F76-972B-9D621336FAB8}.Release|Win32.Build.0 = Release|Win32
		{C02C7FFC-6B3F-42AD-85A9-9E085BF0168C}.Debug|Win32.ActiveCfg = Debug|Win32
		{C02C7FFC-6B3F-42AD-85A9-9E085BF0168C}.Debug|Win32.Build.0 = Debug|Win32
		{C02C7FFC-6B3F-42AD-85A9-9E085BF0168C}.Release|Win32.ActiveCfg = Release|Win32
		{C02C7FFC-6B3F-42AD-85A9-9E085BF0168C}.Release|Win32.Build.0 = Release|Win32
		{21A0126B-82E0-45B8-94BF-2FEC0216F99F}.Debug|Win32.ActiveCfg = Debug|Win32
		{21A0126B-82E0-45B8-94BF-2FEC0216F99F}.Debug|Win32.Build.0 = Debug|Win32
		{21A0126B-82E0-45B8-94BF-2FEC0216F99F}.Release|Win32.ActiveCfg = Release|Win32
		{21A0126B-82E0-45B8-94BF-2FEC0216F99F}.Release|Win32.Build.0 = Release|Win32
		{F8AA03E3-9F5C-42BF-B105-3E89041A14F8}.Debug|Win32.ActiveCfg = Debug|Win32
		{F8AA03E3-9F5C-42BF-B105-3E89041A14F8}.Debug|Win32.Build.0 = Debug|Win32
		{F8AA03E3-9F5C-42BF-B105-3E89041A14F8}.Release|Win32.ActiveCfg = Release|Win32
		{F8AA03E3-9F5C-42BF-B105-3E89041A14F8}.Release|Win32.Build.0 = Release|Win32
		{34443CD7-11AB-4846-A502-111ECDF91619}.Debug|Win32.ActiveCfg = Debug|Win32
		{34443CD7-11AB-4846-A502-111ECDF91619}.Debug|Win32.Build.0 = Debug|Win32
		{34443CD7-11AB-4846-A502-111ECDF91619}.Release|Win32.ActiveCfg = Release|Win32
		{34443CD7-11AB-4846-A502-111ECDF91619}.Release|Win32.Build.0 = Release|Win32
		{6F8F4D0B-E744-43AB-9B26-B5CD540CC32C}.Debug|Win32.ActiveCfg = Debug|Win32
		{6F8F4D0B-E744-43AB-9B26-B5CD540CC32C}.Debug|Win32.Build.0 = Debug|Win32
		{6F8F4D0B-E744-43AB-9B26-B5CD540CC32C}.Release|Win32.ActiveCfg = Release|Win32
		{6F8F4D0B-E744-43AB-9B26-B5CD540CC32C}.Release|Win32.Build.0 = Release|Win32
		{CF7E8C5D-B306-4A9A-9029-64B7A3A19FED}.Debug|Win32.ActiveCfg = Debug|Win32
		{CF7E8C5D-B306-4A9A-9029-64B7A3A19FED}.Debug|Win32.Build.0 = Debug|Win32
		{CF7E8C5D-B306-4A9A-9029-64B7A3A19FED}.Release|Win32.ActiveCfg = Release|Win32
		{CF7E8C5D-B306-4A9A-9029-64B7A3A19FED}.Release|Win32.Build.0 = Release|Win32
		{C825A5F6-1A8E-4FFD-AEE9-D097DA14DCF3}.Debug|Win32.ActiveCfg = Debug|Win32
		{C825A5F6-1A8E-4FFD-AEE9-D097DA14DCF3}.Debug|Win32.Build.0 = Debug|Win32
		{C825A5F6-1A8E-4FFD-AEE9-D097DA14DCF3}.Release|Win32.ActiveCfg = Release|Win32
		{C825A5F6-1A8E-4FFD-AEE9-D097DA14DCF3}.Release|Win32.Build.0 = Release|Win32
		{40DA8411-A6E0-488C-83B2-00ED82B716AC}.Debug|Win32.ActiveCfg = Debug|Win32
		{40DA8411-A6E0-488C-83B2-00ED82B716AC}.Debug|Win32.Build.0 = Debug|Win32
		{40DA8411-A6E0-488C-83B2-00ED82B716AC}.Release|Win32.ActiveCfg = Release|Win32
		{40DA8411-A6E0-488C-83B2-00ED82B716AC}.Release|Win32.Build.0 = Release|Win32
		{2D94B566-3A72-46FA-9C14-A8B2FD1B8D38}.Debug|Win32.ActiveCfg = Debug|Win32
		{2D94B566-3A72-46FA-9C14-A8B2FD1B8D38}.Debug|Win32.Build.0 = Debug|Win32
		{2D94B566-3A72-46FA-9C14-A8B2FD1B8D38}.Release|Win32.ActiveCfg = Release|Win32
		{2D94B566-3A72-46FA-9C14-A8B2FD1B8D38}.Release|Win32.Build.0 = Release|Win32
		{DF3537A1-D723-4619-932D-F7A782197B6C}.Debug|Win32.ActiveCfg = Debug|Win32
		{DF3537A1-D723-4619-932D-F7A782197B6C}.Debug|Win32.Build.0 = Debug|Win32
		{DF3537A1-D723-4619-932D-F7A782197B6C}.Release|Win32.ActiveCfg = Release|Win32
		{DF3537A1-D723-4619-932D-F7A782197B6C}.Release|Win32.Build.0 = Release|Win32
		{B9129167-2A92-4544-85CC-8414EF965898}.Debug|Win32.ActiveCfg = Debug|Win32
		{B9129167-2A92-4544-85CC-8414EF965898}.Debug|Win32.Build.0 = Debug|Win32
		{B9129167-2A92-4544-85CC-8414EF965898}.Release|Win32.ActiveCfg = Release|Win32
		{B9129167-2A92-4544-85CC-8414EF965898}.Release|Win32.Build.0 = Release|Win32
		{101C3B10-07F9-43D9-93B6-00AE59FF84E0}.Debug|Win32.ActiveCfg = Debug|Win32
		{101C3B10-07F9-43D9-93B6-00AE59FF84E0}.Debug|Win32.Build.0 = Debug|Win32
		{101C3B10-07F9-43D9-93B6-00AE59FF84E0}.Release|Win32.ActiveCfg = Release|Win32
		{101C3B10-07F9-43D9-93B6-00AE59FF84E0}.Release|Win32.Build.0 = Release|Win32
		{18FCCC0C-0DD4-4DBF-99E2-78F96A358233}.Debug|Win32.ActiveCfg = Debug|Win32
		{18FCCC0C-0DD4-4DBF-99E2-78F96A358233}.Debug|Win32.Build.0 = Debug|Win32
		{18FCCC0C-0DD4-4DBF-99E2-78F96A358233}.Release|Win32.ActiveCfg = Release|Win32
		{18FCCC0C-0DD4-4DBF-99E2-78F96A358233}.Release|Win32.Build.0 = Release|Win32
		{2BF34829-27A6-4295-9CEF-858BF01BE158}.Debug|Win32.ActiveCfg = Debug|Win32
		{2BF34829-27A6-4295-9CEF-858BF01BE158}.Debug|Win32.Build.0 = Debug|Win32
		{2BF34829-27A6-4295-9CEF-858BF01BE158}.Release|Win32.ActiveCfg = Release|Win32
		{2BF34829-27A6-4295-9CEF-858BF01BE158}.Release|Win32.Build.0 = Release|Win32
		{7E5791FB-5D18-45A8-BD9E-8982CA33B925}.Debug|Win32.ActiveCfg = Debug|Win32
		{7E5791FB-5D18-45A8-BD9E-8982CA33B925}.Debug|Win32.Build.0 = Debug|Win32
		{7E5791FB-5D18-45A8-BD9E-8982CA33B925}.Release|Win32.ActiveCfg = Release|Win32
		{7E5791FB-5D18-45A8-BD9E-8982CA33B925}.Release|Win32.Build.0 = Release|Win32
		{3B22A494-7A0D-4CBA-A2A1-F70D189B3214}.Debug|Win32.ActiveCfg = Debug|Win32
		{3B22A494-7A0D-4CBA-A2A1-F70D189B3214}.Debug|Win32.Build.0 = Debug|Win32
		{3B22A494-7A0D-4CBA-A2A1-F70D189B3214}.Release|Win32.ActiveCfg = Release|Win32
		{3B22A494-7A0D-4CBA-A2A1-F70D189B3214}.Release|Win32.Build.0 = Release|Win32
		{6BFF283E-28CF-4C2C-8E26-248142B9EDFF}.Debug|Win32.ActiveCfg = Debug|Win32
		{6BFF283E-28CF-4C2C-8E26-248142B9EDFF}.Debug|Win32.Build.0 = Debug|Win32
		{6BFF283E-28CF-4C2C-8E26-248142B9EDFF}.Release|Win32.ActiveCfg = Release|Win32
		{6BFF283E-28CF-4C2C-8E26-248142B9EDFF}.Release|Win32.Build.0 = Release|Win32
		{AFFBB6C2-ED4A-446A-B562-9AB50472EB0A}.Debug|Win32.ActiveCfg = Debug|Win32
		{AFFBB6C2-ED4A-446A-B562-9AB50472EB0A}.Debug|Win32.Build.0 = Debug|Win32
		{AFFBB6C2-ED4A-446A-B562-9AB50472EB0A}.Release|Win32.ActiveCfg = Release|Win32
		{AFFBB6C2-ED4A-446A-B562-9AB50472EB0A}.Release|Win32.Build.0 = Release|Win32
		{8C7CCC84-ABF6-462F-A095-12443829D133}.Debug|Win32.ActiveCfg = Debug|Win32
		{8C7CCC84-ABF6-462F-A095-12443829D133}.Debug|Win32.Build.0 = Debug|Win32
		{8C7CCC84-ABF6-462F-A095-12443829D133}.Release|Win32.ActiveCfg = Release|Win32
		{8C7CCC84-ABF6-462F-A095-12443829D133}.Release|Win32.Build.0 = Release|Win32
		{C51CA8CF-CAF8-4013-859D-CB7E2266B6B6}.Debug|Win32.ActiveCfg = Debug|Win32
		{C51CA8CF-CAF8-4013-859D-CB7E2266B6B6}.Debug|Win32.Build.0 = Debug|Win32
		{C51CA8CF-CAF8-4013-859D-CB7E2266B6B6}.Release|Win32.ActiveCfg = Release|Win32
		{C51CA8CF-CAF8-4013-859D-CB7E2266B6B6}.Release|Win32.Build.0 = Release|Win32
		{72A6BBFE-D06E-4F04-93EC-D9A8E520C191}.Debug|Win32.ActiveCfg = Debug|Win32
		{72A6BBFE-D06E-4F04-93EC-D9A8E520C191}.Debug|Win32.Build.0 = Debug|Win32
		{72A6BBFE-D06E-4F04-93EC-D9A8E520C191}.Release|Win32.ActiveCfg = Release|Win32
		{72A6BBFE-D06E-4F04-93EC-D9A8E520C191}.Release|Win32.Build.0 = Release|Win32
		{352A25BF-FD02-4EB9-B285-1195029D8465}.Debug|Win32.ActiveCfg = Debug|Win32
		{352A25BF-FD02-4EB9-B285-1195029D8465}.Debug|Win32.Build.0 = Debug|Win32
		{352A25BF-FD02-4EB9-B285-1195029D8465}.Release|Win32.ActiveCfg = Release|Win32
		{352A25BF-FD02-4EB9-B285-1195029D8465}.Release|Win32.Build.0 = Release|Win32
		{9190852B-353A-4F23-89A8-9632F9C81F8D}.Debug|Win32.ActiveCfg = Debug|Win32
		{9190852B-353A-4F23-89A8-9632F9C81F8D}.Debug|Win32.Build.0 = Debug|Win32
		{9190852B-353A-4F23-89A8-9632F9C81F8D}.Release|Win32.ActiveCfg = Release|Win32
		{9190852B-353A-4F23-89A8-9632F9C81F8D}.Release|Win32.Build.0 = Release|Win32
		{F107E88C-97BB-4276-AB01-BE69DF7765C7}.Debug|Win32.ActiveCfg = Debug|Win32
		{F107E88C-97BB-4276-AB01-BE69DF7765C7}.Debug|Win32.Build.0 = Debug|Win32
		{F107E88C-97BB-4276-AB01-BE69DF7765C7}.Release|Win32.ActiveCfg = Release|Win32
		{F107E88C-97BB-4276-AB01-BE69DF7765C7}.Release|Win32.Build.0 = Release|Win32
		{321D37FA-0B11-403F-90C6-2C9F8F95F8CC}.Debug|Win32.ActiveCfg = Debug|Win32
		{321D37FA-0B11-403F-90C6-2C9F8F95F8CC}.Debug|Win32.Build.0 = Debug|Win32
		{321D37FA-0B11-403F-90C6-2C9F8F95F8CC}.Release|Win32.ActiveCfg = Release|Win32
		{321D37FA-0B11-403F-90C6-2C9F8F95F8CC}.Release|Win32.Build.0 = Release|Win32
		{9A9C1E7C-E429-4E05-B187-994DECDB884B}.Debug|Win32.ActiveCfg = Debug|Win32
		{9A9C1E7C-E429-4E05-B187-994DECDB884B}.Debug|Win32.Build.0 = Debug|Win32
		{9A9C1E7C-E429-4E05-B187-994DECDB884B}.Release|Win32.ActiveCfg = Release|Win32
		{9A9C1E7C-E429-4E05-B187-994DECDB884B}.Release|Win32.Build.0 = Release|Win32
		{0DCA5F0D-B6FB-44E8-9AA4-0806C870D386}.Debug|Win32.ActiveCfg = Debug|Win32
		{0DCA5F0D-B6FB-44E8-9AA4-0806C870D386}.Debug|Win32.Build.0 = Debug|Win32
		{0DCA5F0D-B6FB-44E8-9AA4-0806C870D386}.Release|Win32.ActiveCfg = Release|Win32
		{0DCA5F0D-B6FB-44E8-9AA4-0806C870D386}.Release|Win32.Build.0 = Release|Win32
	EndGlobalSection
	GlobalSection(SolutionProperties) = preSolution
		HideSolutionNode = FALSE
	EndGlobalSection
EndGlobal
