
Microsoft Visual Studio Solution File, Format Version 11.00
# Visual C++ Express 2010
Project("{8BC9CEB8-8B4A-11D0-8D11-00A0C91BC942}") = "01.16", "01.16\01.16.vcxproj", "{5D2C546F-8544-475E-8060-44A929F48A65}"
EndProject
Project("{8BC9CEB8-8B4A-11D0-8D11-00A0C91BC942}") = "01.17", "01.17\01.17.vcxproj", "{D604D310-9601-49FB-ABEE-48D81E6A2724}"
EndProject
Project("{8BC9CEB8-8B4A-11D0-8D11-00A0C91BC942}") = "01.19", "01.19\01.19.vcxproj", "{F30CB20D-C44F-45FF-AA39-D459E6EB16B9}"
EndProject
Project("{8BC9CEB8-8B4A-11D0-8D11-00A0C91BC942}") = "01.20", "01.20\01.20.vcxproj", "{A6883C77-6D02-44B1-B492-965B019E15C2}"
EndProject
Project("{8BC9CEB8-8B4A-11D0-8D11-00A0C91BC942}") = "02.10", "02.10\02.10.vcxproj", "{00719F0C-F124-42BE-9297-711FF153A064}"
EndProject
Project("{8BC9CEB8-8B4A-11D0-8D11-00A0C91BC942}") = "02.11", "02.11\02.11.vcxproj", "{52058BF7-48EF-4058-A47D-C358600A3D43}"
EndProject
Project("{8BC9CEB8-8B4A-11D0-8D11-00A0C91BC942}") = "02.12", "02.12\02.12.vcxproj", "{BB137EB3-5250-427B-95D7-0D26A73234C7}"
EndProject
Project("{8BC9CEB8-8B4A-11D0-8D11-00A0C91BC942}") = "02.13", "02.13\02.13.vcxproj", "{F9D880FE-6305-4B6A-AF56-0BE0C976D006}"
EndProject
Project("{8BC9CEB8-8B4A-11D0-8D11-00A0C91BC942}") = "02.14", "02.14\02.14.vcxproj", "{AA43C2F9-4ADF-41F2-89ED-47843643C4A3}"
EndProject
Project("{8BC9CEB8-8B4A-11D0-8D11-00A0C91BC942}") = "02.15", "02.15\02.15.vcxproj", "{D14B8DD0-5CF1-4D80-8B2E-71E53670E7DA}"
EndProject
Project("{8BC9CEB8-8B4A-11D0-8D11-00A0C91BC942}") = "02.16-02.18", "02.16-02.18\02.16-02.18.vcxproj", "{F3E461F8-2545-4922-AF95-C0FAC35EDF8D}"
EndProject
Project("{8BC9CEB8-8B4A-11D0-8D11-00A0C91BC942}") = "02.19-02.20", "02.19-02.20\02.19-02.20.vcxproj", "{A0DE4DB7-5E42-412A-896E-8CD17902142C}"
EndProject
Project("{8BC9CEB8-8B4A-11D0-8D11-00A0C91BC942}") = "02.21", "02.21\02.21.vcxproj", "{2DC8B8E0-D90F-40F6-B0F0-D951DDCA408E}"
EndProject
Project("{8BC9CEB8-8B4A-11D0-8D11-00A0C91BC942}") = "02.22", "02.22\02.22.vcxproj", "{479F8705-7B4A-413F-939D-5A68C82C7E6A}"
EndProject
Project("{8BC9CEB8-8B4A-11D0-8D11-00A0C91BC942}") = "02.23", "02.23\02.23.vcxproj", "{9B913BF8-0766-462F-B982-8D5020815B34}"
EndProject
Project("{8BC9CEB8-8B4A-11D0-8D11-00A0C91BC942}") = "02.24", "02.24\02.24.vcxproj", "{69D091DF-26ED-4578-91BB-328FE9BAAF2D}"
EndProject
Project("{8BC9CEB8-8B4A-11D0-8D11-00A0C91BC942}") = "02.25", "02.25\02.25.vcxproj", "{6694823F-5439-4003-B718-84A60147E5F3}"
EndProject
Project("{8BC9CEB8-8B4A-11D0-8D11-00A0C91BC942}") = "02.26", "02.26\02.26.vcxproj", "{4F184A85-5203-4DED-BFA9-0F2799F9AF12}"
EndProject
Project("{8BC9CEB8-8B4A-11D0-8D11-00A0C91BC942}") = "02.27", "02.27\02.27.vcxproj", "{94F9896A-E87A-47EB-B598-C1E60F16F9A7}"
EndProject
Project("{8BC9CEB8-8B4A-11D0-8D11-00A0C91BC942}") = "02.28", "02.28\02.28.vcxproj", "{CDC6D120-D68F-47B6-A9E7-A5A461133DFA}"
EndProject
Project("{8BC9CEB8-8B4A-11D0-8D11-00A0C91BC942}") = "02.29", "02.29\02.29.vcxproj", "{D051583F-72E8-4F2E-A5FA-AAEED0793C86}"
EndProject
Project("{8BC9CEB8-8B4A-11D0-8D11-00A0C91BC942}") = "02.30", "02.30\02.30.vcxproj", "{267890F4-9F75-4F76-972B-9D621336FAB8}"
EndProject
Project("{8BC9CEB8-8B4A-11D0-8D11-00A0C91BC942}") = "02.31", "02.31\02.31.vcxproj", "{C02C7FFC-6B3F-42AD-85A9-9E085BF0168C}"
EndProject
Project("{8BC9CEB8-8B4A-11D0-8D11-00A0C91BC942}") = "02.32", "02.32\02.32.vcxproj", "{21A0126B-82E0-45B8-94BF-2FEC0216F99F}"
EndProject
Project("{8BC9CEB8-8B4A-11D0-8D11-00A0C91BC942}") = "02.33", "02.33\02.33.vcxproj", "{F8AA03E3-9F5C-42BF-B105-3E89041A14F8}"
EndProject
Project("{8BC9CEB8-8B4A-11D0-8D11-00A0C91BC942}") = "02.34-02.36", "02.34-02.36\02.34-02.36.vcxproj", "{34443CD7-11AB-4846-A502-111ECDF91619}"
EndProject
Project("{8BC9CEB8-8B4A-11D0-8D11-00A0C91BC942}") = "02.37", "02.37\02.37.vcxproj", "{6F8F4D0B-E744-43AB-9B26-B5CD540CC32C}"
EndProject
Project("{8BC9CEB8-8B4A-11D0-8D11-00A0C91BC942}") = "02.38", "02.38\02.38.vcxproj", "{CF7E8C5D-B306-4A9A-9029-64B7A3A19FED}"
EndProject
Project("{8BC9CEB8-8B4A-11D0-8D11-00A0C91BC942}") = "02.39-02.40", "02.39-02.40\02.39-02.40.vcxproj", "{C825A5F6-1A8E-4FFD-AEE9-D097DA14DCF3}"
EndProject
Project("{8BC9CEB8-8B4A-11D0-8D11-00A0C91BC942}") = "02.41-02.42", "02.41-02.42\02.41-02.42.vcxproj", "{40DA8411-A6E0-488C-83B2-00ED82B716AC}"
EndProject
Project("{8BC9CEB8-8B4A-11D0-8D11-00A0C91BC942}") = "03.15", "03.15\03.15.vcxproj", "{2D94B566-3A72-46FA-9C14-A8B2FD1B8D38}"
EndProject
Project("{8BC9CEB8-8B4A-11D0-8D11-00A0C91BC942}") = "03.16", "03.16\03.16.vcxproj", "{DF3537A1-D723-4619-932D-F7A782197B6C}"
EndProject
Project("{8BC9CEB8-8B4A-11D0-8D11-00A0C91BC942}") = "03.17", "03.17\03.17.vcxproj", "{B9129167-2A92-4544-85CC-8414EF965898}"
EndProject
Project("{8BC9CEB8-8B4A-11D0-8D11-00A0C91BC942}") = "03.18", "03.18\03.18.vcxproj", "{101C3B10-07F9-43D9-93B6-00AE59FF84E0}"
EndProject
Project("{8BC9CEB8-8B4A-11D0-8D11-00A0C91BC942}") = "03.19", "03.19\03.19.vcxproj", "{18FCCC0C-0DD4-4DBF-99E2-78F96A358233}"
EndProject
Project("{8BC9CEB8-8B4A-11D0-8D11-00A0C91BC942}") = "03.20", "03.20\03.20.vcxproj", "{2BF34829-27A6-4295-9CEF-858BF01BE158}"
EndProject
Project("{8BC9CEB8-8B4A-11D0-8D11-00A0C91BC942}") = "03.21", "03.21\03.21.vcxproj", "{7E5791FB-5D18-45A8-BD9E-8982CA33B925}"
EndProject
Project("{8BC9CEB8-8B4A-11D0-8D11-00A0C91BC942}") = "03.22", "03.22\03.22.vcxproj", "{3B22A494-7A0D-4CBA-A2A1-F70D189B3214}"
EndProject
Project("{8BC9CEB8-8B4A-11D0-8D11-00A0C91BC942}") = "03.23", "03.23\03.23.vcxproj", "{6BFF283E-28CF-4C2C-8E26-248142B9EDFF}"
EndProject
Project("{8BC9CEB8-8B4A-11D0-8D11-00A0C91BC942}") = "03.24", "03.24\03.24.vcxproj", "{AFFBB6C2-ED4A-446A-B562-9AB50472EB0A}"
EndProject
Project("{8BC9CEB8-8B4A-11D0-8D11-00A0C91BC942}") = "03.25", "03.25\03.25.vcxproj", "{8C7CCC84-ABF6-462F-A095-12443829D133}"
EndProject
Project("{8BC9CEB8-8B4A-11D0-8D11-00A0C91BC942}") = "03.26", "03.26\03.26.vcxproj", "{C51CA8CF-CAF8-4013-859D-CB7E2266B6B6}"
EndProject
Project("{8BC9CEB8-8B4A-11D0-8D11-00A0C91BC942}") = "03.27", "03.27\03.27.vcxproj", "{72A6BBFE-D06E-4F04-93EC-D9A8E520C191}"
EndProject
Project("{8BC9CEB8-8B4A-11D0-8D11-00A0C91BC942}") = "03.28", "03.28\03.28.vcxproj", "{352A25BF-FD02-4EB9-B285-1195029D8465}"
EndProject
Project("{8BC9CEB8-8B4A-11D0-8D11-00A0C91BC942}") = "03.29", "03.29\03.29.vcxproj", "{9190852B-353A-4F23-89A8-9632F9C81F8D}"
EndProject
Project("{8BC9CEB8-8B4A-11D0-8D11-00A0C91BC942}") = "03.30+03.32", "03.30+03.32\03.30+03.32.vcxproj", "{F107E88C-97BB-4276-AB01-BE69DF7765C7}"
EndProject
Project("{8BC9CEB8-8B4A-11D0-8D11-00A0C91BC942}") = "03.31", "03.31\03.31.vcxproj", "{321D37FA-0B11-403F-90C6-2C9F8F95F8CC}"
EndProject
Project("{8BC9CEB8-8B4A-11D0-8D11-00A0C91BC942}") = "03.33", "03.33\03.33.vcxproj", "{9A9C1E7C-E429-4E05-B187-994DECDB884B}"
EndProject
Project("{8BC9CEB8-8B4A-11D0-8D11-00A0C91BC942}") = "03.34", "03.34\03.34.vcxproj", "{0DCA5F0D-B6FB-44E8-9AA4-0806C870D386}"
EndProject
Project("{8BC9CEB8-8B4A-11D0-8D11-00A0C91BC942}") = "04.10", "04.10\04.10.vcxproj", "{84E5A31E-0EC6-4747-8B3D-BAFF28320A58}"
EndProject
Project("{8BC9CEB8-8B4A-11D0-8D11-00A0C91BC942}") = "04.11", "04.11\04.11.vcxproj", "{403165BF-098D-4F09-87F3-9B2599D663A5}"
EndProject
Project("{8BC9CEB8-8B4A-11D0-8D11-00A0C91BC942}") = "04.12", "04.12\04.12.vcxproj", "{4E3B30A1-A3C8-47B9-B2EA-0831F3F9C852}"
EndProject
Project("{8BC9CEB8-8B4A-11D0-8D11-00A0C91BC942}") = "04.13", "04.13\04.13.vcxproj", "{63E38EBF-7C63-4D2F-BBFD-A39D28CA3C50}"
EndProject
Project("{8BC9CEB8-8B4A-11D0-8D11-00A0C91BC942}") = "04.14", "04.14\04.14.vcxproj", "{C6EBA21E-2309-4331-92D3-8644F769F2FC}"
EndProject
Project("{8BC9CEB8-8B4A-11D0-8D11-00A0C91BC942}") = "04.15-04.17", "04.15-04.17\04.15-04.17.vcxproj", "{DA014C3E-5124-41C7-B53F-53AE0B96AE99}"
EndProject
Project("{8BC9CEB8-8B4A-11D0-8D11-00A0C91BC942}") = "04.18", "04.18\04.18.vcxproj", "{19006CCD-C88C-44C5-9812-6F4276CDA60B}"
EndProject
Project("{8BC9CEB8-8B4A-11D0-8D11-00A0C91BC942}") = "04.19", "04.19\04.19.vcxproj", "{294751C9-0DB7-400C-8603-E1C194170B6C}"
EndProject
Project("{8BC9CEB8-8B4A-11D0-8D11-00A0C91BC942}") = "04.20", "04.20\04.20.vcxproj", "{96C98B39-7FA9-434A-BAB4-DCA6EBD5E0BA}"
EndProject
Project("{8BC9CEB8-8B4A-11D0-8D11-00A0C91BC942}") = "04.21", "04.21\04.21.vcxproj", "{6D3C3AC9-1F42-4212-A16F-AB6A20ED95EF}"
EndProject
Project("{8BC9CEB8-8B4A-11D0-8D11-00A0C91BC942}") = "04.22", "04.22\04.22.vcxproj", "{A8758334-BC63-451B-8CA2-AA69E86B4BAC}"
EndProject
Project("{8BC9CEB8-8B4A-11D0-8D11-00A0C91BC942}") = "04.23", "04.23\04.23.vcxproj", "{7AF60383-012E-4F71-98BF-8A0EA94A798D}"
EndProject
Project("{8BC9CEB8-8B4A-11D0-8D11-00A0C91BC942}") = "04.24-04.26", "04.24-04.26\04.24-04.26.vcxproj", "{2F368B7A-8594-45B4-A5EC-91D79E72F614}"
EndProject
Project("{8BC9CEB8-8B4A-11D0-8D11-00A0C91BC942}") = "04.27", "04.27\04.27.vcxproj", "{00CECE39-4250-4727-B210-4B306167F129}"
EndProject
Project("{8BC9CEB8-8B4A-11D0-8D11-00A0C91BC942}") = "04.28-04.29", "04.28-04.29\04.28-04.29.vcxproj", "{785893C0-9DEF-49B4-9A5F-9A6B784A089E}"
EndProject
Project("{8BC9CEB8-8B4A-11D0-8D11-00A0C91BC942}") = "04.30", "04.30\04.30.vcxproj", "{9374E1C4-6DD6-4BB8-9DC0-5CA8E86FEA10}"
EndProject
Project("{8BC9CEB8-8B4A-11D0-8D11-00A0C91BC942}") = "04.31", "04.31\04.31.vcxproj", "{2FB26990-0C5E-47FB-9D0F-E3A202D2A47F}"
EndProject
Project("{8BC9CEB8-8B4A-11D0-8D11-00A0C91BC942}") = "05.17", "05.17\05.17.vcxproj", "{AD70051F-9782-4A15-A23D-76E1E8A6CC68}"
EndProject
Project("{8BC9CEB8-8B4A-11D0-8D11-00A0C91BC942}") = "05.18", "05.18\05.18.vcxproj", "{DEAB729F-1809-4FAC-93DC-9E42774A3BFA}"
EndProject
Project("{8BC9CEB8-8B4A-11D0-8D11-00A0C91BC942}") = "05.19", "05.19\05.19.vcxproj", "{0E1F3F75-49AB-4167-83E2-C118DB269292}"
EndProject
Project("{8BC9CEB8-8B4A-11D0-8D11-00A0C91BC942}") = "05.20", "05.20\05.20.vcxproj", "{685BE3FF-10F8-417E-9601-7CDE7AEFAC0B}"
EndProject
Project("{8BC9CEB8-8B4A-11D0-8D11-00A0C91BC942}") = "05.21", "05.21\05.21.vcxproj", "{2E30EE16-A652-4316-8FBC-6245559F35E3}"
EndProject
Project("{8BC9CEB8-8B4A-11D0-8D11-00A0C91BC942}") = "05.22", "05.22\05.22.vcxproj", "{AF31443B-830F-4A4C-A72D-40FC9ACE5654}"
EndProject
Project("{8BC9CEB8-8B4A-11D0-8D11-00A0C91BC942}") = "05.23", "05.23\05.23.vcxproj", "{D342BB95-DAA3-4C66-889A-9DC49DA213B0}"
EndProject
Project("{8BC9CEB8-8B4A-11D0-8D11-00A0C91BC942}") = "05.24", "05.24\05.24.vcxproj", "{7B1D365B-1574-45A1-AECD-1E16A521398B}"
EndProject
Project("{8BC9CEB8-8B4A-11D0-8D11-00A0C91BC942}") = "05.25", "05.25\05.25.vcxproj", "{0E85120D-878D-4F74-9D6E-2BC465659A38}"
EndProject
Project("{8BC9CEB8-8B4A-11D0-8D11-00A0C91BC942}") = "05.26", "05.26\05.26.vcxproj", "{A124BA87-11B9-4329-8572-F4D3EAE759E8}"
EndProject
Project("{8BC9CEB8-8B4A-11D0-8D11-00A0C91BC942}") = "05.27", "05.27\05.27.vcxproj", "{EF60CDEA-A37D-4A91-ABB9-95D41D970927}"
EndProject
Project("{8BC9CEB8-8B4A-11D0-8D11-00A0C91BC942}") = "05.28-05.29", "05.28-05.29\05.28-05.29.vcxproj", "{1E4BBDA3-6E21-433D-95B3-CCBB7A450A34}"
EndProject
Project("{8BC9CEB8-8B4A-11D0-8D11-00A0C91BC942}") = "05.30.1", "05.30.1\05.30.1.vcxproj", "{404AA05D-2412-4645-9E2C-280BFC6284FD}"
EndProject
Project("{8BC9CEB8-8B4A-11D0-8D11-00A0C91BC942}") = "05.30.2", "05.30.2\05.30.2.vcxproj", "{986E6EF4-6118-4504-9667-3B86BC71D7CC}"
EndProject
Project("{8BC9CEB8-8B4A-11D0-8D11-00A0C91BC942}") = "05.31", "05.31\05.31.vcxproj", "{F63981E9-26D4-4EF9-82F5-1482260619CF}"
EndProject
Project("{8BC9CEB8-8B4A-11D0-8D11-00A0C91BC942}") = "05.32.1", "05.32.1\05.32.1.vcxproj", "{CF15AF01-BA4A-45D2-89DC-98FF7B722AB0}"
EndProject
Project("{8BC9CEB8-8B4A-11D0-8D11-00A0C91BC942}") = "05.32.2", "05.32.2\05.32.2.vcxproj", "{2C7DDD17-6590-4684-826B-AEC0A0E4221A}"
EndProject
Project("{8BC9CEB8-8B4A-11D0-8D11-00A0C91BC942}") = "05.33.1", "05.33.1\05.33.1.vcxproj", "{4862063F-4D32-4C02-AF63-35381605EDFE}"
EndProject
Project("{8BC9CEB8-8B4A-11D0-8D11-00A0C91BC942}") = "05.33.2", "05.33.2\05.33.2.vcxproj", "{D7EEED63-8BE4-4754-9657-D2276236E34A}"
EndProject
Project("{8BC9CEB8-8B4A-11D0-8D11-00A0C91BC942}") = "05.34.1", "05.34.1\05.34.1.vcxproj", "{0E9C5F8C-656A-4535-A61F-53E62C8F005A}"
EndProject
Project("{8BC9CEB8-8B4A-11D0-8D11-00A0C91BC942}") = "05.34.2", "05.34.2\05.34.2.vcxproj", "{D367E1DB-CCB7-4911-8805-1C25A41543FD}"
EndProject
Project("{8BC9CEB8-8B4A-11D0-8D11-00A0C91BC942}") = "05.35-05.36", "05.35-05.36\05.35-05.36.vcxproj", "{5F387672-C799-4368-9203-BA5CBAB5387D}"
EndProject
Project("{8BC9CEB8-8B4A-11D0-8D11-00A0C91BC942}") = "05.37.1", "05.37.1\05.37.1.vcxproj", "{C034ACF3-B096-4A56-975A-A8497FC86E14}"
EndProject
Project("{8BC9CEB8-8B4A-11D0-8D11-00A0C91BC942}") = "05.37.2", "05.37.2\05.37.2.vcxproj", "{960F0527-2A12-49C5-B79C-21EBF9528B6C}"
EndProject
Project("{8BC9CEB8-8B4A-11D0-8D11-00A0C91BC942}") = "05.38.1", "05.38.1\05.38.1.vcxproj", "{679BE61B-60DE-4BC3-B8B0-B414175A376C}"
EndProject
Project("{8BC9CEB8-8B4A-11D0-8D11-00A0C91BC942}") = "05.38.2", "05.38.2\05.38.2.vcxproj", "{564E9CB9-3C86-4823-98A5-777D1B0A3104}"
EndProject
Project("{8BC9CEB8-8B4A-11D0-8D11-00A0C91BC942}") = "06.68", "06.68\06.68.vcxproj", "{43563BA8-24D9-4C8F-BA79-679816FE8783}"
EndProject
Project("{8BC9CEB8-8B4A-11D0-8D11-00A0C91BC942}") = "06.56-06.58", "06.56-06.58\06.56-06.58.vcxproj", "{8DEA25B2-B54A-4BDE-A572-20FB86BCD046}"
EndProject
Project("{8BC9CEB8-8B4A-11D0-8D11-00A0C91BC942}") = "06.33-06.34", "06.33-06.34\06.33-06.34.vcxproj", "{E2A9BA52-345F-4538-9291-68F3FC7617F5}"
EndProject
Project("{8BC9CEB8-8B4A-11D0-8D11-00A0C91BC942}") = "06.35", "06.35\06.35.vcxproj", "{643D5705-B868-4A77-8E6A-17BEFD90F6C8}"
EndProject
Project("{8BC9CEB8-8B4A-11D0-8D11-00A0C91BC942}") = "06.36", "06.36\06.36.vcxproj", "{07804D85-D6E3-4A9C-B600-48DD65807835}"
EndProject
Project("{8BC9CEB8-8B4A-11D0-8D11-00A0C91BC942}") = "06.37-06.38", "06.37-06.38\06.37-06.38.vcxproj", "{D9DAFB4C-B792-40D8-913E-A5FB1304A383}"
EndProject
Project("{8BC9CEB8-8B4A-11D0-8D11-00A0C91BC942}") = "06.39", "06.39\06.39.vcxproj", "{73823E0A-5C7D-4785-B42D-7F10221D5698}"
EndProject
Project("{8BC9CEB8-8B4A-11D0-8D11-00A0C91BC942}") = "06.40", "06.40\06.40.vcxproj", "{DB178717-F4B4-40C7-AD1A-CEDFB66D6313}"
EndProject
Project("{8BC9CEB8-8B4A-11D0-8D11-00A0C91BC942}") = "06.41-06.49", "06.41-06.49\06.41-06.49.vcxproj", "{8D15F734-D022-4049-B6B2-B8CDE3845D00}"
EndProject
Project("{8BC9CEB8-8B4A-11D0-8D11-00A0C91BC942}") = "06.50", "06.50\06.50.vcxproj", "{CEBDCC1E-C3FE-4E9A-B830-D3B43268C645}"
EndProject
Project("{8BC9CEB8-8B4A-11D0-8D11-00A0C91BC942}") = "06.51", "06.51\06.51.vcxproj", "{28F75E62-9AE5-49E2-BA2E-A5CD592505AF}"
EndProject
Project("{8BC9CEB8-8B4A-11D0-8D11-00A0C91BC942}") = "06.52", "06.52\06.52.vcxproj", "{C01BDD71-C820-4EF9-A153-C92CF6A252C3}"
EndProject
Project("{8BC9CEB8-8B4A-11D0-8D11-00A0C91BC942}") = "06.53", "06.53\06.53.vcxproj", "{FA895CBA-DCA0-4539-B4CE-4E9D79195282}"
EndProject
Project("{8BC9CEB8-8B4A-11D0-8D11-00A0C91BC942}") = "06.54", "06.54\06.54.vcxproj", "{4A4F7F91-A802-4881-9459-94AAEB825CAF}"
EndProject
Project("{8BC9CEB8-8B4A-11D0-8D11-00A0C91BC942}") = "06.55", "06.55\06.55.vcxproj", "{677775A1-798C-4F33-A703-546AFC56875C}"
EndProject
Project("{8BC9CEB8-8B4A-11D0-8D11-00A0C91BC942}") = "06.59-06.62", "06.59-06.62\06.59-06.62.vcxproj", "{FA787FE3-301A-41E0-B5CE-C7E30C30A718}"
EndProject
Project("{8BC9CEB8-8B4A-11D0-8D11-00A0C91BC942}") = "06.63", "06.63\06.63.vcxproj", "{E0214AC8-3D49-4540-9D41-B9FAF1C7504E}"
EndProject
Project("{8BC9CEB8-8B4A-11D0-8D11-00A0C91BC942}") = "06.64", "06.64\06.64.vcxproj", "{3A17210B-9672-442C-BC4C-235740FEFFC0}"
EndProject
Project("{8BC9CEB8-8B4A-11D0-8D11-00A0C91BC942}") = "06.65", "06.65\06.65.vcxproj", "{72640607-3DA1-4DA7-A377-75D9B0891E56}"
EndProject
Project("{8BC9CEB8-8B4A-11D0-8D11-00A0C91BC942}") = "06.66", "06.66\06.66.vcxproj", "{3899C603-022F-4A7C-869E-76975D077D5C}"
EndProject
Project("{8BC9CEB8-8B4A-11D0-8D11-00A0C91BC942}") = "06.67", "06.67\06.67.vcxproj", "{FD67F164-0E8B-47CA-BA37-BCD17525D7DF}"
EndProject
Project("{8BC9CEB8-8B4A-11D0-8D11-00A0C91BC942}") = "06.69", "06.69\06.69.vcxproj", "{0BB8D011-2CEC-493C-8F5E-A1E63A375E69}"
EndProject
Project("{8BC9CEB8-8B4A-11D0-8D11-00A0C91BC942}") = "06.70", "06.70\06.70.vcxproj", "{AF8102AC-E00C-4E7A-8313-3CA1241B14D7}"
EndProject
Project("{8BC9CEB8-8B4A-11D0-8D11-00A0C91BC942}") = "06.71", "06.71\06.71.vcxproj", "{45D83A8A-850B-4488-A0D7-E708A39EF9F4}"
EndProject
Project("{8BC9CEB8-8B4A-11D0-8D11-00A0C91BC942}") = "06.72", "06.72\06.72.vcxproj", "{03935CAC-6FCE-4064-8595-5A5A7826D44D}"
EndProject
Project("{8BC9CEB8-8B4A-11D0-8D11-00A0C91BC942}") = "06.73-06.74", "06.73-06.74\06.73-06.74.vcxproj", "{44A70A66-D0E4-4734-8005-ECDD0CF65C20}"
EndProject
Project("{8BC9CEB8-8B4A-11D0-8D11-00A0C91BC942}") = "06.75-06.76", "06.75-06.76\06.75-06.76.vcxproj", "{70DFF7ED-7543-4F3A-BE38-FCC77CD6D1E5}"
EndProject
Project("{8BC9CEB8-8B4A-11D0-8D11-00A0C91BC942}") = "07.14+07.16", "07.14+07.16\07.14+07.16.vcxproj", "{B272A428-EFD7-4970-BBE1-A5F31E0C8911}"
EndProject
Project("{8BC9CEB8-8B4A-11D0-8D11-00A0C91BC942}") = "07.15", "07.15\07.15.vcxproj", "{F2C7C449-A4B9-46D2-ACB6-D5A1C52F7814}"
EndProject
Project("{8BC9CEB8-8B4A-11D0-8D11-00A0C91BC942}") = "07.17", "07.17\07.17.vcxproj", "{D1637FE7-8B48-4B0B-81A2-66984FE46CA4}"
EndProject
Project("{8BC9CEB8-8B4A-11D0-8D11-00A0C91BC942}") = "07.18-07.19", "07.18-07.19\07.18-07.19.vcxproj", "{3FF8A41C-0672-4B72-8677-E8F0438B848F}"
EndProject
Project("{8BC9CEB8-8B4A-11D0-8D11-00A0C91BC942}") = "07.20", "07.20\07.20.vcxproj", "{6B15728F-E00B-46B5-8961-E407695ABF7C}"
EndProject
Project("{8BC9CEB8-8B4A-11D0-8D11-00A0C91BC942}") = "07.21", "07.21\07.21.vcxproj", "{F65B5E57-8A19-4D71-BCB7-C80BC575A47D}"
EndProject
Project("{8BC9CEB8-8B4A-11D0-8D11-00A0C91BC942}") = "07.22-07.23", "07.22-07.23\07.22-07.23.vcxproj", "{B144CAC0-81E4-4F92-9E6D-252CC12F3FD4}"
EndProject
Project("{8BC9CEB8-8B4A-11D0-8D11-00A0C91BC942}") = "07.24", "07.24\07.24.vcxproj", "{D2C4BE28-73F2-49EE-B61C-3668CE1D790D}"
EndProject
Project("{8BC9CEB8-8B4A-11D0-8D11-00A0C91BC942}") = "07.25", "07.25\07.25.vcxproj", "{299C3272-DB66-4B45-9444-7BFFE0B67E0E}"
EndProject
Project("{8BC9CEB8-8B4A-11D0-8D11-00A0C91BC942}") = "07.26", "07.26\07.26.vcxproj", "{CFBDCCF8-D245-46A4-9840-485429938441}"
EndProject
Project("{8BC9CEB8-8B4A-11D0-8D11-00A0C91BC942}") = "07.27", "07.27\07.27.vcxproj", "{1C7805E6-3FDA-414E-89AD-081A1F15898A}"
EndProject
Project("{8BC9CEB8-8B4A-11D0-8D11-00A0C91BC942}") = "07.28", "07.28\07.28.vcxproj", "{924160F4-B4AF-44AF-B599-09F1713B1270}"
EndProject
Project("{8BC9CEB8-8B4A-11D0-8D11-00A0C91BC942}") = "07.29", "07.29\07.29.vcxproj", "{1053D204-9B69-40BF-92CC-860752E200D0}"
EndProject
Project("{8BC9CEB8-8B4A-11D0-8D11-00A0C91BC942}") = "07.30", "07.30\07.30.vcxproj", "{4C169B2E-6DE8-4BFA-AAE1-45F64C042136}"
EndProject
Project("{8BC9CEB8-8B4A-11D0-8D11-00A0C91BC942}") = "07.31", "07.31\07.31.vcxproj", "{13AD1B48-1644-461F-9C16-B64FE5B12D79}"
EndProject
Project("{8BC9CEB8-8B4A-11D0-8D11-00A0C91BC942}") = "07.32", "07.32\07.32.vcxproj", "{529A9C3D-E429-4128-911B-3D68F7FC0FDB}"
EndProject
Project("{8BC9CEB8-8B4A-11D0-8D11-00A0C91BC942}") = "07.33", "07.33\07.33.vcxproj", "{82288C1F-279B-4FE6-AC8A-18B4FDAB7BE1}"
EndProject
Project("{8BC9CEB8-8B4A-11D0-8D11-00A0C91BC942}") = "07.34", "07.34\07.34.vcxproj", "{B09BB515-33BE-468C-8290-81FC322805E0}"
EndProject
Project("{8BC9CEB8-8B4A-11D0-8D11-00A0C91BC942}") = "07.35", "07.35\07.35.vcxproj", "{A1E2C405-8E90-4B6D-AC8F-FF259A7629AC}"
EndProject
Project("{8BC9CEB8-8B4A-11D0-8D11-00A0C91BC942}") = "07.36-07.37", "07.36-07.37\07.36-07.37.vcxproj", "{707A6B90-9FB4-4CF4-9ACA-6222CFA18D9A}"
EndProject
Project("{8BC9CEB8-8B4A-11D0-8D11-00A0C91BC942}") = "07.38", "07.38\07.38.vcxproj", "{D5D2D36F-358D-43FA-B296-7192867B7224}"
EndProject
Project("{8BC9CEB8-8B4A-11D0-8D11-00A0C91BC942}") = "07.39", "07.39\07.39.vcxproj", "{82014D93-91CF-49B8-A063-648FF219A996}"
EndProject
Project("{8BC9CEB8-8B4A-11D0-8D11-00A0C91BC942}") = "07.40", "07.40\07.40.vcxproj", "{C3FC2734-BCD5-403A-BE50-7C874F93BDB3}"
EndProject
Project("{8BC9CEB8-8B4A-11D0-8D11-00A0C91BC942}") = "07.41", "07.41\07.41.vcxproj", "{CCF3A00A-FFE1-4941-8A57-5F71EDDFC3D9}"
EndProject
Project("{8BC9CEB8-8B4A-11D0-8D11-00A0C91BC942}") = "07.42", "07.42\07.42.vcxproj", "{80E94E2F-B06C-4B8B-9B6C-88F9FE66B09B}"
EndProject
Project("{8BC9CEB8-8B4A-11D0-8D11-00A0C91BC942}") = "08.11-08.12", "08.11-08.12\08.11-08.12.vcxproj", "{92D19D62-5A91-436F-BCAC-672018B7B67B}"
EndProject
Project("{8BC9CEB8-8B4A-11D0-8D11-00A0C91BC942}") = "08.13", "08.13\08.13.vcxproj", "{B8418DCB-E6A4-4C39-97FC-E57B694A4512}"
EndProject
Project("{8BC9CEB8-8B4A-11D0-8D11-00A0C91BC942}") = "08.14", "08.14\08.14.vcxproj", "{5CA72478-69D3-4ECB-A4FC-C4F3B9B9E370}"
EndProject
Project("{8BC9CEB8-8B4A-11D0-8D11-00A0C91BC942}") = "08.15", "08.15\08.15.vcxproj", "{597EDEF1-E7A2-4CCB-A036-13D81A98F053}"
EndProject
Project("{8BC9CEB8-8B4A-11D0-8D11-00A0C91BC942}") = "08.16", "08.16\08.16.vcxproj", "{BFA3C1E2-BC09-4DF8-AB69-680C5EE9A7B1}"
EndProject
Global
	GlobalSection(SolutionConfigurationPlatforms) = preSolution
		Debug|Win32 = Debug|Win32
		Release|Win32 = Release|Win32
	EndGlobalSection
	GlobalSection(ProjectConfigurationPlatforms) = postSolution
		{5D2C546F-8544-475E-8060-44A929F48A65}.Debug|Win32.ActiveCfg = Debug|Win32
		{5D2C546F-8544-475E-8060-44A929F48A65}.Debug|Win32.Build.0 = Debug|Win32
		{5D2C546F-8544-475E-8060-44A929F48A65}.Release|Win32.ActiveCfg = Release|Win32
		{5D2C546F-8544-475E-8060-44A929F48A65}.Release|Win32.Build.0 = Release|Win32
		{D604D310-9601-49FB-ABEE-48D81E6A2724}.Debug|Win32.ActiveCfg = Debug|Win32
		{D604D310-9601-49FB-ABEE-48D81E6A2724}.Debug|Win32.Build.0 = Debug|Win32
		{D604D310-9601-49FB-ABEE-48D81E6A2724}.Release|Win32.ActiveCfg = Release|Win32
		{D604D310-9601-49FB-ABEE-48D81E6A2724}.Release|Win32.Build.0 = Release|Win32
		{F30CB20D-C44F-45FF-AA39-D459E6EB16B9}.Debug|Win32.ActiveCfg = Debug|Win32
		{F30CB20D-C44F-45FF-AA39-D459E6EB16B9}.Debug|Win32.Build.0 = Debug|Win32
		{F30CB20D-C44F-45FF-AA39-D459E6EB16B9}.Release|Win32.ActiveCfg = Release|Win32
		{F30CB20D-C44F-45FF-AA39-D459E6EB16B9}.Release|Win32.Build.0 = Release|Win32
		{A6883C77-6D02-44B1-B492-965B019E15C2}.Debug|Win32.ActiveCfg = Debug|Win32
		{A6883C77-6D02-44B1-B492-965B019E15C2}.Debug|Win32.Build.0 = Debug|Win32
		{A6883C77-6D02-44B1-B492-965B019E15C2}.Release|Win32.ActiveCfg = Release|Win32
		{A6883C77-6D02-44B1-B492-965B019E15C2}.Release|Win32.Build.0 = Release|Win32
		{00719F0C-F124-42BE-9297-711FF153A064}.Debug|Win32.ActiveCfg = Debug|Win32
		{00719F0C-F124-42BE-9297-711FF153A064}.Debug|Win32.Build.0 = Debug|Win32
		{00719F0C-F124-42BE-9297-711FF153A064}.Release|Win32.ActiveCfg = Release|Win32
		{00719F0C-F124-42BE-9297-711FF153A064}.Release|Win32.Build.0 = Release|Win32
		{52058BF7-48EF-4058-A47D-C358600A3D43}.Debug|Win32.ActiveCfg = Debug|Win32
		{52058BF7-48EF-4058-A47D-C358600A3D43}.Debug|Win32.Build.0 = Debug|Win32
		{52058BF7-48EF-4058-A47D-C358600A3D43}.Release|Win32.ActiveCfg = Release|Win32
		{52058BF7-48EF-4058-A47D-C358600A3D43}.Release|Win32.Build.0 = Release|Win32
		{BB137EB3-5250-427B-95D7-0D26A73234C7}.Debug|Win32.ActiveCfg = Debug|Win32
		{BB137EB3-5250-427B-95D7-0D26A73234C7}.Debug|Win32.Build.0 = Debug|Win32
		{BB137EB3-5250-427B-95D7-0D26A73234C7}.Release|Win32.ActiveCfg = Release|Win32
		{BB137EB3-5250-427B-95D7-0D26A73234C7}.Release|Win32.Build.0 = Release|Win32
		{F9D880FE-6305-4B6A-AF56-0BE0C976D006}.Debug|Win32.ActiveCfg = Debug|Win32
		{F9D880FE-6305-4B6A-AF56-0BE0C976D006}.Debug|Win32.Build.0 = Debug|Win32
		{F9D880FE-6305-4B6A-AF56-0BE0C976D006}.Release|Win32.ActiveCfg = Release|Win32
		{F9D880FE-6305-4B6A-AF56-0BE0C976D006}.Release|Win32.Build.0 = Release|Win32
		{AA43C2F9-4ADF-41F2-89ED-47843643C4A3}.Debug|Win32.ActiveCfg = Debug|Win32
		{AA43C2F9-4ADF-41F2-89ED-47843643C4A3}.Debug|Win32.Build.0 = Debug|Win32
		{AA43C2F9-4ADF-41F2-89ED-47843643C4A3}.Release|Win32.ActiveCfg = Release|Win32
		{AA43C2F9-4ADF-41F2-89ED-47843643C4A3}.Release|Win32.Build.0 = Release|Win32
		{D14B8DD0-5CF1-4D80-8B2E-71E53670E7DA}.Debug|Win32.ActiveCfg = Debug|Win32
		{D14B8DD0-5CF1-4D80-8B2E-71E53670E7DA}.Debug|Win32.Build.0 = Debug|Win32
		{D14B8DD0-5CF1-4D80-8B2E-71E53670E7DA}.Release|Win32.ActiveCfg = Release|Win32
		{D14B8DD0-5CF1-4D80-8B2E-71E53670E7DA}.Release|Win32.Build.0 = Release|Win32
		{F3E461F8-2545-4922-AF95-C0FAC35EDF8D}.Debug|Win32.ActiveCfg = Debug|Win32
		{F3E461F8-2545-4922-AF95-C0FAC35EDF8D}.Debug|Win32.Build.0 = Debug|Win32
		{F3E461F8-2545-4922-AF95-C0FAC35EDF8D}.Release|Win32.ActiveCfg = Release|Win32
		{F3E461F8-2545-4922-AF95-C0FAC35EDF8D}.Release|Win32.Build.0 = Release|Win32
		{A0DE4DB7-5E42-412A-896E-8CD17902142C}.Debug|Win32.ActiveCfg = Debug|Win32
		{A0DE4DB7-5E42-412A-896E-8CD17902142C}.Debug|Win32.Build.0 = Debug|Win32
		{A0DE4DB7-5E42-412A-896E-8CD17902142C}.Release|Win32.ActiveCfg = Release|Win32
		{A0DE4DB7-5E42-412A-896E-8CD17902142C}.Release|Win32.Build.0 = Release|Win32
		{2DC8B8E0-D90F-40F6-B0F0-D951DDCA408E}.Debug|Win32.ActiveCfg = Debug|Win32
		{2DC8B8E0-D90F-40F6-B0F0-D951DDCA408E}.Debug|Win32.Build.0 = Debug|Win32
		{2DC8B8E0-D90F-40F6-B0F0-D951DDCA408E}.Release|Win32.ActiveCfg = Release|Win32
		{2DC8B8E0-D90F-40F6-B0F0-D951DDCA408E}.Release|Win32.Build.0 = Release|Win32
		{479F8705-7B4A-413F-939D-5A68C82C7E6A}.Debug|Win32.ActiveCfg = Debug|Win32
		{479F8705-7B4A-413F-939D-5A68C82C7E6A}.Debug|Win32.Build.0 = Debug|Win32
		{479F8705-7B4A-413F-939D-5A68C82C7E6A}.Release|Win32.ActiveCfg = Release|Win32
		{479F8705-7B4A-413F-939D-5A68C82C7E6A}.Release|Win32.Build.0 = Release|Win32
		{9B913BF8-0766-462F-B982-8D5020815B34}.Debug|Win32.ActiveCfg = Debug|Win32
		{9B913BF8-0766-462F-B982-8D5020815B34}.Debug|Win32.Build.0 = Debug|Win32
		{9B913BF8-0766-462F-B982-8D5020815B34}.Release|Win32.ActiveCfg = Release|Win32
		{9B913BF8-0766-462F-B982-8D5020815B34}.Release|Win32.Build.0 = Release|Win32
		{69D091DF-26ED-4578-91BB-328FE9BAAF2D}.Debug|Win32.ActiveCfg = Debug|Win32
		{69D091DF-26ED-4578-91BB-328FE9BAAF2D}.Debug|Win32.Build.0 = Debug|Win32
		{69D091DF-26ED-4578-91BB-328FE9BAAF2D}.Release|Win32.ActiveCfg = Release|Win32
		{69D091DF-26ED-4578-91BB-328FE9BAAF2D}.Release|Win32.Build.0 = Release|Win32
		{6694823F-5439-4003-B718-84A60147E5F3}.Debug|Win32.ActiveCfg = Debug|Win32
		{6694823F-5439-4003-B718-84A60147E5F3}.Debug|Win32.Build.0 = Debug|Win32
		{6694823F-5439-4003-B718-84A60147E5F3}.Release|Win32.ActiveCfg = Release|Win32
		{6694823F-5439-4003-B718-84A60147E5F3}.Release|Win32.Build.0 = Release|Win32
		{4F184A85-5203-4DED-BFA9-0F2799F9AF12}.Debug|Win32.ActiveCfg = Debug|Win32
		{4F184A85-5203-4DED-BFA9-0F2799F9AF12}.Debug|Win32.Build.0 = Debug|Win32
		{4F184A85-5203-4DED-BFA9-0F2799F9AF12}.Release|Win32.ActiveCfg = Release|Win32
		{4F184A85-5203-4DED-BFA9-0F2799F9AF12}.Release|Win32.Build.0 = Release|Win32
		{94F9896A-E87A-47EB-B598-C1E60F16F9A7}.Debug|Win32.ActiveCfg = Debug|Win32
		{94F9896A-E87A-47EB-B598-C1E60F16F9A7}.Debug|Win32.Build.0 = Debug|Win32
		{94F9896A-E87A-47EB-B598-C1E60F16F9A7}.Release|Win32.ActiveCfg = Release|Win32
		{94F9896A-E87A-47EB-B598-C1E60F16F9A7}.Release|Win32.Build.0 = Release|Win32
		{CDC6D120-D68F-47B6-A9E7-A5A461133DFA}.Debug|Win32.ActiveCfg = Debug|Win32
		{CDC6D120-D68F-47B6-A9E7-A5A461133DFA}.Debug|Win32.Build.0 = Debug|Win32
		{CDC6D120-D68F-47B6-A9E7-A5A461133DFA}.Release|Win32.ActiveCfg = Release|Win32
		{CDC6D120-D68F-47B6-A9E7-A5A461133DFA}.Release|Win32.Build.0 = Release|Win32
		{D051583F-72E8-4F2E-A5FA-AAEED0793C86}.Debug|Win32.ActiveCfg = Debug|Win32
		{D051583F-72E8-4F2E-A5FA-AAEED0793C86}.Debug|Win32.Build.0 = Debug|Win32
		{D051583F-72E8-4F2E-A5FA-AAEED0793C86}.Release|Win32.ActiveCfg = Release|Win32
		{D051583F-72E8-4F2E-A5FA-AAEED0793C86}.Release|Win32.Build.0 = Release|Win32
		{267890F4-9F75-4F76-972B-9D621336FAB8}.Debug|Win32.ActiveCfg = Debug|Win32
		{267890F4-9F75-4F76-972B-9D621336FAB8}.Debug|Win32.Build.0 = Debug|Win32
		{267890F4-9F75-4F76-972B-9D621336FAB8}.Release|Win32.ActiveCfg = Release|Win32
		{267890F4-9F75-4F76-972B-9D621336FAB8}.Release|Win32.Build.0 = Release|Win32
		{C02C7FFC-6B3F-42AD-85A9-9E085BF0168C}.Debug|Win32.ActiveCfg = Debug|Win32
		{C02C7FFC-6B3F-42AD-85A9-9E085BF0168C}.Debug|Win32.Build.0 = Debug|Win32
		{C02C7FFC-6B3F-42AD-85A9-9E085BF0168C}.Release|Win32.ActiveCfg = Release|Win32
		{C02C7FFC-6B3F-42AD-85A9-9E085BF0168C}.Release|Win32.Build.0 = Release|Win32
		{21A0126B-82E0-45B8-94BF-2FEC0216F99F}.Debug|Win32.ActiveCfg = Debug|Win32
		{21A0126B-82E0-45B8-94BF-2FEC0216F99F}.Debug|Win32.Build.0 = Debug|Win32
		{21A0126B-82E0-45B8-94BF-2FEC0216F99F}.Release|Win32.ActiveCfg = Release|Win32
		{21A0126B-82E0-45B8-94BF-2FEC0216F99F}.Release|Win32.Build.0 = Release|Win32
		{F8AA03E3-9F5C-42BF-B105-3E89041A14F8}.Debug|Win32.ActiveCfg = Debug|Win32
		{F8AA03E3-9F5C-42BF-B105-3E89041A14F8}.Debug|Win32.Build.0 = Debug|Win32
		{F8AA03E3-9F5C-42BF-B105-3E89041A14F8}.Release|Win32.ActiveCfg = Release|Win32
		{F8AA03E3-9F5C-42BF-B105-3E89041A14F8}.Release|Win32.Build.0 = Release|Win32
		{34443CD7-11AB-4846-A502-111ECDF91619}.Debug|Win32.ActiveCfg = Debug|Win32
		{34443CD7-11AB-4846-A502-111ECDF91619}.Debug|Win32.Build.0 = Debug|Win32
		{34443CD7-11AB-4846-A502-111ECDF91619}.Release|Win32.ActiveCfg = Release|Win32
		{34443CD7-11AB-4846-A502-111ECDF91619}.Release|Win32.Build.0 = Release|Win32
		{6F8F4D0B-E744-43AB-9B26-B5CD540CC32C}.Debug|Win32.ActiveCfg = Debug|Win32
		{6F8F4D0B-E744-43AB-9B26-B5CD540CC32C}.Debug|Win32.Build.0 = Debug|Win32
		{6F8F4D0B-E744-43AB-9B26-B5CD540CC32C}.Release|Win32.ActiveCfg = Release|Win32
		{6F8F4D0B-E744-43AB-9B26-B5CD540CC32C}.Release|Win32.Build.0 = Release|Win32
		{CF7E8C5D-B306-4A9A-9029-64B7A3A19FED}.Debug|Win32.ActiveCfg = Debug|Win32
		{CF7E8C5D-B306-4A9A-9029-64B7A3A19FED}.Debug|Win32.Build.0 = Debug|Win32
		{CF7E8C5D-B306-4A9A-9029-64B7A3A19FED}.Release|Win32.ActiveCfg = Release|Win32
		{CF7E8C5D-B306-4A9A-9029-64B7A3A19FED}.Release|Win32.Build.0 = Release|Win32
		{C825A5F6-1A8E-4FFD-AEE9-D097DA14DCF3}.Debug|Win32.ActiveCfg = Debug|Win32
		{C825A5F6-1A8E-4FFD-AEE9-D097DA14DCF3}.Debug|Win32.Build.0 = Debug|Win32
		{C825A5F6-1A8E-4FFD-AEE9-D097DA14DCF3}.Release|Win32.ActiveCfg = Release|Win32
		{C825A5F6-1A8E-4FFD-AEE9-D097DA14DCF3}.Release|Win32.Build.0 = Release|Win32
		{40DA8411-A6E0-488C-83B2-00ED82B716AC}.Debug|Win32.ActiveCfg = Debug|Win32
		{40DA8411-A6E0-488C-83B2-00ED82B716AC}.Debug|Win32.Build.0 = Debug|Win32
		{40DA8411-A6E0-488C-83B2-00ED82B716AC}.Release|Win32.ActiveCfg = Release|Win32
		{40DA8411-A6E0-488C-83B2-00ED82B716AC}.Release|Win32.Build.0 = Release|Win32
		{2D94B566-3A72-46FA-9C14-A8B2FD1B8D38}.Debug|Win32.ActiveCfg = Debug|Win32
		{2D94B566-3A72-46FA-9C14-A8B2FD1B8D38}.Debug|Win32.Build.0 = Debug|Win32
		{2D94B566-3A72-46FA-9C14-A8B2FD1B8D38}.Release|Win32.ActiveCfg = Release|Win32
		{2D94B566-3A72-46FA-9C14-A8B2FD1B8D38}.Release|Win32.Build.0 = Release|Win32
		{DF3537A1-D723-4619-932D-F7A782197B6C}.Debug|Win32.ActiveCfg = Debug|Win32
		{DF3537A1-D723-4619-932D-F7A782197B6C}.Debug|Win32.Build.0 = Debug|Win32
		{DF3537A1-D723-4619-932D-F7A782197B6C}.Release|Win32.ActiveCfg = Release|Win32
		{DF3537A1-D723-4619-932D-F7A782197B6C}.Release|Win32.Build.0 = Release|Win32
		{B9129167-2A92-4544-85CC-8414EF965898}.Debug|Win32.ActiveCfg = Debug|Win32
		{B9129167-2A92-4544-85CC-8414EF965898}.Debug|Win32.Build.0 = Debug|Win32
		{B9129167-2A92-4544-85CC-8414EF965898}.Release|Win32.ActiveCfg = Release|Win32
		{B9129167-2A92-4544-85CC-8414EF965898}.Release|Win32.Build.0 = Release|Win32
		{101C3B10-07F9-43D9-93B6-00AE59FF84E0}.Debug|Win32.ActiveCfg = Debug|Win32
		{101C3B10-07F9-43D9-93B6-00AE59FF84E0}.Debug|Win32.Build.0 = Debug|Win32
		{101C3B10-07F9-43D9-93B6-00AE59FF84E0}.Release|Win32.ActiveCfg = Release|Win32
		{101C3B10-07F9-43D9-93B6-00AE59FF84E0}.Release|Win32.Build.0 = Release|Win32
		{18FCCC0C-0DD4-4DBF-99E2-78F96A358233}.Debug|Win32.ActiveCfg = Debug|Win32
		{18FCCC0C-0DD4-4DBF-99E2-78F96A358233}.Debug|Win32.Build.0 = Debug|Win32
		{18FCCC0C-0DD4-4DBF-99E2-78F96A358233}.Release|Win32.ActiveCfg = Release|Win32
		{18FCCC0C-0DD4-4DBF-99E2-78F96A358233}.Release|Win32.Build.0 = Release|Win32
		{2BF34829-27A6-4295-9CEF-858BF01BE158}.Debug|Win32.ActiveCfg = Debug|Win32
		{2BF34829-27A6-4295-9CEF-858BF01BE158}.Debug|Win32.Build.0 = Debug|Win32
		{2BF34829-27A6-4295-9CEF-858BF01BE158}.Release|Win32.ActiveCfg = Release|Win32
		{2BF34829-27A6-4295-9CEF-858BF01BE158}.Release|Win32.Build.0 = Release|Win32
		{7E5791FB-5D18-45A8-BD9E-8982CA33B925}.Debug|Win32.ActiveCfg = Debug|Win32
		{7E5791FB-5D18-45A8-BD9E-8982CA33B925}.Debug|Win32.Build.0 = Debug|Win32
		{7E5791FB-5D18-45A8-BD9E-8982CA33B925}.Release|Win32.ActiveCfg = Release|Win32
		{7E5791FB-5D18-45A8-BD9E-8982CA33B925}.Release|Win32.Build.0 = Release|Win32
		{3B22A494-7A0D-4CBA-A2A1-F70D189B3214}.Debug|Win32.ActiveCfg = Debug|Win32
		{3B22A494-7A0D-4CBA-A2A1-F70D189B3214}.Debug|Win32.Build.0 = Debug|Win32
		{3B22A494-7A0D-4CBA-A2A1-F70D189B3214}.Release|Win32.ActiveCfg = Release|Win32
		{3B22A494-7A0D-4CBA-A2A1-F70D189B3214}.Release|Win32.Build.0 = Release|Win32
		{6BFF283E-28CF-4C2C-8E26-248142B9EDFF}.Debug|Win32.ActiveCfg = Debug|Win32
		{6BFF283E-28CF-4C2C-8E26-248142B9EDFF}.Debug|Win32.Build.0 = Debug|Win32
		{6BFF283E-28CF-4C2C-8E26-248142B9EDFF}.Release|Win32.ActiveCfg = Release|Win32
		{6BFF283E-28CF-4C2C-8E26-248142B9EDFF}.Release|Win32.Build.0 = Release|Win32
		{AFFBB6C2-ED4A-446A-B562-9AB50472EB0A}.Debug|Win32.ActiveCfg = Debug|Win32
		{AFFBB6C2-ED4A-446A-B562-9AB50472EB0A}.Debug|Win32.Build.0 = Debug|Win32
		{AFFBB6C2-ED4A-446A-B562-9AB50472EB0A}.Release|Win32.ActiveCfg = Release|Win32
		{AFFBB6C2-ED4A-446A-B562-9AB50472EB0A}.Release|Win32.Build.0 = Release|Win32
		{8C7CCC84-ABF6-462F-A095-12443829D133}.Debug|Win32.ActiveCfg = Debug|Win32
		{8C7CCC84-ABF6-462F-A095-12443829D133}.Debug|Win32.Build.0 = Debug|Win32
		{8C7CCC84-ABF6-462F-A095-12443829D133}.Release|Win32.ActiveCfg = Release|Win32
		{8C7CCC84-ABF6-462F-A095-12443829D133}.Release|Win32.Build.0 = Release|Win32
		{C51CA8CF-CAF8-4013-859D-CB7E2266B6B6}.Debug|Win32.ActiveCfg = Debug|Win32
		{C51CA8CF-CAF8-4013-859D-CB7E2266B6B6}.Debug|Win32.Build.0 = Debug|Win32
		{C51CA8CF-CAF8-4013-859D-CB7E2266B6B6}.Release|Win32.ActiveCfg = Release|Win32
		{C51CA8CF-CAF8-4013-859D-CB7E2266B6B6}.Release|Win32.Build.0 = Release|Win32
		{72A6BBFE-D06E-4F04-93EC-D9A8E520C191}.Debug|Win32.ActiveCfg = Debug|Win32
		{72A6BBFE-D06E-4F04-93EC-D9A8E520C191}.Debug|Win32.Build.0 = Debug|Win32
		{72A6BBFE-D06E-4F04-93EC-D9A8E520C191}.Release|Win32.ActiveCfg = Release|Win32
		{72A6BBFE-D06E-4F04-93EC-D9A8E520C191}.Release|Win32.Build.0 = Release|Win32
		{352A25BF-FD02-4EB9-B285-1195029D8465}.Debug|Win32.ActiveCfg = Debug|Win32
		{352A25BF-FD02-4EB9-B285-1195029D8465}.Debug|Win32.Build.0 = Debug|Win32
		{352A25BF-FD02-4EB9-B285-1195029D8465}.Release|Win32.ActiveCfg = Release|Win32
		{352A25BF-FD02-4EB9-B285-1195029D8465}.Release|Win32.Build.0 = Release|Win32
		{9190852B-353A-4F23-89A8-9632F9C81F8D}.Debug|Win32.ActiveCfg = Debug|Win32
		{9190852B-353A-4F23-89A8-9632F9C81F8D}.Debug|Win32.Build.0 = Debug|Win32
		{9190852B-353A-4F23-89A8-9632F9C81F8D}.Release|Win32.ActiveCfg = Release|Win32
		{9190852B-353A-4F23-89A8-9632F9C81F8D}.Release|Win32.Build.0 = Release|Win32
		{F107E88C-97BB-4276-AB01-BE69DF7765C7}.Debug|Win32.ActiveCfg = Debug|Win32
		{F107E88C-97BB-4276-AB01-BE69DF7765C7}.Debug|Win32.Build.0 = Debug|Win32
		{F107E88C-97BB-4276-AB01-BE69DF7765C7}.Release|Win32.ActiveCfg = Release|Win32
		{F107E88C-97BB-4276-AB01-BE69DF7765C7}.Release|Win32.Build.0 = Release|Win32
		{321D37FA-0B11-403F-90C6-2C9F8F95F8CC}.Debug|Win32.ActiveCfg = Debug|Win32
		{321D37FA-0B11-403F-90C6-2C9F8F95F8CC}.Debug|Win32.Build.0 = Debug|Win32
		{321D37FA-0B11-403F-90C6-2C9F8F95F8CC}.Release|Win32.ActiveCfg = Release|Win32
		{321D37FA-0B11-403F-90C6-2C9F8F95F8CC}.Release|Win32.Build.0 = Release|Win32
		{9A9C1E7C-E429-4E05-B187-994DECDB884B}.Debug|Win32.ActiveCfg = Debug|Win32
		{9A9C1E7C-E429-4E05-B187-994DECDB884B}.Debug|Win32.Build.0 = Debug|Win32
		{9A9C1E7C-E429-4E05-B187-994DECDB884B}.Release|Win32.ActiveCfg = Release|Win32
		{9A9C1E7C-E429-4E05-B187-994DECDB884B}.Release|Win32.Build.0 = Release|Win32
		{0DCA5F0D-B6FB-44E8-9AA4-0806C870D386}.Debug|Win32.ActiveCfg = Debug|Win32
		{0DCA5F0D-B6FB-44E8-9AA4-0806C870D386}.Debug|Win32.Build.0 = Debug|Win32
		{0DCA5F0D-B6FB-44E8-9AA4-0806C870D386}.Release|Win32.ActiveCfg = Release|Win32
		{0DCA5F0D-B6FB-44E8-9AA4-0806C870D386}.Release|Win32.Build.0 = Release|Win32
		{84E5A31E-0EC6-4747-8B3D-BAFF28320A58}.Debug|Win32.ActiveCfg = Debug|Win32
		{84E5A31E-0EC6-4747-8B3D-BAFF28320A58}.Debug|Win32.Build.0 = Debug|Win32
		{84E5A31E-0EC6-4747-8B3D-BAFF28320A58}.Release|Win32.ActiveCfg = Release|Win32
		{84E5A31E-0EC6-4747-8B3D-BAFF28320A58}.Release|Win32.Build.0 = Release|Win32
		{403165BF-098D-4F09-87F3-9B2599D663A5}.Debug|Win32.ActiveCfg = Debug|Win32
		{403165BF-098D-4F09-87F3-9B2599D663A5}.Debug|Win32.Build.0 = Debug|Win32
		{403165BF-098D-4F09-87F3-9B2599D663A5}.Release|Win32.ActiveCfg = Release|Win32
		{403165BF-098D-4F09-87F3-9B2599D663A5}.Release|Win32.Build.0 = Release|Win32
		{4E3B30A1-A3C8-47B9-B2EA-0831F3F9C852}.Debug|Win32.ActiveCfg = Debug|Win32
		{4E3B30A1-A3C8-47B9-B2EA-0831F3F9C852}.Debug|Win32.Build.0 = Debug|Win32
		{4E3B30A1-A3C8-47B9-B2EA-0831F3F9C852}.Release|Win32.ActiveCfg = Release|Win32
		{4E3B30A1-A3C8-47B9-B2EA-0831F3F9C852}.Release|Win32.Build.0 = Release|Win32
		{63E38EBF-7C63-4D2F-BBFD-A39D28CA3C50}.Debug|Win32.ActiveCfg = Debug|Win32
		{63E38EBF-7C63-4D2F-BBFD-A39D28CA3C50}.Debug|Win32.Build.0 = Debug|Win32
		{63E38EBF-7C63-4D2F-BBFD-A39D28CA3C50}.Release|Win32.ActiveCfg = Release|Win32
		{63E38EBF-7C63-4D2F-BBFD-A39D28CA3C50}.Release|Win32.Build.0 = Release|Win32
		{C6EBA21E-2309-4331-92D3-8644F769F2FC}.Debug|Win32.ActiveCfg = Debug|Win32
		{C6EBA21E-2309-4331-92D3-8644F769F2FC}.Debug|Win32.Build.0 = Debug|Win32
		{C6EBA21E-2309-4331-92D3-8644F769F2FC}.Release|Win32.ActiveCfg = Release|Win32
		{C6EBA21E-2309-4331-92D3-8644F769F2FC}.Release|Win32.Build.0 = Release|Win32
		{DA014C3E-5124-41C7-B53F-53AE0B96AE99}.Debug|Win32.ActiveCfg = Debug|Win32
		{DA014C3E-5124-41C7-B53F-53AE0B96AE99}.Debug|Win32.Build.0 = Debug|Win32
		{DA014C3E-5124-41C7-B53F-53AE0B96AE99}.Release|Win32.ActiveCfg = Release|Win32
		{DA014C3E-5124-41C7-B53F-53AE0B96AE99}.Release|Win32.Build.0 = Release|Win32
		{19006CCD-C88C-44C5-9812-6F4276CDA60B}.Debug|Win32.ActiveCfg = Debug|Win32
		{19006CCD-C88C-44C5-9812-6F4276CDA60B}.Debug|Win32.Build.0 = Debug|Win32
		{19006CCD-C88C-44C5-9812-6F4276CDA60B}.Release|Win32.ActiveCfg = Release|Win32
		{19006CCD-C88C-44C5-9812-6F4276CDA60B}.Release|Win32.Build.0 = Release|Win32
		{294751C9-0DB7-400C-8603-E1C194170B6C}.Debug|Win32.ActiveCfg = Debug|Win32
		{294751C9-0DB7-400C-8603-E1C194170B6C}.Debug|Win32.Build.0 = Debug|Win32
		{294751C9-0DB7-400C-8603-E1C194170B6C}.Release|Win32.ActiveCfg = Release|Win32
		{294751C9-0DB7-400C-8603-E1C194170B6C}.Release|Win32.Build.0 = Release|Win32
		{96C98B39-7FA9-434A-BAB4-DCA6EBD5E0BA}.Debug|Win32.ActiveCfg = Debug|Win32
		{96C98B39-7FA9-434A-BAB4-DCA6EBD5E0BA}.Debug|Win32.Build.0 = Debug|Win32
		{96C98B39-7FA9-434A-BAB4-DCA6EBD5E0BA}.Release|Win32.ActiveCfg = Release|Win32
		{96C98B39-7FA9-434A-BAB4-DCA6EBD5E0BA}.Release|Win32.Build.0 = Release|Win32
		{6D3C3AC9-1F42-4212-A16F-AB6A20ED95EF}.Debug|Win32.ActiveCfg = Debug|Win32
		{6D3C3AC9-1F42-4212-A16F-AB6A20ED95EF}.Debug|Win32.Build.0 = Debug|Win32
		{6D3C3AC9-1F42-4212-A16F-AB6A20ED95EF}.Release|Win32.ActiveCfg = Release|Win32
		{6D3C3AC9-1F42-4212-A16F-AB6A20ED95EF}.Release|Win32.Build.0 = Release|Win32
		{A8758334-BC63-451B-8CA2-AA69E86B4BAC}.Debug|Win32.ActiveCfg = Debug|Win32
		{A8758334-BC63-451B-8CA2-AA69E86B4BAC}.Debug|Win32.Build.0 = Debug|Win32
		{A8758334-BC63-451B-8CA2-AA69E86B4BAC}.Release|Win32.ActiveCfg = Release|Win32
		{A8758334-BC63-451B-8CA2-AA69E86B4BAC}.Release|Win32.Build.0 = Release|Win32
		{7AF60383-012E-4F71-98BF-8A0EA94A798D}.Debug|Win32.ActiveCfg = Debug|Win32
		{7AF60383-012E-4F71-98BF-8A0EA94A798D}.Debug|Win32.Build.0 = Debug|Win32
		{7AF60383-012E-4F71-98BF-8A0EA94A798D}.Release|Win32.ActiveCfg = Release|Win32
		{7AF60383-012E-4F71-98BF-8A0EA94A798D}.Release|Win32.Build.0 = Release|Win32
		{2F368B7A-8594-45B4-A5EC-91D79E72F614}.Debug|Win32.ActiveCfg = Debug|Win32
		{2F368B7A-8594-45B4-A5EC-91D79E72F614}.Debug|Win32.Build.0 = Debug|Win32
		{2F368B7A-8594-45B4-A5EC-91D79E72F614}.Release|Win32.ActiveCfg = Release|Win32
		{2F368B7A-8594-45B4-A5EC-91D79E72F614}.Release|Win32.Build.0 = Release|Win32
		{00CECE39-4250-4727-B210-4B306167F129}.Debug|Win32.ActiveCfg = Debug|Win32
		{00CECE39-4250-4727-B210-4B306167F129}.Debug|Win32.Build.0 = Debug|Win32
		{00CECE39-4250-4727-B210-4B306167F129}.Release|Win32.ActiveCfg = Release|Win32
		{00CECE39-4250-4727-B210-4B306167F129}.Release|Win32.Build.0 = Release|Win32
		{785893C0-9DEF-49B4-9A5F-9A6B784A089E}.Debug|Win32.ActiveCfg = Debug|Win32
		{785893C0-9DEF-49B4-9A5F-9A6B784A089E}.Debug|Win32.Build.0 = Debug|Win32
		{785893C0-9DEF-49B4-9A5F-9A6B784A089E}.Release|Win32.ActiveCfg = Release|Win32
		{785893C0-9DEF-49B4-9A5F-9A6B784A089E}.Release|Win32.Build.0 = Release|Win32
		{9374E1C4-6DD6-4BB8-9DC0-5CA8E86FEA10}.Debug|Win32.ActiveCfg = Debug|Win32
		{9374E1C4-6DD6-4BB8-9DC0-5CA8E86FEA10}.Debug|Win32.Build.0 = Debug|Win32
		{9374E1C4-6DD6-4BB8-9DC0-5CA8E86FEA10}.Release|Win32.ActiveCfg = Release|Win32
		{9374E1C4-6DD6-4BB8-9DC0-5CA8E86FEA10}.Release|Win32.Build.0 = Release|Win32
		{2FB26990-0C5E-47FB-9D0F-E3A202D2A47F}.Debug|Win32.ActiveCfg = Debug|Win32
		{2FB26990-0C5E-47FB-9D0F-E3A202D2A47F}.Debug|Win32.Build.0 = Debug|Win32
		{2FB26990-0C5E-47FB-9D0F-E3A202D2A47F}.Release|Win32.ActiveCfg = Release|Win32
		{2FB26990-0C5E-47FB-9D0F-E3A202D2A47F}.Release|Win32.Build.0 = Release|Win32
		{AD70051F-9782-4A15-A23D-76E1E8A6CC68}.Debug|Win32.ActiveCfg = Debug|Win32
		{AD70051F-9782-4A15-A23D-76E1E8A6CC68}.Debug|Win32.Build.0 = Debug|Win32
		{AD70051F-9782-4A15-A23D-76E1E8A6CC68}.Release|Win32.ActiveCfg = Release|Win32
		{AD70051F-9782-4A15-A23D-76E1E8A6CC68}.Release|Win32.Build.0 = Release|Win32
		{DEAB729F-1809-4FAC-93DC-9E42774A3BFA}.Debug|Win32.ActiveCfg = Debug|Win32
		{DEAB729F-1809-4FAC-93DC-9E42774A3BFA}.Debug|Win32.Build.0 = Debug|Win32
		{DEAB729F-1809-4FAC-93DC-9E42774A3BFA}.Release|Win32.ActiveCfg = Release|Win32
		{DEAB729F-1809-4FAC-93DC-9E42774A3BFA}.Release|Win32.Build.0 = Release|Win32
		{0E1F3F75-49AB-4167-83E2-C118DB269292}.Debug|Win32.ActiveCfg = Debug|Win32
		{0E1F3F75-49AB-4167-83E2-C118DB269292}.Debug|Win32.Build.0 = Debug|Win32
		{0E1F3F75-49AB-4167-83E2-C118DB269292}.Release|Win32.ActiveCfg = Release|Win32
		{0E1F3F75-49AB-4167-83E2-C118DB269292}.Release|Win32.Build.0 = Release|Win32
		{685BE3FF-10F8-417E-9601-7CDE7AEFAC0B}.Debug|Win32.ActiveCfg = Debug|Win32
		{685BE3FF-10F8-417E-9601-7CDE7AEFAC0B}.Debug|Win32.Build.0 = Debug|Win32
		{685BE3FF-10F8-417E-9601-7CDE7AEFAC0B}.Release|Win32.ActiveCfg = Release|Win32
		{685BE3FF-10F8-417E-9601-7CDE7AEFAC0B}.Release|Win32.Build.0 = Release|Win32
		{2E30EE16-A652-4316-8FBC-6245559F35E3}.Debug|Win32.ActiveCfg = Debug|Win32
		{2E30EE16-A652-4316-8FBC-6245559F35E3}.Debug|Win32.Build.0 = Debug|Win32
		{2E30EE16-A652-4316-8FBC-6245559F35E3}.Release|Win32.ActiveCfg = Release|Win32
		{2E30EE16-A652-4316-8FBC-6245559F35E3}.Release|Win32.Build.0 = Release|Win32
		{AF31443B-830F-4A4C-A72D-40FC9ACE5654}.Debug|Win32.ActiveCfg = Debug|Win32
		{AF31443B-830F-4A4C-A72D-40FC9ACE5654}.Debug|Win32.Build.0 = Debug|Win32
		{AF31443B-830F-4A4C-A72D-40FC9ACE5654}.Release|Win32.ActiveCfg = Release|Win32
		{AF31443B-830F-4A4C-A72D-40FC9ACE5654}.Release|Win32.Build.0 = Release|Win32
		{D342BB95-DAA3-4C66-889A-9DC49DA213B0}.Debug|Win32.ActiveCfg = Debug|Win32
		{D342BB95-DAA3-4C66-889A-9DC49DA213B0}.Debug|Win32.Build.0 = Debug|Win32
		{D342BB95-DAA3-4C66-889A-9DC49DA213B0}.Release|Win32.ActiveCfg = Release|Win32
		{D342BB95-DAA3-4C66-889A-9DC49DA213B0}.Release|Win32.Build.0 = Release|Win32
		{7B1D365B-1574-45A1-AECD-1E16A521398B}.Debug|Win32.ActiveCfg = Debug|Win32
		{7B1D365B-1574-45A1-AECD-1E16A521398B}.Debug|Win32.Build.0 = Debug|Win32
		{7B1D365B-1574-45A1-AECD-1E16A521398B}.Release|Win32.ActiveCfg = Release|Win32
		{7B1D365B-1574-45A1-AECD-1E16A521398B}.Release|Win32.Build.0 = Release|Win32
		{0E85120D-878D-4F74-9D6E-2BC465659A38}.Debug|Win32.ActiveCfg = Debug|Win32
		{0E85120D-878D-4F74-9D6E-2BC465659A38}.Debug|Win32.Build.0 = Debug|Win32
		{0E85120D-878D-4F74-9D6E-2BC465659A38}.Release|Win32.ActiveCfg = Release|Win32
		{0E85120D-878D-4F74-9D6E-2BC465659A38}.Release|Win32.Build.0 = Release|Win32
		{A124BA87-11B9-4329-8572-F4D3EAE759E8}.Debug|Win32.ActiveCfg = Debug|Win32
		{A124BA87-11B9-4329-8572-F4D3EAE759E8}.Debug|Win32.Build.0 = Debug|Win32
		{A124BA87-11B9-4329-8572-F4D3EAE759E8}.Release|Win32.ActiveCfg = Release|Win32
		{A124BA87-11B9-4329-8572-F4D3EAE759E8}.Release|Win32.Build.0 = Release|Win32
		{EF60CDEA-A37D-4A91-ABB9-95D41D970927}.Debug|Win32.ActiveCfg = Debug|Win32
		{EF60CDEA-A37D-4A91-ABB9-95D41D970927}.Debug|Win32.Build.0 = Debug|Win32
		{EF60CDEA-A37D-4A91-ABB9-95D41D970927}.Release|Win32.ActiveCfg = Release|Win32
		{EF60CDEA-A37D-4A91-ABB9-95D41D970927}.Release|Win32.Build.0 = Release|Win32
		{1E4BBDA3-6E21-433D-95B3-CCBB7A450A34}.Debug|Win32.ActiveCfg = Debug|Win32
		{1E4BBDA3-6E21-433D-95B3-CCBB7A450A34}.Debug|Win32.Build.0 = Debug|Win32
		{1E4BBDA3-6E21-433D-95B3-CCBB7A450A34}.Release|Win32.ActiveCfg = Release|Win32
		{1E4BBDA3-6E21-433D-95B3-CCBB7A450A34}.Release|Win32.Build.0 = Release|Win32
		{404AA05D-2412-4645-9E2C-280BFC6284FD}.Debug|Win32.ActiveCfg = Debug|Win32
		{404AA05D-2412-4645-9E2C-280BFC6284FD}.Debug|Win32.Build.0 = Debug|Win32
		{404AA05D-2412-4645-9E2C-280BFC6284FD}.Release|Win32.ActiveCfg = Release|Win32
		{404AA05D-2412-4645-9E2C-280BFC6284FD}.Release|Win32.Build.0 = Release|Win32
		{986E6EF4-6118-4504-9667-3B86BC71D7CC}.Debug|Win32.ActiveCfg = Debug|Win32
		{986E6EF4-6118-4504-9667-3B86BC71D7CC}.Debug|Win32.Build.0 = Debug|Win32
		{986E6EF4-6118-4504-9667-3B86BC71D7CC}.Release|Win32.ActiveCfg = Release|Win32
		{986E6EF4-6118-4504-9667-3B86BC71D7CC}.Release|Win32.Build.0 = Release|Win32
		{F63981E9-26D4-4EF9-82F5-1482260619CF}.Debug|Win32.ActiveCfg = Debug|Win32
		{F63981E9-26D4-4EF9-82F5-1482260619CF}.Debug|Win32.Build.0 = Debug|Win32
		{F63981E9-26D4-4EF9-82F5-1482260619CF}.Release|Win32.ActiveCfg = Release|Win32
		{F63981E9-26D4-4EF9-82F5-1482260619CF}.Release|Win32.Build.0 = Release|Win32
		{CF15AF01-BA4A-45D2-89DC-98FF7B722AB0}.Debug|Win32.ActiveCfg = Debug|Win32
		{CF15AF01-BA4A-45D2-89DC-98FF7B722AB0}.Debug|Win32.Build.0 = Debug|Win32
		{CF15AF01-BA4A-45D2-89DC-98FF7B722AB0}.Release|Win32.ActiveCfg = Release|Win32
		{CF15AF01-BA4A-45D2-89DC-98FF7B722AB0}.Release|Win32.Build.0 = Release|Win32
		{2C7DDD17-6590-4684-826B-AEC0A0E4221A}.Debug|Win32.ActiveCfg = Debug|Win32
		{2C7DDD17-6590-4684-826B-AEC0A0E4221A}.Debug|Win32.Build.0 = Debug|Win32
		{2C7DDD17-6590-4684-826B-AEC0A0E4221A}.Release|Win32.ActiveCfg = Release|Win32
		{2C7DDD17-6590-4684-826B-AEC0A0E4221A}.Release|Win32.Build.0 = Release|Win32
		{4862063F-4D32-4C02-AF63-35381605EDFE}.Debug|Win32.ActiveCfg = Debug|Win32
		{4862063F-4D32-4C02-AF63-35381605EDFE}.Debug|Win32.Build.0 = Debug|Win32
		{4862063F-4D32-4C02-AF63-35381605EDFE}.Release|Win32.ActiveCfg = Release|Win32
		{4862063F-4D32-4C02-AF63-35381605EDFE}.Release|Win32.Build.0 = Release|Win32
		{D7EEED63-8BE4-4754-9657-D2276236E34A}.Debug|Win32.ActiveCfg = Debug|Win32
		{D7EEED63-8BE4-4754-9657-D2276236E34A}.Debug|Win32.Build.0 = Debug|Win32
		{D7EEED63-8BE4-4754-9657-D2276236E34A}.Release|Win32.ActiveCfg = Release|Win32
		{D7EEED63-8BE4-4754-9657-D2276236E34A}.Release|Win32.Build.0 = Release|Win32
		{0E9C5F8C-656A-4535-A61F-53E62C8F005A}.Debug|Win32.ActiveCfg = Debug|Win32
		{0E9C5F8C-656A-4535-A61F-53E62C8F005A}.Debug|Win32.Build.0 = Debug|Win32
		{0E9C5F8C-656A-4535-A61F-53E62C8F005A}.Release|Win32.ActiveCfg = Release|Win32
		{0E9C5F8C-656A-4535-A61F-53E62C8F005A}.Release|Win32.Build.0 = Release|Win32
		{D367E1DB-CCB7-4911-8805-1C25A41543FD}.Debug|Win32.ActiveCfg = Debug|Win32
		{D367E1DB-CCB7-4911-8805-1C25A41543FD}.Debug|Win32.Build.0 = Debug|Win32
		{D367E1DB-CCB7-4911-8805-1C25A41543FD}.Release|Win32.ActiveCfg = Release|Win32
		{D367E1DB-CCB7-4911-8805-1C25A41543FD}.Release|Win32.Build.0 = Release|Win32
		{5F387672-C799-4368-9203-BA5CBAB5387D}.Debug|Win32.ActiveCfg = Debug|Win32
		{5F387672-C799-4368-9203-BA5CBAB5387D}.Debug|Win32.Build.0 = Debug|Win32
		{5F387672-C799-4368-9203-BA5CBAB5387D}.Release|Win32.ActiveCfg = Release|Win32
		{5F387672-C799-4368-9203-BA5CBAB5387D}.Release|Win32.Build.0 = Release|Win32
		{C034ACF3-B096-4A56-975A-A8497FC86E14}.Debug|Win32.ActiveCfg = Debug|Win32
		{C034ACF3-B096-4A56-975A-A8497FC86E14}.Debug|Win32.Build.0 = Debug|Win32
		{C034ACF3-B096-4A56-975A-A8497FC86E14}.Release|Win32.ActiveCfg = Release|Win32
		{C034ACF3-B096-4A56-975A-A8497FC86E14}.Release|Win32.Build.0 = Release|Win32
		{960F0527-2A12-49C5-B79C-21EBF9528B6C}.Debug|Win32.ActiveCfg = Debug|Win32
		{960F0527-2A12-49C5-B79C-21EBF9528B6C}.Debug|Win32.Build.0 = Debug|Win32
		{960F0527-2A12-49C5-B79C-21EBF9528B6C}.Release|Win32.ActiveCfg = Release|Win32
		{960F0527-2A12-49C5-B79C-21EBF9528B6C}.Release|Win32.Build.0 = Release|Win32
		{679BE61B-60DE-4BC3-B8B0-B414175A376C}.Debug|Win32.ActiveCfg = Debug|Win32
		{679BE61B-60DE-4BC3-B8B0-B414175A376C}.Debug|Win32.Build.0 = Debug|Win32
		{679BE61B-60DE-4BC3-B8B0-B414175A376C}.Release|Win32.ActiveCfg = Release|Win32
		{679BE61B-60DE-4BC3-B8B0-B414175A376C}.Release|Win32.Build.0 = Release|Win32
		{564E9CB9-3C86-4823-98A5-777D1B0A3104}.Debug|Win32.ActiveCfg = Debug|Win32
		{564E9CB9-3C86-4823-98A5-777D1B0A3104}.Debug|Win32.Build.0 = Debug|Win32
		{564E9CB9-3C86-4823-98A5-777D1B0A3104}.Release|Win32.ActiveCfg = Release|Win32
		{564E9CB9-3C86-4823-98A5-777D1B0A3104}.Release|Win32.Build.0 = Release|Win32
		{43563BA8-24D9-4C8F-BA79-679816FE8783}.Debug|Win32.ActiveCfg = Debug|Win32
		{43563BA8-24D9-4C8F-BA79-679816FE8783}.Debug|Win32.Build.0 = Debug|Win32
		{43563BA8-24D9-4C8F-BA79-679816FE8783}.Release|Win32.ActiveCfg = Release|Win32
		{43563BA8-24D9-4C8F-BA79-679816FE8783}.Release|Win32.Build.0 = Release|Win32
		{8DEA25B2-B54A-4BDE-A572-20FB86BCD046}.Debug|Win32.ActiveCfg = Debug|Win32
		{8DEA25B2-B54A-4BDE-A572-20FB86BCD046}.Debug|Win32.Build.0 = Debug|Win32
		{8DEA25B2-B54A-4BDE-A572-20FB86BCD046}.Release|Win32.ActiveCfg = Release|Win32
		{8DEA25B2-B54A-4BDE-A572-20FB86BCD046}.Release|Win32.Build.0 = Release|Win32
		{E2A9BA52-345F-4538-9291-68F3FC7617F5}.Debug|Win32.ActiveCfg = Debug|Win32
		{E2A9BA52-345F-4538-9291-68F3FC7617F5}.Debug|Win32.Build.0 = Debug|Win32
		{E2A9BA52-345F-4538-9291-68F3FC7617F5}.Release|Win32.ActiveCfg = Release|Win32
		{E2A9BA52-345F-4538-9291-68F3FC7617F5}.Release|Win32.Build.0 = Release|Win32
		{643D5705-B868-4A77-8E6A-17BEFD90F6C8}.Debug|Win32.ActiveCfg = Debug|Win32
		{643D5705-B868-4A77-8E6A-17BEFD90F6C8}.Debug|Win32.Build.0 = Debug|Win32
		{643D5705-B868-4A77-8E6A-17BEFD90F6C8}.Release|Win32.ActiveCfg = Release|Win32
		{643D5705-B868-4A77-8E6A-17BEFD90F6C8}.Release|Win32.Build.0 = Release|Win32
		{07804D85-D6E3-4A9C-B600-48DD65807835}.Debug|Win32.ActiveCfg = Debug|Win32
		{07804D85-D6E3-4A9C-B600-48DD65807835}.Debug|Win32.Build.0 = Debug|Win32
		{07804D85-D6E3-4A9C-B600-48DD65807835}.Release|Win32.ActiveCfg = Release|Win32
		{07804D85-D6E3-4A9C-B600-48DD65807835}.Release|Win32.Build.0 = Release|Win32
		{D9DAFB4C-B792-40D8-913E-A5FB1304A383}.Debug|Win32.ActiveCfg = Debug|Win32
		{D9DAFB4C-B792-40D8-913E-A5FB1304A383}.Debug|Win32.Build.0 = Debug|Win32
		{D9DAFB4C-B792-40D8-913E-A5FB1304A383}.Release|Win32.ActiveCfg = Release|Win32
		{D9DAFB4C-B792-40D8-913E-A5FB1304A383}.Release|Win32.Build.0 = Release|Win32
		{73823E0A-5C7D-4785-B42D-7F10221D5698}.Debug|Win32.ActiveCfg = Debug|Win32
		{73823E0A-5C7D-4785-B42D-7F10221D5698}.Debug|Win32.Build.0 = Debug|Win32
		{73823E0A-5C7D-4785-B42D-7F10221D5698}.Release|Win32.ActiveCfg = Release|Win32
		{73823E0A-5C7D-4785-B42D-7F10221D5698}.Release|Win32.Build.0 = Release|Win32
		{DB178717-F4B4-40C7-AD1A-CEDFB66D6313}.Debug|Win32.ActiveCfg = Debug|Win32
		{DB178717-F4B4-40C7-AD1A-CEDFB66D6313}.Debug|Win32.Build.0 = Debug|Win32
		{DB178717-F4B4-40C7-AD1A-CEDFB66D6313}.Release|Win32.ActiveCfg = Release|Win32
		{DB178717-F4B4-40C7-AD1A-CEDFB66D6313}.Release|Win32.Build.0 = Release|Win32
		{8D15F734-D022-4049-B6B2-B8CDE3845D00}.Debug|Win32.ActiveCfg = Debug|Win32
		{8D15F734-D022-4049-B6B2-B8CDE3845D00}.Debug|Win32.Build.0 = Debug|Win32
		{8D15F734-D022-4049-B6B2-B8CDE3845D00}.Release|Win32.ActiveCfg = Release|Win32
		{8D15F734-D022-4049-B6B2-B8CDE3845D00}.Release|Win32.Build.0 = Release|Win32
		{CEBDCC1E-C3FE-4E9A-B830-D3B43268C645}.Debug|Win32.ActiveCfg = Debug|Win32
		{CEBDCC1E-C3FE-4E9A-B830-D3B43268C645}.Debug|Win32.Build.0 = Debug|Win32
		{CEBDCC1E-C3FE-4E9A-B830-D3B43268C645}.Release|Win32.ActiveCfg = Release|Win32
		{CEBDCC1E-C3FE-4E9A-B830-D3B43268C645}.Release|Win32.Build.0 = Release|Win32
		{28F75E62-9AE5-49E2-BA2E-A5CD592505AF}.Debug|Win32.ActiveCfg = Debug|Win32
		{28F75E62-9AE5-49E2-BA2E-A5CD592505AF}.Debug|Win32.Build.0 = Debug|Win32
		{28F75E62-9AE5-49E2-BA2E-A5CD592505AF}.Release|Win32.ActiveCfg = Release|Win32
		{28F75E62-9AE5-49E2-BA2E-A5CD592505AF}.Release|Win32.Build.0 = Release|Win32
		{C01BDD71-C820-4EF9-A153-C92CF6A252C3}.Debug|Win32.ActiveCfg = Debug|Win32
		{C01BDD71-C820-4EF9-A153-C92CF6A252C3}.Debug|Win32.Build.0 = Debug|Win32
		{C01BDD71-C820-4EF9-A153-C92CF6A252C3}.Release|Win32.ActiveCfg = Release|Win32
		{C01BDD71-C820-4EF9-A153-C92CF6A252C3}.Release|Win32.Build.0 = Release|Win32
		{FA895CBA-DCA0-4539-B4CE-4E9D79195282}.Debug|Win32.ActiveCfg = Debug|Win32
		{FA895CBA-DCA0-4539-B4CE-4E9D79195282}.Debug|Win32.Build.0 = Debug|Win32
		{FA895CBA-DCA0-4539-B4CE-4E9D79195282}.Release|Win32.ActiveCfg = Release|Win32
		{FA895CBA-DCA0-4539-B4CE-4E9D79195282}.Release|Win32.Build.0 = Release|Win32
		{4A4F7F91-A802-4881-9459-94AAEB825CAF}.Debug|Win32.ActiveCfg = Debug|Win32
		{4A4F7F91-A802-4881-9459-94AAEB825CAF}.Debug|Win32.Build.0 = Debug|Win32
		{4A4F7F91-A802-4881-9459-94AAEB825CAF}.Release|Win32.ActiveCfg = Release|Win32
		{4A4F7F91-A802-4881-9459-94AAEB825CAF}.Release|Win32.Build.0 = Release|Win32
		{677775A1-798C-4F33-A703-546AFC56875C}.Debug|Win32.ActiveCfg = Debug|Win32
		{677775A1-798C-4F33-A703-546AFC56875C}.Debug|Win32.Build.0 = Debug|Win32
		{677775A1-798C-4F33-A703-546AFC56875C}.Release|Win32.ActiveCfg = Release|Win32
		{677775A1-798C-4F33-A703-546AFC56875C}.Release|Win32.Build.0 = Release|Win32
		{FA787FE3-301A-41E0-B5CE-C7E30C30A718}.Debug|Win32.ActiveCfg = Debug|Win32
		{FA787FE3-301A-41E0-B5CE-C7E30C30A718}.Debug|Win32.Build.0 = Debug|Win32
		{FA787FE3-301A-41E0-B5CE-C7E30C30A718}.Release|Win32.ActiveCfg = Release|Win32
		{FA787FE3-301A-41E0-B5CE-C7E30C30A718}.Release|Win32.Build.0 = Release|Win32
		{E0214AC8-3D49-4540-9D41-B9FAF1C7504E}.Debug|Win32.ActiveCfg = Debug|Win32
		{E0214AC8-3D49-4540-9D41-B9FAF1C7504E}.Debug|Win32.Build.0 = Debug|Win32
		{E0214AC8-3D49-4540-9D41-B9FAF1C7504E}.Release|Win32.ActiveCfg = Release|Win32
		{E0214AC8-3D49-4540-9D41-B9FAF1C7504E}.Release|Win32.Build.0 = Release|Win32
		{3A17210B-9672-442C-BC4C-235740FEFFC0}.Debug|Win32.ActiveCfg = Debug|Win32
		{3A17210B-9672-442C-BC4C-235740FEFFC0}.Debug|Win32.Build.0 = Debug|Win32
		{3A17210B-9672-442C-BC4C-235740FEFFC0}.Release|Win32.ActiveCfg = Release|Win32
		{3A17210B-9672-442C-BC4C-235740FEFFC0}.Release|Win32.Build.0 = Release|Win32
		{72640607-3DA1-4DA7-A377-75D9B0891E56}.Debug|Win32.ActiveCfg = Debug|Win32
		{72640607-3DA1-4DA7-A377-75D9B0891E56}.Debug|Win32.Build.0 = Debug|Win32
		{72640607-3DA1-4DA7-A377-75D9B0891E56}.Release|Win32.ActiveCfg = Release|Win32
		{72640607-3DA1-4DA7-A377-75D9B0891E56}.Release|Win32.Build.0 = Release|Win32
		{3899C603-022F-4A7C-869E-76975D077D5C}.Debug|Win32.ActiveCfg = Debug|Win32
		{3899C603-022F-4A7C-869E-76975D077D5C}.Debug|Win32.Build.0 = Debug|Win32
		{3899C603-022F-4A7C-869E-76975D077D5C}.Release|Win32.ActiveCfg = Release|Win32
		{3899C603-022F-4A7C-869E-76975D077D5C}.Release|Win32.Build.0 = Release|Win32
		{FD67F164-0E8B-47CA-BA37-BCD17525D7DF}.Debug|Win32.ActiveCfg = Debug|Win32
		{FD67F164-0E8B-47CA-BA37-BCD17525D7DF}.Debug|Win32.Build.0 = Debug|Win32
		{FD67F164-0E8B-47CA-BA37-BCD17525D7DF}.Release|Win32.ActiveCfg = Release|Win32
		{FD67F164-0E8B-47CA-BA37-BCD17525D7DF}.Release|Win32.Build.0 = Release|Win32
		{0BB8D011-2CEC-493C-8F5E-A1E63A375E69}.Debug|Win32.ActiveCfg = Debug|Win32
		{0BB8D011-2CEC-493C-8F5E-A1E63A375E69}.Debug|Win32.Build.0 = Debug|Win32
		{0BB8D011-2CEC-493C-8F5E-A1E63A375E69}.Release|Win32.ActiveCfg = Release|Win32
		{0BB8D011-2CEC-493C-8F5E-A1E63A375E69}.Release|Win32.Build.0 = Release|Win32
		{AF8102AC-E00C-4E7A-8313-3CA1241B14D7}.Debug|Win32.ActiveCfg = Debug|Win32
		{AF8102AC-E00C-4E7A-8313-3CA1241B14D7}.Debug|Win32.Build.0 = Debug|Win32
		{AF8102AC-E00C-4E7A-8313-3CA1241B14D7}.Release|Win32.ActiveCfg = Release|Win32
		{AF8102AC-E00C-4E7A-8313-3CA1241B14D7}.Release|Win32.Build.0 = Release|Win32
		{45D83A8A-850B-4488-A0D7-E708A39EF9F4}.Debug|Win32.ActiveCfg = Debug|Win32
		{45D83A8A-850B-4488-A0D7-E708A39EF9F4}.Debug|Win32.Build.0 = Debug|Win32
		{45D83A8A-850B-4488-A0D7-E708A39EF9F4}.Release|Win32.ActiveCfg = Release|Win32
		{45D83A8A-850B-4488-A0D7-E708A39EF9F4}.Release|Win32.Build.0 = Release|Win32
		{03935CAC-6FCE-4064-8595-5A5A7826D44D}.Debug|Win32.ActiveCfg = Debug|Win32
		{03935CAC-6FCE-4064-8595-5A5A7826D44D}.Debug|Win32.Build.0 = Debug|Win32
		{03935CAC-6FCE-4064-8595-5A5A7826D44D}.Release|Win32.ActiveCfg = Release|Win32
		{03935CAC-6FCE-4064-8595-5A5A7826D44D}.Release|Win32.Build.0 = Release|Win32
		{44A70A66-D0E4-4734-8005-ECDD0CF65C20}.Debug|Win32.ActiveCfg = Debug|Win32
		{44A70A66-D0E4-4734-8005-ECDD0CF65C20}.Debug|Win32.Build.0 = Debug|Win32
		{44A70A66-D0E4-4734-8005-ECDD0CF65C20}.Release|Win32.ActiveCfg = Release|Win32
		{44A70A66-D0E4-4734-8005-ECDD0CF65C20}.Release|Win32.Build.0 = Release|Win32
		{70DFF7ED-7543-4F3A-BE38-FCC77CD6D1E5}.Debug|Win32.ActiveCfg = Debug|Win32
		{70DFF7ED-7543-4F3A-BE38-FCC77CD6D1E5}.Debug|Win32.Build.0 = Debug|Win32
		{70DFF7ED-7543-4F3A-BE38-FCC77CD6D1E5}.Release|Win32.ActiveCfg = Release|Win32
		{70DFF7ED-7543-4F3A-BE38-FCC77CD6D1E5}.Release|Win32.Build.0 = Release|Win32
		{B272A428-EFD7-4970-BBE1-A5F31E0C8911}.Debug|Win32.ActiveCfg = Debug|Win32
		{B272A428-EFD7-4970-BBE1-A5F31E0C8911}.Debug|Win32.Build.0 = Debug|Win32
		{B272A428-EFD7-4970-BBE1-A5F31E0C8911}.Release|Win32.ActiveCfg = Release|Win32
		{B272A428-EFD7-4970-BBE1-A5F31E0C8911}.Release|Win32.Build.0 = Release|Win32
		{F2C7C449-A4B9-46D2-ACB6-D5A1C52F7814}.Debug|Win32.ActiveCfg = Debug|Win32
		{F2C7C449-A4B9-46D2-ACB6-D5A1C52F7814}.Debug|Win32.Build.0 = Debug|Win32
		{F2C7C449-A4B9-46D2-ACB6-D5A1C52F7814}.Release|Win32.ActiveCfg = Release|Win32
		{F2C7C449-A4B9-46D2-ACB6-D5A1C52F7814}.Release|Win32.Build.0 = Release|Win32
		{D1637FE7-8B48-4B0B-81A2-66984FE46CA4}.Debug|Win32.ActiveCfg = Debug|Win32
		{D1637FE7-8B48-4B0B-81A2-66984FE46CA4}.Debug|Win32.Build.0 = Debug|Win32
		{D1637FE7-8B48-4B0B-81A2-66984FE46CA4}.Release|Win32.ActiveCfg = Release|Win32
		{D1637FE7-8B48-4B0B-81A2-66984FE46CA4}.Release|Win32.Build.0 = Release|Win32
		{3FF8A41C-0672-4B72-8677-E8F0438B848F}.Debug|Win32.ActiveCfg = Debug|Win32
		{3FF8A41C-0672-4B72-8677-E8F0438B848F}.Debug|Win32.Build.0 = Debug|Win32
		{3FF8A41C-0672-4B72-8677-E8F0438B848F}.Release|Win32.ActiveCfg = Release|Win32
		{3FF8A41C-0672-4B72-8677-E8F0438B848F}.Release|Win32.Build.0 = Release|Win32
		{6B15728F-E00B-46B5-8961-E407695ABF7C}.Debug|Win32.ActiveCfg = Debug|Win32
		{6B15728F-E00B-46B5-8961-E407695ABF7C}.Debug|Win32.Build.0 = Debug|Win32
		{6B15728F-E00B-46B5-8961-E407695ABF7C}.Release|Win32.ActiveCfg = Release|Win32
		{6B15728F-E00B-46B5-8961-E407695ABF7C}.Release|Win32.Build.0 = Release|Win32
		{F65B5E57-8A19-4D71-BCB7-C80BC575A47D}.Debug|Win32.ActiveCfg = Debug|Win32
		{F65B5E57-8A19-4D71-BCB7-C80BC575A47D}.Debug|Win32.Build.0 = Debug|Win32
		{F65B5E57-8A19-4D71-BCB7-C80BC575A47D}.Release|Win32.ActiveCfg = Release|Win32
		{F65B5E57-8A19-4D71-BCB7-C80BC575A47D}.Release|Win32.Build.0 = Release|Win32
		{B144CAC0-81E4-4F92-9E6D-252CC12F3FD4}.Debug|Win32.ActiveCfg = Debug|Win32
		{B144CAC0-81E4-4F92-9E6D-252CC12F3FD4}.Debug|Win32.Build.0 = Debug|Win32
		{B144CAC0-81E4-4F92-9E6D-252CC12F3FD4}.Release|Win32.ActiveCfg = Release|Win32
		{B144CAC0-81E4-4F92-9E6D-252CC12F3FD4}.Release|Win32.Build.0 = Release|Win32
		{D2C4BE28-73F2-49EE-B61C-3668CE1D790D}.Debug|Win32.ActiveCfg = Debug|Win32
		{D2C4BE28-73F2-49EE-B61C-3668CE1D790D}.Debug|Win32.Build.0 = Debug|Win32
		{D2C4BE28-73F2-49EE-B61C-3668CE1D790D}.Release|Win32.ActiveCfg = Release|Win32
		{D2C4BE28-73F2-49EE-B61C-3668CE1D790D}.Release|Win32.Build.0 = Release|Win32
		{299C3272-DB66-4B45-9444-7BFFE0B67E0E}.Debug|Win32.ActiveCfg = Debug|Win32
		{299C3272-DB66-4B45-9444-7BFFE0B67E0E}.Debug|Win32.Build.0 = Debug|Win32
		{299C3272-DB66-4B45-9444-7BFFE0B67E0E}.Release|Win32.ActiveCfg = Release|Win32
		{299C3272-DB66-4B45-9444-7BFFE0B67E0E}.Release|Win32.Build.0 = Release|Win32
		{CFBDCCF8-D245-46A4-9840-485429938441}.Debug|Win32.ActiveCfg = Debug|Win32
		{CFBDCCF8-D245-46A4-9840-485429938441}.Debug|Win32.Build.0 = Debug|Win32
		{CFBDCCF8-D245-46A4-9840-485429938441}.Release|Win32.ActiveCfg = Release|Win32
		{CFBDCCF8-D245-46A4-9840-485429938441}.Release|Win32.Build.0 = Release|Win32
		{1C7805E6-3FDA-414E-89AD-081A1F15898A}.Debug|Win32.ActiveCfg = Debug|Win32
		{1C7805E6-3FDA-414E-89AD-081A1F15898A}.Debug|Win32.Build.0 = Debug|Win32
		{1C7805E6-3FDA-414E-89AD-081A1F15898A}.Release|Win32.ActiveCfg = Release|Win32
		{1C7805E6-3FDA-414E-89AD-081A1F15898A}.Release|Win32.Build.0 = Release|Win32
		{924160F4-B4AF-44AF-B599-09F1713B1270}.Debug|Win32.ActiveCfg = Debug|Win32
		{924160F4-B4AF-44AF-B599-09F1713B1270}.Debug|Win32.Build.0 = Debug|Win32
		{924160F4-B4AF-44AF-B599-09F1713B1270}.Release|Win32.ActiveCfg = Release|Win32
		{924160F4-B4AF-44AF-B599-09F1713B1270}.Release|Win32.Build.0 = Release|Win32
		{1053D204-9B69-40BF-92CC-860752E200D0}.Debug|Win32.ActiveCfg = Debug|Win32
		{1053D204-9B69-40BF-92CC-860752E200D0}.Debug|Win32.Build.0 = Debug|Win32
		{1053D204-9B69-40BF-92CC-860752E200D0}.Release|Win32.ActiveCfg = Release|Win32
		{1053D204-9B69-40BF-92CC-860752E200D0}.Release|Win32.Build.0 = Release|Win32
		{4C169B2E-6DE8-4BFA-AAE1-45F64C042136}.Debug|Win32.ActiveCfg = Debug|Win32
		{4C169B2E-6DE8-4BFA-AAE1-45F64C042136}.Debug|Win32.Build.0 = Debug|Win32
		{4C169B2E-6DE8-4BFA-AAE1-45F64C042136}.Release|Win32.ActiveCfg = Release|Win32
		{4C169B2E-6DE8-4BFA-AAE1-45F64C042136}.Release|Win32.Build.0 = Release|Win32
		{13AD1B48-1644-461F-9C16-B64FE5B12D79}.Debug|Win32.ActiveCfg = Debug|Win32
		{13AD1B48-1644-461F-9C16-B64FE5B12D79}.Debug|Win32.Build.0 = Debug|Win32
		{13AD1B48-1644-461F-9C16-B64FE5B12D79}.Release|Win32.ActiveCfg = Release|Win32
		{13AD1B48-1644-461F-9C16-B64FE5B12D79}.Release|Win32.Build.0 = Release|Win32
		{529A9C3D-E429-4128-911B-3D68F7FC0FDB}.Debug|Win32.ActiveCfg = Debug|Win32
		{529A9C3D-E429-4128-911B-3D68F7FC0FDB}.Debug|Win32.Build.0 = Debug|Win32
		{529A9C3D-E429-4128-911B-3D68F7FC0FDB}.Release|Win32.ActiveCfg = Release|Win32
		{529A9C3D-E429-4128-911B-3D68F7FC0FDB}.Release|Win32.Build.0 = Release|Win32
		{82288C1F-279B-4FE6-AC8A-18B4FDAB7BE1}.Debug|Win32.ActiveCfg = Debug|Win32
		{82288C1F-279B-4FE6-AC8A-18B4FDAB7BE1}.Debug|Win32.Build.0 = Debug|Win32
		{82288C1F-279B-4FE6-AC8A-18B4FDAB7BE1}.Release|Win32.ActiveCfg = Release|Win32
		{82288C1F-279B-4FE6-AC8A-18B4FDAB7BE1}.Release|Win32.Build.0 = Release|Win32
		{B09BB515-33BE-468C-8290-81FC322805E0}.Debug|Win32.ActiveCfg = Debug|Win32
		{B09BB515-33BE-468C-8290-81FC322805E0}.Debug|Win32.Build.0 = Debug|Win32
		{B09BB515-33BE-468C-8290-81FC322805E0}.Release|Win32.ActiveCfg = Release|Win32
		{B09BB515-33BE-468C-8290-81FC322805E0}.Release|Win32.Build.0 = Release|Win32
		{A1E2C405-8E90-4B6D-AC8F-FF259A7629AC}.Debug|Win32.ActiveCfg = Debug|Win32
		{A1E2C405-8E90-4B6D-AC8F-FF259A7629AC}.Debug|Win32.Build.0 = Debug|Win32
		{A1E2C405-8E90-4B6D-AC8F-FF259A7629AC}.Release|Win32.ActiveCfg = Release|Win32
		{A1E2C405-8E90-4B6D-AC8F-FF259A7629AC}.Release|Win32.Build.0 = Release|Win32
		{707A6B90-9FB4-4CF4-9ACA-6222CFA18D9A}.Debug|Win32.ActiveCfg = Debug|Win32
		{707A6B90-9FB4-4CF4-9ACA-6222CFA18D9A}.Debug|Win32.Build.0 = Debug|Win32
		{707A6B90-9FB4-4CF4-9ACA-6222CFA18D9A}.Release|Win32.ActiveCfg = Release|Win32
		{707A6B90-9FB4-4CF4-9ACA-6222CFA18D9A}.Release|Win32.Build.0 = Release|Win32
		{D5D2D36F-358D-43FA-B296-7192867B7224}.Debug|Win32.ActiveCfg = Debug|Win32
		{D5D2D36F-358D-43FA-B296-7192867B7224}.Debug|Win32.Build.0 = Debug|Win32
		{D5D2D36F-358D-43FA-B296-7192867B7224}.Release|Win32.ActiveCfg = Release|Win32
		{D5D2D36F-358D-43FA-B296-7192867B7224}.Release|Win32.Build.0 = Release|Win32
		{82014D93-91CF-49B8-A063-648FF219A996}.Debug|Win32.ActiveCfg = Debug|Win32
		{82014D93-91CF-49B8-A063-648FF219A996}.Debug|Win32.Build.0 = Debug|Win32
		{82014D93-91CF-49B8-A063-648FF219A996}.Release|Win32.ActiveCfg = Release|Win32
		{82014D93-91CF-49B8-A063-648FF219A996}.Release|Win32.Build.0 = Release|Win32
		{C3FC2734-BCD5-403A-BE50-7C874F93BDB3}.Debug|Win32.ActiveCfg = Debug|Win32
		{C3FC2734-BCD5-403A-BE50-7C874F93BDB3}.Debug|Win32.Build.0 = Debug|Win32
		{C3FC2734-BCD5-403A-BE50-7C874F93BDB3}.Release|Win32.ActiveCfg = Release|Win32
		{C3FC2734-BCD5-403A-BE50-7C874F93BDB3}.Release|Win32.Build.0 = Release|Win32
		{CCF3A00A-FFE1-4941-8A57-5F71EDDFC3D9}.Debug|Win32.ActiveCfg = Debug|Win32
		{CCF3A00A-FFE1-4941-8A57-5F71EDDFC3D9}.Debug|Win32.Build.0 = Debug|Win32
		{CCF3A00A-FFE1-4941-8A57-5F71EDDFC3D9}.Release|Win32.ActiveCfg = Release|Win32
		{CCF3A00A-FFE1-4941-8A57-5F71EDDFC3D9}.Release|Win32.Build.0 = Release|Win32
		{80E94E2F-B06C-4B8B-9B6C-88F9FE66B09B}.Debug|Win32.ActiveCfg = Debug|Win32
		{80E94E2F-B06C-4B8B-9B6C-88F9FE66B09B}.Debug|Win32.Build.0 = Debug|Win32
		{80E94E2F-B06C-4B8B-9B6C-88F9FE66B09B}.Release|Win32.ActiveCfg = Release|Win32
		{80E94E2F-B06C-4B8B-9B6C-88F9FE66B09B}.Release|Win32.Build.0 = Release|Win32
		{92D19D62-5A91-436F-BCAC-672018B7B67B}.Debug|Win32.ActiveCfg = Debug|Win32
		{92D19D62-5A91-436F-BCAC-672018B7B67B}.Debug|Win32.Build.0 = Debug|Win32
		{92D19D62-5A91-436F-BCAC-672018B7B67B}.Release|Win32.ActiveCfg = Release|Win32
		{92D19D62-5A91-436F-BCAC-672018B7B67B}.Release|Win32.Build.0 = Release|Win32
		{B8418DCB-E6A4-4C39-97FC-E57B694A4512}.Debug|Win32.ActiveCfg = Debug|Win32
		{B8418DCB-E6A4-4C39-97FC-E57B694A4512}.Debug|Win32.Build.0 = Debug|Win32
		{B8418DCB-E6A4-4C39-97FC-E57B694A4512}.Release|Win32.ActiveCfg = Release|Win32
		{B8418DCB-E6A4-4C39-97FC-E57B694A4512}.Release|Win32.Build.0 = Release|Win32
		{5CA72478-69D3-4ECB-A4FC-C4F3B9B9E370}.Debug|Win32.ActiveCfg = Debug|Win32
		{5CA72478-69D3-4ECB-A4FC-C4F3B9B9E370}.Debug|Win32.Build.0 = Debug|Win32
		{5CA72478-69D3-4ECB-A4FC-C4F3B9B9E370}.Release|Win32.ActiveCfg = Release|Win32
		{5CA72478-69D3-4ECB-A4FC-C4F3B9B9E370}.Release|Win32.Build.0 = Release|Win32
		{597EDEF1-E7A2-4CCB-A036-13D81A98F053}.Debug|Win32.ActiveCfg = Debug|Win32
		{597EDEF1-E7A2-4CCB-A036-13D81A98F053}.Debug|Win32.Build.0 = Debug|Win32
		{597EDEF1-E7A2-4CCB-A036-13D81A98F053}.Release|Win32.ActiveCfg = Release|Win32
		{597EDEF1-E7A2-4CCB-A036-13D81A98F053}.Release|Win32.Build.0 = Release|Win32
		{BFA3C1E2-BC09-4DF8-AB69-680C5EE9A7B1}.Debug|Win32.ActiveCfg = Debug|Win32
		{BFA3C1E2-BC09-4DF8-AB69-680C5EE9A7B1}.Debug|Win32.Build.0 = Debug|Win32
		{BFA3C1E2-BC09-4DF8-AB69-680C5EE9A7B1}.Release|Win32.ActiveCfg = Release|Win32
		{BFA3C1E2-BC09-4DF8-AB69-680C5EE9A7B1}.Release|Win32.Build.0 = Release|Win32
	EndGlobalSection
	GlobalSection(SolutionProperties) = preSolution
		HideSolutionNode = FALSE
	EndGlobalSection
EndGlobal
