
Microsoft Visual Studio Solution File, Format Version 11.00
# Visual C++ Express 2010
Project("{8BC9CEB8-8B4A-11D0-8D11-00A0C91BC942}") = "0201_SqList", "0201_SqList\0201_SqList.vcxproj", "{4DDF7C1A-9DF8-4983-B478-1B8928B8A239}"
EndProject
Project("{8BC9CEB8-8B4A-11D0-8D11-00A0C91BC942}") = "0202_Union", "0202_Union\0202_Union.vcxproj", "{5C53EFFE-EE74-42B8-875C-CFB7B2659917}"
EndProject
Project("{8BC9CEB8-8B4A-11D0-8D11-00A0C91BC942}") = "0203_MergeSqList", "0203_MergeSqList\0203_MergeSqList.vcxproj", "{D3309A60-3384-4EB0-9392-BEB5BF9934BF}"
EndProject
Project("{8BC9CEB8-8B4A-11D0-8D11-00A0C91BC942}") = "0204_LinkList", "0204_LinkList\0204_LinkList.vcxproj", "{8818D7C5-70C7-4649-9690-ACB30147C37B}"
EndProject
Project("{8BC9CEB8-8B4A-11D0-8D11-00A0C91BC942}") = "0205_MergeList", "0205_MergeList\0205_MergeList.vcxproj", "{DC3475CD-A081-423F-BCE5-14464B66F475}"
EndProject
Project("{8BC9CEB8-8B4A-11D0-8D11-00A0C91BC942}") = "0206_SLinkList", "0206_SLinkList\0206_SLinkList.vcxproj", "{C0C969A9-926E-4AE3-87AC-F73CB04D0BC7}"
EndProject
Project("{8BC9CEB8-8B4A-11D0-8D11-00A0C91BC942}") = "0207_Difference", "0207_Difference\0207_Difference.vcxproj", "{EB17D84C-751A-4261-BE9F-B02951BF8E51}"
EndProject
Project("{8BC9CEB8-8B4A-11D0-8D11-00A0C91BC942}") = "0208_DuLinkList", "0208_DuLinkList\0208_DuLinkList.vcxproj", "{6816DB4B-DC29-4BF4-8D93-F6B00444FD37}"
EndProject
Project("{8BC9CEB8-8B4A-11D0-8D11-00A0C91BC942}") = "0209_ELinkList", "0209_ELinkList\0209_ELinkList.vcxproj", "{2FE48840-F7BB-4DC7-B3D9-4AFF2B35206B}"
EndProject
Project("{8BC9CEB8-8B4A-11D0-8D11-00A0C91BC942}") = "0210_MergeEList", "0210_MergeEList\0210_MergeEList.vcxproj", "{58E663CD-DDC0-48B4-BE73-5AA11CEED026}"
EndProject
Project("{8BC9CEB8-8B4A-11D0-8D11-00A0C91BC942}") = "0211_Polynomial", "0211_Polynomial\0211_Polynomial.vcxproj", "{BA5E9196-08EF-4F25-9F82-D35296370F52}"
EndProject
Project("{8BC9CEB8-8B4A-11D0-8D11-00A0C91BC942}") = "0301_SqStack", "0301_SqStack\0301_SqStack.vcxproj", "{CBC87773-9686-4E77-BE7E-1335A673E0E1}"
EndProject
Project("{8BC9CEB8-8B4A-11D0-8D11-00A0C91BC942}") = "0302_Conversion", "0302_Conversion\0302_Conversion.vcxproj", "{B1FD90AC-75CE-404C-907E-8D939C078D79}"
EndProject
Project("{8BC9CEB8-8B4A-11D0-8D11-00A0C91BC942}") = "0303_LineEdit", "0303_LineEdit\0303_LineEdit.vcxproj", "{55BB85DE-4B42-4EF0-BBF8-F5E03A518376}"
EndProject
Project("{8BC9CEB8-8B4A-11D0-8D11-00A0C91BC942}") = "0304_Maze", "0304_Maze\0304_Maze.vcxproj", "{38C80F0E-757B-4E11-93F2-C2666AF3617F}"
EndProject
Project("{8BC9CEB8-8B4A-11D0-8D11-00A0C91BC942}") = "0305_Expression", "0305_Expression\0305_Expression.vcxproj", "{71331A05-F03F-41E1-A7BD-D6F9D2944D8D}"
EndProject
Project("{8BC9CEB8-8B4A-11D0-8D11-00A0C91BC942}") = "0306_Hanoi", "0306_Hanoi\0306_Hanoi.vcxproj", "{B92DECE4-A1D8-4A31-904B-C2441A1BB053}"
EndProject
Project("{8BC9CEB8-8B4A-11D0-8D11-00A0C91BC942}") = "0307_LinkQueue", "0307_LinkQueue\0307_LinkQueue.vcxproj", "{9ECA0672-0E13-4324-B2EA-1A8153348085}"
EndProject
Project("{8BC9CEB8-8B4A-11D0-8D11-00A0C91BC942}") = "0308_SqQueue", "0308_SqQueue\0308_SqQueue.vcxproj", "{28EB7738-3109-4B98-B312-1B3D1DD91DDF}"
EndProject
Project("{8BC9CEB8-8B4A-11D0-8D11-00A0C91BC942}") = "0309_BankQueuing", "0309_BankQueuing\0309_BankQueuing.vcxproj", "{C44F604C-F8CD-498E-A3EF-04FCF37AA303}"
EndProject
Project("{8BC9CEB8-8B4A-11D0-8D11-00A0C91BC942}") = "0401_SString", "0401_SString\0401_SString.vcxproj", "{7D94FA2D-43E5-4EA0-AEBF-119C156C98FF}"
EndProject
Project("{8BC9CEB8-8B4A-11D0-8D11-00A0C91BC942}") = "0402_HString", "0402_HString\0402_HString.vcxproj", "{A1D8A416-186E-4691-B8E7-ED7DE605AA4C}"
EndProject
Project("{8BC9CEB8-8B4A-11D0-8D11-00A0C91BC942}") = "0403_LString", "0403_LString\0403_LString.vcxproj", "{6D29CF1A-DFF3-4730-A587-EEEA5B3673F2}"
EndProject
Project("{8BC9CEB8-8B4A-11D0-8D11-00A0C91BC942}") = "0404_KMP", "0404_KMP\0404_KMP.vcxproj", "{5D2A1F0B-F177-43A9-873A-56C7E08E6987}"
EndProject
Project("{8BC9CEB8-8B4A-11D0-8D11-00A0C91BC942}") = "0405_WordList", "0405_WordList\0405_WordList.vcxproj", "{FA2740D7-2D96-4F57-AE79-FCDA5C13CA86}"
EndProject
Global
	GlobalSection(SolutionConfigurationPlatforms) = preSolution
		Debug|Win32 = Debug|Win32
		Release|Win32 = Release|Win32
	EndGlobalSection
	GlobalSection(ProjectConfigurationPlatforms) = postSolution
		{4DDF7C1A-9DF8-4983-B478-1B8928B8A239}.Debug|Win32.ActiveCfg = Debug|Win32
		{4DDF7C1A-9DF8-4983-B478-1B8928B8A239}.Debug|Win32.Build.0 = Debug|Win32
		{4DDF7C1A-9DF8-4983-B478-1B8928B8A239}.Release|Win32.ActiveCfg = Release|Win32
		{4DDF7C1A-9DF8-4983-B478-1B8928B8A239}.Release|Win32.Build.0 = Release|Win32
		{5C53EFFE-EE74-42B8-875C-CFB7B2659917}.Debug|Win32.ActiveCfg = Debug|Win32
		{5C53EFFE-EE74-42B8-875C-CFB7B2659917}.Debug|Win32.Build.0 = Debug|Win32
		{5C53EFFE-EE74-42B8-875C-CFB7B2659917}.Release|Win32.ActiveCfg = Release|Win32
		{5C53EFFE-EE74-42B8-875C-CFB7B2659917}.Release|Win32.Build.0 = Release|Win32
		{D3309A60-3384-4EB0-9392-BEB5BF9934BF}.Debug|Win32.ActiveCfg = Debug|Win32
		{D3309A60-3384-4EB0-9392-BEB5BF9934BF}.Debug|Win32.Build.0 = Debug|Win32
		{D3309A60-3384-4EB0-9392-BEB5BF9934BF}.Release|Win32.ActiveCfg = Release|Win32
		{D3309A60-3384-4EB0-9392-BEB5BF9934BF}.Release|Win32.Build.0 = Release|Win32
		{8818D7C5-70C7-4649-9690-ACB30147C37B}.Debug|Win32.ActiveCfg = Debug|Win32
		{8818D7C5-70C7-4649-9690-ACB30147C37B}.Debug|Win32.Build.0 = Debug|Win32
		{8818D7C5-70C7-4649-9690-ACB30147C37B}.Release|Win32.ActiveCfg = Release|Win32
		{8818D7C5-70C7-4649-9690-ACB30147C37B}.Release|Win32.Build.0 = Release|Win32
		{DC3475CD-A081-423F-BCE5-14464B66F475}.Debug|Win32.ActiveCfg = Debug|Win32
		{DC3475CD-A081-423F-BCE5-14464B66F475}.Debug|Win32.Build.0 = Debug|Win32
		{DC3475CD-A081-423F-BCE5-14464B66F475}.Release|Win32.ActiveCfg = Release|Win32
		{DC3475CD-A081-423F-BCE5-14464B66F475}.Release|Win32.Build.0 = Release|Win32
		{C0C969A9-926E-4AE3-87AC-F73CB04D0BC7}.Debug|Win32.ActiveCfg = Debug|Win32
		{C0C969A9-926E-4AE3-87AC-F73CB04D0BC7}.Debug|Win32.Build.0 = Debug|Win32
		{C0C969A9-926E-4AE3-87AC-F73CB04D0BC7}.Release|Win32.ActiveCfg = Release|Win32
		{C0C969A9-926E-4AE3-87AC-F73CB04D0BC7}.Release|Win32.Build.0 = Release|Win32
		{EB17D84C-751A-4261-BE9F-B02951BF8E51}.Debug|Win32.ActiveCfg = Debug|Win32
		{EB17D84C-751A-4261-BE9F-B02951BF8E51}.Debug|Win32.Build.0 = Debug|Win32
		{EB17D84C-751A-4261-BE9F-B02951BF8E51}.Release|Win32.ActiveCfg = Release|Win32
		{EB17D84C-751A-4261-BE9F-B02951BF8E51}.Release|Win32.Build.0 = Release|Win32
		{6816DB4B-DC29-4BF4-8D93-F6B00444FD37}.Debug|Win32.ActiveCfg = Debug|Win32
		{6816DB4B-DC29-4BF4-8D93-F6B00444FD37}.Debug|Win32.Build.0 = Debug|Win32
		{6816DB4B-DC29-4BF4-8D93-F6B00444FD37}.Release|Win32.ActiveCfg = Release|Win32
		{6816DB4B-DC29-4BF4-8D93-F6B00444FD37}.Release|Win32.Build.0 = Release|Win32
		{2FE48840-F7BB-4DC7-B3D9-4AFF2B35206B}.Debug|Win32.ActiveCfg = Debug|Win32
		{2FE48840-F7BB-4DC7-B3D9-4AFF2B35206B}.Debug|Win32.Build.0 = Debug|Win32
		{2FE48840-F7BB-4DC7-B3D9-4AFF2B35206B}.Release|Win32.ActiveCfg = Release|Win32
		{2FE48840-F7BB-4DC7-B3D9-4AFF2B35206B}.Release|Win32.Build.0 = Release|Win32
		{58E663CD-DDC0-48B4-BE73-5AA11CEED026}.Debug|Win32.ActiveCfg = Debug|Win32
		{58E663CD-DDC0-48B4-BE73-5AA11CEED026}.Debug|Win32.Build.0 = Debug|Win32
		{58E663CD-DDC0-48B4-BE73-5AA11CEED026}.Release|Win32.ActiveCfg = Release|Win32
		{58E663CD-DDC0-48B4-BE73-5AA11CEED026}.Release|Win32.Build.0 = Release|Win32
		{BA5E9196-08EF-4F25-9F82-D35296370F52}.Debug|Win32.ActiveCfg = Debug|Win32
		{BA5E9196-08EF-4F25-9F82-D35296370F52}.Debug|Win32.Build.0 = Debug|Win32
		{BA5E9196-08EF-4F25-9F82-D35296370F52}.Release|Win32.ActiveCfg = Release|Win32
		{BA5E9196-08EF-4F25-9F82-D35296370F52}.Release|Win32.Build.0 = Release|Win32
		{CBC87773-9686-4E77-BE7E-1335A673E0E1}.Debug|Win32.ActiveCfg = Debug|Win32
		{CBC87773-9686-4E77-BE7E-1335A673E0E1}.Debug|Win32.Build.0 = Debug|Win32
		{CBC87773-9686-4E77-BE7E-1335A673E0E1}.Release|Win32.ActiveCfg = Release|Win32
		{CBC87773-9686-4E77-BE7E-1335A673E0E1}.Release|Win32.Build.0 = Release|Win32
		{B1FD90AC-75CE-404C-907E-8D939C078D79}.Debug|Win32.ActiveCfg = Debug|Win32
		{B1FD90AC-75CE-404C-907E-8D939C078D79}.Debug|Win32.Build.0 = Debug|Win32
		{B1FD90AC-75CE-404C-907E-8D939C078D79}.Release|Win32.ActiveCfg = Release|Win32
		{B1FD90AC-75CE-404C-907E-8D939C078D79}.Release|Win32.Build.0 = Release|Win32
		{55BB85DE-4B42-4EF0-BBF8-F5E03A518376}.Debug|Win32.ActiveCfg = Debug|Win32
		{55BB85DE-4B42-4EF0-BBF8-F5E03A518376}.Debug|Win32.Build.0 = Debug|Win32
		{55BB85DE-4B42-4EF0-BBF8-F5E03A518376}.Release|Win32.ActiveCfg = Release|Win32
		{55BB85DE-4B42-4EF0-BBF8-F5E03A518376}.Release|Win32.Build.0 = Release|Win32
		{38C80F0E-757B-4E11-93F2-C2666AF3617F}.Debug|Win32.ActiveCfg = Debug|Win32
		{38C80F0E-757B-4E11-93F2-C2666AF3617F}.Debug|Win32.Build.0 = Debug|Win32
		{38C80F0E-757B-4E11-93F2-C2666AF3617F}.Release|Win32.ActiveCfg = Release|Win32
		{38C80F0E-757B-4E11-93F2-C2666AF3617F}.Release|Win32.Build.0 = Release|Win32
		{71331A05-F03F-41E1-A7BD-D6F9D2944D8D}.Debug|Win32.ActiveCfg = Debug|Win32
		{71331A05-F03F-41E1-A7BD-D6F9D2944D8D}.Debug|Win32.Build.0 = Debug|Win32
		{71331A05-F03F-41E1-A7BD-D6F9D2944D8D}.Release|Win32.ActiveCfg = Release|Win32
		{71331A05-F03F-41E1-A7BD-D6F9D2944D8D}.Release|Win32.Build.0 = Release|Win32
		{B92DECE4-A1D8-4A31-904B-C2441A1BB053}.Debug|Win32.ActiveCfg = Debug|Win32
		{B92DECE4-A1D8-4A31-904B-C2441A1BB053}.Debug|Win32.Build.0 = Debug|Win32
		{B92DECE4-A1D8-4A31-904B-C2441A1BB053}.Release|Win32.ActiveCfg = Release|Win32
		{B92DECE4-A1D8-4A31-904B-C2441A1BB053}.Release|Win32.Build.0 = Release|Win32
		{9ECA0672-0E13-4324-B2EA-1A8153348085}.Debug|Win32.ActiveCfg = Debug|Win32
		{9ECA0672-0E13-4324-B2EA-1A8153348085}.Debug|Win32.Build.0 = Debug|Win32
		{9ECA0672-0E13-4324-B2EA-1A8153348085}.Release|Win32.ActiveCfg = Release|Win32
		{9ECA0672-0E13-4324-B2EA-1A8153348085}.Release|Win32.Build.0 = Release|Win32
		{28EB7738-3109-4B98-B312-1B3D1DD91DDF}.Debug|Win32.ActiveCfg = Debug|Win32
		{28EB7738-3109-4B98-B312-1B3D1DD91DDF}.Debug|Win32.Build.0 = Debug|Win32
		{28EB7738-3109-4B98-B312-1B3D1DD91DDF}.Release|Win32.ActiveCfg = Release|Win32
		{28EB7738-3109-4B98-B312-1B3D1DD91DDF}.Release|Win32.Build.0 = Release|Win32
		{C44F604C-F8CD-498E-A3EF-04FCF37AA303}.Debug|Win32.ActiveCfg = Debug|Win32
		{C44F604C-F8CD-498E-A3EF-04FCF37AA303}.Debug|Win32.Build.0 = Debug|Win32
		{C44F604C-F8CD-498E-A3EF-04FCF37AA303}.Release|Win32.ActiveCfg = Release|Win32
		{C44F604C-F8CD-498E-A3EF-04FCF37AA303}.Release|Win32.Build.0 = Release|Win32
		{7D94FA2D-43E5-4EA0-AEBF-119C156C98FF}.Debug|Win32.ActiveCfg = Debug|Win32
		{7D94FA2D-43E5-4EA0-AEBF-119C156C98FF}.Debug|Win32.Build.0 = Debug|Win32
		{7D94FA2D-43E5-4EA0-AEBF-119C156C98FF}.Release|Win32.ActiveCfg = Release|Win32
		{7D94FA2D-43E5-4EA0-AEBF-119C156C98FF}.Release|Win32.Build.0 = Release|Win32
		{A1D8A416-186E-4691-B8E7-ED7DE605AA4C}.Debug|Win32.ActiveCfg = Debug|Win32
		{A1D8A416-186E-4691-B8E7-ED7DE605AA4C}.Debug|Win32.Build.0 = Debug|Win32
		{A1D8A416-186E-4691-B8E7-ED7DE605AA4C}.Release|Win32.ActiveCfg = Release|Win32
		{A1D8A416-186E-4691-B8E7-ED7DE605AA4C}.Release|Win32.Build.0 = Release|Win32
		{6D29CF1A-DFF3-4730-A587-EEEA5B3673F2}.Debug|Win32.ActiveCfg = Debug|Win32
		{6D29CF1A-DFF3-4730-A587-EEEA5B3673F2}.Debug|Win32.Build.0 = Debug|Win32
		{6D29CF1A-DFF3-4730-A587-EEEA5B3673F2}.Release|Win32.ActiveCfg = Release|Win32
		{6D29CF1A-DFF3-4730-A587-EEEA5B3673F2}.Release|Win32.Build.0 = Release|Win32
		{5D2A1F0B-F177-43A9-873A-56C7E08E6987}.Debug|Win32.ActiveCfg = Debug|Win32
		{5D2A1F0B-F177-43A9-873A-56C7E08E6987}.Debug|Win32.Build.0 = Debug|Win32
		{5D2A1F0B-F177-43A9-873A-56C7E08E6987}.Release|Win32.ActiveCfg = Release|Win32
		{5D2A1F0B-F177-43A9-873A-56C7E08E6987}.Release|Win32.Build.0 = Release|Win32
		{FA2740D7-2D96-4F57-AE79-FCDA5C13CA86}.Debug|Win32.ActiveCfg = Debug|Win32
		{FA2740D7-2D96-4F57-AE79-FCDA5C13CA86}.Debug|Win32.Build.0 = Debug|Win32
		{FA2740D7-2D96-4F57-AE79-FCDA5C13CA86}.Release|Win32.ActiveCfg = Release|Win32
		{FA2740D7-2D96-4F57-AE79-FCDA5C13CA86}.Release|Win32.Build.0 = Release|Win32
	EndGlobalSection
	GlobalSection(SolutionProperties) = preSolution
		HideSolutionNode = FALSE
	EndGlobalSection
EndGlobal
