
Microsoft Visual Studio Solution File, Format Version 11.00
# Visual C++ Express 2010
Project("{8BC9CEB8-8B4A-11D0-8D11-00A0C91BC942}") = "0201_SqList", "0201_SqList\0201_SqList.vcxproj", "{4DDF7C1A-9DF8-4983-B478-1B8928B8A239}"
EndProject
Project("{8BC9CEB8-8B4A-11D0-8D11-00A0C91BC942}") = "0202_Union", "0202_Union\0202_Union.vcxproj", "{5C53EFFE-EE74-42B8-875C-CFB7B2659917}"
EndProject
Project("{8BC9CEB8-8B4A-11D0-8D11-00A0C91BC942}") = "0203_MergeSqList", "0203_MergeSqList\0203_MergeSqList.vcxproj", "{D3309A60-3384-4EB0-9392-BEB5BF9934BF}"
EndProject
Project("{8BC9CEB8-8B4A-11D0-8D11-00A0C91BC942}") = "0204_LinkList", "0204_LinkList\0204_LinkList.vcxproj", "{8818D7C5-70C7-4649-9690-ACB30147C37B}"
EndProject
Project("{8BC9CEB8-8B4A-11D0-8D11-00A0C91BC942}") = "0205_MergeList", "0205_MergeList\0205_MergeList.vcxproj", "{DC3475CD-A081-423F-BCE5-14464B66F475}"
EndProject
Project("{8BC9CEB8-8B4A-11D0-8D11-00A0C91BC942}") = "0206_SLinkList", "0206_SLinkList\0206_SLinkList.vcxproj", "{C0C969A9-926E-4AE3-87AC-F73CB04D0BC7}"
EndProject
Project("{8BC9CEB8-8B4A-11D0-8D11-00A0C91BC942}") = "0207_Difference", "0207_Difference\0207_Difference.vcxproj", "{EB17D84C-751A-4261-BE9F-B02951BF8E51}"
EndProject
Project("{8BC9CEB8-8B4A-11D0-8D11-00A0C91BC942}") = "0208_DuLinkList", "0208_DuLinkList\0208_DuLinkList.vcxproj", "{6816DB4B-DC29-4BF4-8D93-F6B00444FD37}"
EndProject
Project("{8BC9CEB8-8B4A-11D0-8D11-00A0C91BC942}") = "0209_ELinkList", "0209_ELinkList\0209_ELinkList.vcxproj", "{2FE48840-F7BB-4DC7-B3D9-4AFF2B35206B}"
EndProject
Project("{8BC9CEB8-8B4A-11D0-8D11-00A0C91BC942}") = "0210_MergeEList", "0210_MergeEList\0210_MergeEList.vcxproj", "{58E663CD-DDC0-48B4-BE73-5AA11CEED026}"
EndProject
Project("{8BC9CEB8-8B4A-11D0-8D11-00A0C91BC942}") = "0211_Polynomial", "0211_Polynomial\0211_Polynomial.vcxproj", "{BA5E9196-08EF-4F25-9F82-D35296370F52}"
EndProject
Project("{8BC9CEB8-8B4A-11D0-8D11-00A0C91BC942}") = "0301_SqStack", "0301_SqStack\0301_SqStack.vcxproj", "{CBC87773-9686-4E77-BE7E-1335A673E0E1}"
EndProject
Project("{8BC9CEB8-8B4A-11D0-8D11-00A0C91BC942}") = "0302_Conversion", "0302_Conversion\0302_Conversion.vcxproj", "{B1FD90AC-75CE-404C-907E-8D939C078D79}"
EndProject
Project("{8BC9CEB8-8B4A-11D0-8D11-00A0C91BC942}") = "0303_LineEdit", "0303_LineEdit\0303_LineEdit.vcxproj", "{55BB85DE-4B42-4EF0-BBF8-F5E03A518376}"
EndProject
Project("{8BC9CEB8-8B4A-11D0-8D11-00A0C91BC942}") = "0304_Maze", "0304_Maze\0304_Maze.vcxproj", "{38C80F0E-757B-4E11-93F2-C2666AF3617F}"
EndProject
Project("{8BC9CEB8-8B4A-11D0-8D11-00A0C91BC942}") = "0305_Expression", "0305_Expression\0305_Expression.vcxproj", "{71331A05-F03F-41E1-A7BD-D6F9D2944D8D}"
EndProject
Project("{8BC9CEB8-8B4A-11D0-8D11-00A0C91BC942}") = "0306_Hanoi", "0306_Hanoi\0306_Hanoi.vcxproj", "{B92DECE4-A1D8-4A31-904B-C2441A1BB053}"
EndProject
Project("{8BC9CEB8-8B4A-11D0-8D11-00A0C91BC942}") = "0307_LinkQueue", "0307_LinkQueue\0307_LinkQueue.vcxproj", "{9ECA0672-0E13-4324-B2EA-1A8153348085}"
EndProject
Project("{8BC9CEB8-8B4A-11D0-8D11-00A0C91BC942}") = "0308_SqQueue", "0308_SqQueue\0308_SqQueue.vcxproj", "{28EB7738-3109-4B98-B312-1B3D1DD91DDF}"
EndProject
Project("{8BC9CEB8-8B4A-11D0-8D11-00A0C91BC942}") = "0309_BankQueuing", "0309_BankQueuing\0309_BankQueuing.vcxproj", "{C44F604C-F8CD-498E-A3EF-04FCF37AA303}"
EndProject
Project("{8BC9CEB8-8B4A-11D0-8D11-00A0C91BC942}") = "0401_SString", "0401_SString\0401_SString.vcxproj", "{7D94FA2D-43E5-4EA0-AEBF-119C156C98FF}"
EndProject
Project("{8BC9CEB8-8B4A-11D0-8D11-00A0C91BC942}") = "0402_HString", "0402_HString\0402_HString.vcxproj", "{A1D8A416-186E-4691-B8E7-ED7DE605AA4C}"
EndProject
Project("{8BC9CEB8-8B4A-11D0-8D11-00A0C91BC942}") = "0403_LString", "0403_LString\0403_LString.vcxproj", "{6D29CF1A-DFF3-4730-A587-EEEA5B3673F2}"
EndProject
Project("{8BC9CEB8-8B4A-11D0-8D11-00A0C91BC942}") = "0404_KMP", "0404_KMP\0404_KMP.vcxproj", "{5D2A1F0B-F177-43A9-873A-56C7E08E6987}"
EndProject
Project("{8BC9CEB8-8B4A-11D0-8D11-00A0C91BC942}") = "0405_WordList", "0405_WordList\0405_WordList.vcxproj", "{FA2740D7-2D96-4F57-AE79-FCDA5C13CA86}"
EndProject
Project("{8BC9CEB8-8B4A-11D0-8D11-00A0C91BC942}") = "0501_Array", "0501_Array\0501_Array.vcxproj", "{C893D86B-CFBE-4C00-9380-6626D766D9DC}"
EndProject
Project("{8BC9CEB8-8B4A-11D0-8D11-00A0C91BC942}") = "0502_TSMatrix", "0502_TSMatrix\0502_TSMatrix.vcxproj", "{64B7AED3-7223-4295-A248-2E77A786253D}"
EndProject
Project("{8BC9CEB8-8B4A-11D0-8D11-00A0C91BC942}") = "0503_RLSMatrix", "0503_RLSMatrix\0503_RLSMatrix.vcxproj", "{DB8C2191-4989-4F8C-AF95-61097C5D4BA0}"
EndProject
Project("{8BC9CEB8-8B4A-11D0-8D11-00A0C91BC942}") = "0504_CrossList", "0504_CrossList\0504_CrossList.vcxproj", "{8774FC45-DB63-455A-A202-73FED3D4C291}"
EndProject
Project("{8BC9CEB8-8B4A-11D0-8D11-00A0C91BC942}") = "0505_GList-HT", "0505_GList-HT\0505_GList-HT.vcxproj", "{4B14E42C-F136-41A8-8A6D-099C4E1CA88B}"
EndProject
Project("{8BC9CEB8-8B4A-11D0-8D11-00A0C91BC942}") = "0506_GList-E", "0506_GList-E\0506_GList-E.vcxproj", "{E32DEB88-2D90-447D-8788-5D9131CE02C1}"
EndProject
Project("{8BC9CEB8-8B4A-11D0-8D11-00A0C91BC942}") = "0507_MPList", "0507_MPList\0507_MPList.vcxproj", "{48768FD4-BBC4-4C50-A5DE-BAF4AD3B271C}"
EndProject
Project("{8BC9CEB8-8B4A-11D0-8D11-00A0C91BC942}") = "0604_BiThrTree", "0604_BiThrTree\0604_BiThrTree.vcxproj", "{5BFCEF59-1637-45CB-86F8-FA3E190E809E}"
EndProject
Project("{8BC9CEB8-8B4A-11D0-8D11-00A0C91BC942}") = "0601_SqBiTree", "0601_SqBiTree\0601_SqBiTree.vcxproj", "{56D4D702-8C1C-4DD9-98CE-2134C1E18BC0}"
EndProject
Project("{8BC9CEB8-8B4A-11D0-8D11-00A0C91BC942}") = "0602_BiTree", "0602_BiTree\0602_BiTree.vcxproj", "{A03C261C-5DA7-4491-9355-762862F8EF99}"
EndProject
Project("{8BC9CEB8-8B4A-11D0-8D11-00A0C91BC942}") = "0603_BiTriTree", "0603_BiTriTree\0603_BiTriTree.vcxproj", "{DE7B3646-37B1-4426-B677-C8B3C83648F0}"
EndProject
Project("{8BC9CEB8-8B4A-11D0-8D11-00A0C91BC942}") = "0605_PTree", "0605_PTree\0605_PTree.vcxproj", "{8E5317BC-B29D-4EC0-9252-755233CB145B}"
EndProject
Project("{8BC9CEB8-8B4A-11D0-8D11-00A0C91BC942}") = "0606_CTree", "0606_CTree\0606_CTree.vcxproj", "{21A763A1-AF80-4FDB-92CE-B3DE2A6F8F65}"
EndProject
Project("{8BC9CEB8-8B4A-11D0-8D11-00A0C91BC942}") = "0607_CSTree", "0607_CSTree\0607_CSTree.vcxproj", "{C8655668-ADF4-428E-870F-276BEF2FD995}"
EndProject
Project("{8BC9CEB8-8B4A-11D0-8D11-00A0C91BC942}") = "0608_MFSet", "0608_MFSet\0608_MFSet.vcxproj", "{5CE22DAF-76EE-48C7-A933-0246773893A3}"
EndProject
Project("{8BC9CEB8-8B4A-11D0-8D11-00A0C91BC942}") = "0609_HuffmanTree", "0609_HuffmanTree\0609_HuffmanTree.vcxproj", "{F85E8303-8B2A-420C-A3BD-586C94823B5E}"
EndProject
Project("{8BC9CEB8-8B4A-11D0-8D11-00A0C91BC942}") = "0610_PowerSet", "0610_PowerSet\0610_PowerSet.vcxproj", "{0C808714-A945-4CC6-BD3E-86D07F16F866}"
EndProject
Project("{8BC9CEB8-8B4A-11D0-8D11-00A0C91BC942}") = "0611_NQueens", "0611_NQueens\0611_NQueens.vcxproj", "{F2CFFD91-C027-428B-9ECE-8EB0EF471230}"
EndProject
Project("{8BC9CEB8-8B4A-11D0-8D11-00A0C91BC942}") = "0701_MGraph", "0701_MGraph\0701_MGraph.vcxproj", "{5A028EEF-DC09-4747-B993-3618FF2CEB15}"
EndProject
Project("{8BC9CEB8-8B4A-11D0-8D11-00A0C91BC942}") = "0702_ALGraph", "0702_ALGraph\0702_ALGraph.vcxproj", "{4438F075-C59C-480D-A052-87DC044DA586}"
EndProject
Project("{8BC9CEB8-8B4A-11D0-8D11-00A0C91BC942}") = "0703_OLGraph", "0703_OLGraph\0703_OLGraph.vcxproj", "{394C1C7D-6087-4F6A-9E60-A1D4BF7FD2E1}"
EndProject
Project("{8BC9CEB8-8B4A-11D0-8D11-00A0C91BC942}") = "0704_AMLGraph", "0704_AMLGraph\0704_AMLGraph.vcxproj", "{40212264-D2E5-435F-B712-2FB0B241AEFA}"
EndProject
Project("{8BC9CEB8-8B4A-11D0-8D11-00A0C91BC942}") = "0705_SpanningTree", "0705_SpanningTree\0705_SpanningTree.vcxproj", "{06990E2B-9801-45E6-AFF0-6D15DD13A9DB}"
EndProject
Project("{8BC9CEB8-8B4A-11D0-8D11-00A0C91BC942}") = "0706_StronglyConnectedComponents", "0706_StronglyConnectedComponents\0706_StronglyConnectedComponents.vcxproj", "{BF836585-C79D-4236-9052-59DC18A5F07D}"
EndProject
Project("{8BC9CEB8-8B4A-11D0-8D11-00A0C91BC942}") = "0707_MinimumSpanningTree", "0707_MinimumSpanningTree\0707_MinimumSpanningTree.vcxproj", "{FD2D3F01-2E88-49C3-9559-7933DA77A06F}"
EndProject
Project("{8BC9CEB8-8B4A-11D0-8D11-00A0C91BC942}") = "0708_ArticulationPoints", "0708_ArticulationPoints\0708_ArticulationPoints.vcxproj", "{3A9A186A-2086-4570-A77B-C72D8F900937}"
EndProject
Project("{8BC9CEB8-8B4A-11D0-8D11-00A0C91BC942}") = "0709_TopologicalSorting", "0709_TopologicalSorting\0709_TopologicalSorting.vcxproj", "{A5230D75-D10B-4116-89A1-7DAEFC96D088}"
EndProject
Project("{8BC9CEB8-8B4A-11D0-8D11-00A0C91BC942}") = "0710_CriticalPathMethod", "0710_CriticalPathMethod\0710_CriticalPathMethod.vcxproj", "{FD164A41-6137-49E0-A723-505003D9ED65}"
EndProject
Project("{8BC9CEB8-8B4A-11D0-8D11-00A0C91BC942}") = "0711_ShortestPaths", "0711_ShortestPaths\0711_ShortestPaths.vcxproj", "{ED2DEC91-7A7F-41CC-88CB-1100E32E98AC}"
EndProject
Project("{8BC9CEB8-8B4A-11D0-8D11-00A0C91BC942}") = "0801_BoundaryTagMethod", "0801_BoundaryTagMethod\0801_BoundaryTagMethod.vcxproj", "{D71FCDD5-A659-4ABD-9BBD-D534E0500789}"
EndProject
Project("{8BC9CEB8-8B4A-11D0-8D11-00A0C91BC942}") = "0802_BuddySystem", "0802_BuddySystem\0802_BuddySystem.vcxproj", "{6485E7FA-6038-4C6F-A91F-3B1D5E8B532D}"
EndProject
Project("{8BC9CEB8-8B4A-11D0-8D11-00A0C91BC942}") = "0803_GarbageCollection", "0803_GarbageCollection\0803_GarbageCollection.vcxproj", "{66EA62B4-2F77-4BE6-AA24-C713EB7771DD}"
EndProject
Global
	GlobalSection(SolutionConfigurationPlatforms) = preSolution
		Debug|Win32 = Debug|Win32
		Release|Win32 = Release|Win32
	EndGlobalSection
	GlobalSection(ProjectConfigurationPlatforms) = postSolution
		{4DDF7C1A-9DF8-4983-B478-1B8928B8A239}.Debug|Win32.ActiveCfg = Debug|Win32
		{4DDF7C1A-9DF8-4983-B478-1B8928B8A239}.Debug|Win32.Build.0 = Debug|Win32
		{4DDF7C1A-9DF8-4983-B478-1B8928B8A239}.Release|Win32.ActiveCfg = Release|Win32
		{4DDF7C1A-9DF8-4983-B478-1B8928B8A239}.Release|Win32.Build.0 = Release|Win32
		{5C53EFFE-EE74-42B8-875C-CFB7B2659917}.Debug|Win32.ActiveCfg = Debug|Win32
		{5C53EFFE-EE74-42B8-875C-CFB7B2659917}.Debug|Win32.Build.0 = Debug|Win32
		{5C53EFFE-EE74-42B8-875C-CFB7B2659917}.Release|Win32.ActiveCfg = Release|Win32
		{5C53EFFE-EE74-42B8-875C-CFB7B2659917}.Release|Win32.Build.0 = Release|Win32
		{D3309A60-3384-4EB0-9392-BEB5BF9934BF}.Debug|Win32.ActiveCfg = Debug|Win32
		{D3309A60-3384-4EB0-9392-BEB5BF9934BF}.Debug|Win32.Build.0 = Debug|Win32
		{D3309A60-3384-4EB0-9392-BEB5BF9934BF}.Release|Win32.ActiveCfg = Release|Win32
		{D3309A60-3384-4EB0-9392-BEB5BF9934BF}.Release|Win32.Build.0 = Release|Win32
		{8818D7C5-70C7-4649-9690-ACB30147C37B}.Debug|Win32.ActiveCfg = Debug|Win32
		{8818D7C5-70C7-4649-9690-ACB30147C37B}.Debug|Win32.Build.0 = Debug|Win32
		{8818D7C5-70C7-4649-9690-ACB30147C37B}.Release|Win32.ActiveCfg = Release|Win32
		{8818D7C5-70C7-4649-9690-ACB30147C37B}.Release|Win32.Build.0 = Release|Win32
		{DC3475CD-A081-423F-BCE5-14464B66F475}.Debug|Win32.ActiveCfg = Debug|Win32
		{DC3475CD-A081-423F-BCE5-14464B66F475}.Debug|Win32.Build.0 = Debug|Win32
		{DC3475CD-A081-423F-BCE5-14464B66F475}.Release|Win32.ActiveCfg = Release|Win32
		{DC3475CD-A081-423F-BCE5-14464B66F475}.Release|Win32.Build.0 = Release|Win32
		{C0C969A9-926E-4AE3-87AC-F73CB04D0BC7}.Debug|Win32.ActiveCfg = Debug|Win32
		{C0C969A9-926E-4AE3-87AC-F73CB04D0BC7}.Debug|Win32.Build.0 = Debug|Win32
		{C0C969A9-926E-4AE3-87AC-F73CB04D0BC7}.Release|Win32.ActiveCfg = Release|Win32
		{C0C969A9-926E-4AE3-87AC-F73CB04D0BC7}.Release|Win32.Build.0 = Release|Win32
		{EB17D84C-751A-4261-BE9F-B02951BF8E51}.Debug|Win32.ActiveCfg = Debug|Win32
		{EB17D84C-751A-4261-BE9F-B02951BF8E51}.Debug|Win32.Build.0 = Debug|Win32
		{EB17D84C-751A-4261-BE9F-B02951BF8E51}.Release|Win32.ActiveCfg = Release|Win32
		{EB17D84C-751A-4261-BE9F-B02951BF8E51}.Release|Win32.Build.0 = Release|Win32
		{6816DB4B-DC29-4BF4-8D93-F6B00444FD37}.Debug|Win32.ActiveCfg = Debug|Win32
		{6816DB4B-DC29-4BF4-8D93-F6B00444FD37}.Debug|Win32.Build.0 = Debug|Win32
		{6816DB4B-DC29-4BF4-8D93-F6B00444FD37}.Release|Win32.ActiveCfg = Release|Win32
		{6816DB4B-DC29-4BF4-8D93-F6B00444FD37}.Release|Win32.Build.0 = Release|Win32
		{2FE48840-F7BB-4DC7-B3D9-4AFF2B35206B}.Debug|Win32.ActiveCfg = Debug|Win32
		{2FE48840-F7BB-4DC7-B3D9-4AFF2B35206B}.Debug|Win32.Build.0 = Debug|Win32
		{2FE48840-F7BB-4DC7-B3D9-4AFF2B35206B}.Release|Win32.ActiveCfg = Release|Win32
		{2FE48840-F7BB-4DC7-B3D9-4AFF2B35206B}.Release|Win32.Build.0 = Release|Win32
		{58E663CD-DDC0-48B4-BE73-5AA11CEED026}.Debug|Win32.ActiveCfg = Debug|Win32
		{58E663CD-DDC0-48B4-BE73-5AA11CEED026}.Debug|Win32.Build.0 = Debug|Win32
		{58E663CD-DDC0-48B4-BE73-5AA11CEED026}.Release|Win32.ActiveCfg = Release|Win32
		{58E663CD-DDC0-48B4-BE73-5AA11CEED026}.Release|Win32.Build.0 = Release|Win32
		{BA5E9196-08EF-4F25-9F82-D35296370F52}.Debug|Win32.ActiveCfg = Debug|Win32
		{BA5E9196-08EF-4F25-9F82-D35296370F52}.Debug|Win32.Build.0 = Debug|Win32
		{BA5E9196-08EF-4F25-9F82-D35296370F52}.Release|Win32.ActiveCfg = Release|Win32
		{BA5E9196-08EF-4F25-9F82-D35296370F52}.Release|Win32.Build.0 = Release|Win32
		{CBC87773-9686-4E77-BE7E-1335A673E0E1}.Debug|Win32.ActiveCfg = Debug|Win32
		{CBC87773-9686-4E77-BE7E-1335A673E0E1}.Debug|Win32.Build.0 = Debug|Win32
		{CBC87773-9686-4E77-BE7E-1335A673E0E1}.Release|Win32.ActiveCfg = Release|Win32
		{CBC87773-9686-4E77-BE7E-1335A673E0E1}.Release|Win32.Build.0 = Release|Win32
		{B1FD90AC-75CE-404C-907E-8D939C078D79}.Debug|Win32.ActiveCfg = Debug|Win32
		{B1FD90AC-75CE-404C-907E-8D939C078D79}.Debug|Win32.Build.0 = Debug|Win32
		{B1FD90AC-75CE-404C-907E-8D939C078D79}.Release|Win32.ActiveCfg = Release|Win32
		{B1FD90AC-75CE-404C-907E-8D939C078D79}.Release|Win32.Build.0 = Release|Win32
		{55BB85DE-4B42-4EF0-BBF8-F5E03A518376}.Debug|Win32.ActiveCfg = Debug|Win32
		{55BB85DE-4B42-4EF0-BBF8-F5E03A518376}.Debug|Win32.Build.0 = Debug|Win32
		{55BB85DE-4B42-4EF0-BBF8-F5E03A518376}.Release|Win32.ActiveCfg = Release|Win32
		{55BB85DE-4B42-4EF0-BBF8-F5E03A518376}.Release|Win32.Build.0 = Release|Win32
		{38C80F0E-757B-4E11-93F2-C2666AF3617F}.Debug|Win32.ActiveCfg = Debug|Win32
		{38C80F0E-757B-4E11-93F2-C2666AF3617F}.Debug|Win32.Build.0 = Debug|Win32
		{38C80F0E-757B-4E11-93F2-C2666AF3617F}.Release|Win32.ActiveCfg = Release|Win32
		{38C80F0E-757B-4E11-93F2-C2666AF3617F}.Release|Win32.Build.0 = Release|Win32
		{71331A05-F03F-41E1-A7BD-D6F9D2944D8D}.Debug|Win32.ActiveCfg = Debug|Win32
		{71331A05-F03F-41E1-A7BD-D6F9D2944D8D}.Debug|Win32.Build.0 = Debug|Win32
		{71331A05-F03F-41E1-A7BD-D6F9D2944D8D}.Release|Win32.ActiveCfg = Release|Win32
		{71331A05-F03F-41E1-A7BD-D6F9D2944D8D}.Release|Win32.Build.0 = Release|Win32
		{B92DECE4-A1D8-4A31-904B-C2441A1BB053}.Debug|Win32.ActiveCfg = Debug|Win32
		{B92DECE4-A1D8-4A31-904B-C2441A1BB053}.Debug|Win32.Build.0 = Debug|Win32
		{B92DECE4-A1D8-4A31-904B-C2441A1BB053}.Release|Win32.ActiveCfg = Release|Win32
		{B92DECE4-A1D8-4A31-904B-C2441A1BB053}.Release|Win32.Build.0 = Release|Win32
		{9ECA0672-0E13-4324-B2EA-1A8153348085}.Debug|Win32.ActiveCfg = Debug|Win32
		{9ECA0672-0E13-4324-B2EA-1A8153348085}.Debug|Win32.Build.0 = Debug|Win32
		{9ECA0672-0E13-4324-B2EA-1A8153348085}.Release|Win32.ActiveCfg = Release|Win32
		{9ECA0672-0E13-4324-B2EA-1A8153348085}.Release|Win32.Build.0 = Release|Win32
		{28EB7738-3109-4B98-B312-1B3D1DD91DDF}.Debug|Win32.ActiveCfg = Debug|Win32
		{28EB7738-3109-4B98-B312-1B3D1DD91DDF}.Debug|Win32.Build.0 = Debug|Win32
		{28EB7738-3109-4B98-B312-1B3D1DD91DDF}.Release|Win32.ActiveCfg = Release|Win32
		{28EB7738-3109-4B98-B312-1B3D1DD91DDF}.Release|Win32.Build.0 = Release|Win32
		{C44F604C-F8CD-498E-A3EF-04FCF37AA303}.Debug|Win32.ActiveCfg = Debug|Win32
		{C44F604C-F8CD-498E-A3EF-04FCF37AA303}.Debug|Win32.Build.0 = Debug|Win32
		{C44F604C-F8CD-498E-A3EF-04FCF37AA303}.Release|Win32.ActiveCfg = Release|Win32
		{C44F604C-F8CD-498E-A3EF-04FCF37AA303}.Release|Win32.Build.0 = Release|Win32
		{7D94FA2D-43E5-4EA0-AEBF-119C156C98FF}.Debug|Win32.ActiveCfg = Debug|Win32
		{7D94FA2D-43E5-4EA0-AEBF-119C156C98FF}.Debug|Win32.Build.0 = Debug|Win32
		{7D94FA2D-43E5-4EA0-AEBF-119C156C98FF}.Release|Win32.ActiveCfg = Release|Win32
		{7D94FA2D-43E5-4EA0-AEBF-119C156C98FF}.Release|Win32.Build.0 = Release|Win32
		{A1D8A416-186E-4691-B8E7-ED7DE605AA4C}.Debug|Win32.ActiveCfg = Debug|Win32
		{A1D8A416-186E-4691-B8E7-ED7DE605AA4C}.Debug|Win32.Build.0 = Debug|Win32
		{A1D8A416-186E-4691-B8E7-ED7DE605AA4C}.Release|Win32.ActiveCfg = Release|Win32
		{A1D8A416-186E-4691-B8E7-ED7DE605AA4C}.Release|Win32.Build.0 = Release|Win32
		{6D29CF1A-DFF3-4730-A587-EEEA5B3673F2}.Debug|Win32.ActiveCfg = Debug|Win32
		{6D29CF1A-DFF3-4730-A587-EEEA5B3673F2}.Debug|Win32.Build.0 = Debug|Win32
		{6D29CF1A-DFF3-4730-A587-EEEA5B3673F2}.Release|Win32.ActiveCfg = Release|Win32
		{6D29CF1A-DFF3-4730-A587-EEEA5B3673F2}.Release|Win32.Build.0 = Release|Win32
		{5D2A1F0B-F177-43A9-873A-56C7E08E6987}.Debug|Win32.ActiveCfg = Debug|Win32
		{5D2A1F0B-F177-43A9-873A-56C7E08E6987}.Debug|Win32.Build.0 = Debug|Win32
		{5D2A1F0B-F177-43A9-873A-56C7E08E6987}.Release|Win32.ActiveCfg = Release|Win32
		{5D2A1F0B-F177-43A9-873A-56C7E08E6987}.Release|Win32.Build.0 = Release|Win32
		{FA2740D7-2D96-4F57-AE79-FCDA5C13CA86}.Debug|Win32.ActiveCfg = Debug|Win32
		{FA2740D7-2D96-4F57-AE79-FCDA5C13CA86}.Debug|Win32.Build.0 = Debug|Win32
		{FA2740D7-2D96-4F57-AE79-FCDA5C13CA86}.Release|Win32.ActiveCfg = Release|Win32
		{FA2740D7-2D96-4F57-AE79-FCDA5C13CA86}.Release|Win32.Build.0 = Release|Win32
		{C893D86B-CFBE-4C00-9380-6626D766D9DC}.Debug|Win32.ActiveCfg = Debug|Win32
		{C893D86B-CFBE-4C00-9380-6626D766D9DC}.Debug|Win32.Build.0 = Debug|Win32
		{C893D86B-CFBE-4C00-9380-6626D766D9DC}.Release|Win32.ActiveCfg = Release|Win32
		{C893D86B-CFBE-4C00-9380-6626D766D9DC}.Release|Win32.Build.0 = Release|Win32
		{64B7AED3-7223-4295-A248-2E77A786253D}.Debug|Win32.ActiveCfg = Debug|Win32
		{64B7AED3-7223-4295-A248-2E77A786253D}.Debug|Win32.Build.0 = Debug|Win32
		{64B7AED3-7223-4295-A248-2E77A786253D}.Release|Win32.ActiveCfg = Release|Win32
		{64B7AED3-7223-4295-A248-2E77A786253D}.Release|Win32.Build.0 = Release|Win32
		{DB8C2191-4989-4F8C-AF95-61097C5D4BA0}.Debug|Win32.ActiveCfg = Debug|Win32
		{DB8C2191-4989-4F8C-AF95-61097C5D4BA0}.Debug|Win32.Build.0 = Debug|Win32
		{DB8C2191-4989-4F8C-AF95-61097C5D4BA0}.Release|Win32.ActiveCfg = Release|Win32
		{DB8C2191-4989-4F8C-AF95-61097C5D4BA0}.Release|Win32.Build.0 = Release|Win32
		{8774FC45-DB63-455A-A202-73FED3D4C291}.Debug|Win32.ActiveCfg = Debug|Win32
		{8774FC45-DB63-455A-A202-73FED3D4C291}.Debug|Win32.Build.0 = Debug|Win32
		{8774FC45-DB63-455A-A202-73FED3D4C291}.Release|Win32.ActiveCfg = Release|Win32
		{8774FC45-DB63-455A-A202-73FED3D4C291}.Release|Win32.Build.0 = Release|Win32
		{4B14E42C-F136-41A8-8A6D-099C4E1CA88B}.Debug|Win32.ActiveCfg = Debug|Win32
		{4B14E42C-F136-41A8-8A6D-099C4E1CA88B}.Debug|Win32.Build.0 = Debug|Win32
		{4B14E42C-F136-41A8-8A6D-099C4E1CA88B}.Release|Win32.ActiveCfg = Release|Win32
		{4B14E42C-F136-41A8-8A6D-099C4E1CA88B}.Release|Win32.Build.0 = Release|Win32
		{E32DEB88-2D90-447D-8788-5D9131CE02C1}.Debug|Win32.ActiveCfg = Debug|Win32
		{E32DEB88-2D90-447D-8788-5D9131CE02C1}.Debug|Win32.Build.0 = Debug|Win32
		{E32DEB88-2D90-447D-8788-5D9131CE02C1}.Release|Win32.ActiveCfg = Release|Win32
		{E32DEB88-2D90-447D-8788-5D9131CE02C1}.Release|Win32.Build.0 = Release|Win32
		{48768FD4-BBC4-4C50-A5DE-BAF4AD3B271C}.Debug|Win32.ActiveCfg = Debug|Win32
		{48768FD4-BBC4-4C50-A5DE-BAF4AD3B271C}.Debug|Win32.Build.0 = Debug|Win32
		{48768FD4-BBC4-4C50-A5DE-BAF4AD3B271C}.Release|Win32.ActiveCfg = Release|Win32
		{48768FD4-BBC4-4C50-A5DE-BAF4AD3B271C}.Release|Win32.Build.0 = Release|Win32
		{5BFCEF59-1637-45CB-86F8-FA3E190E809E}.Debug|Win32.ActiveCfg = Debug|Win32
		{5BFCEF59-1637-45CB-86F8-FA3E190E809E}.Debug|Win32.Build.0 = Debug|Win32
		{5BFCEF59-1637-45CB-86F8-FA3E190E809E}.Release|Win32.ActiveCfg = Release|Win32
		{5BFCEF59-1637-45CB-86F8-FA3E190E809E}.Release|Win32.Build.0 = Release|Win32
		{56D4D702-8C1C-4DD9-98CE-2134C1E18BC0}.Debug|Win32.ActiveCfg = Debug|Win32
		{56D4D702-8C1C-4DD9-98CE-2134C1E18BC0}.Debug|Win32.Build.0 = Debug|Win32
		{56D4D702-8C1C-4DD9-98CE-2134C1E18BC0}.Release|Win32.ActiveCfg = Release|Win32
		{56D4D702-8C1C-4DD9-98CE-2134C1E18BC0}.Release|Win32.Build.0 = Release|Win32
		{A03C261C-5DA7-4491-9355-762862F8EF99}.Debug|Win32.ActiveCfg = Debug|Win32
		{A03C261C-5DA7-4491-9355-762862F8EF99}.Debug|Win32.Build.0 = Debug|Win32
		{A03C261C-5DA7-4491-9355-762862F8EF99}.Release|Win32.ActiveCfg = Release|Win32
		{A03C261C-5DA7-4491-9355-762862F8EF99}.Release|Win32.Build.0 = Release|Win32
		{DE7B3646-37B1-4426-B677-C8B3C83648F0}.Debug|Win32.ActiveCfg = Debug|Win32
		{DE7B3646-37B1-4426-B677-C8B3C83648F0}.Debug|Win32.Build.0 = Debug|Win32
		{DE7B3646-37B1-4426-B677-C8B3C83648F0}.Release|Win32.ActiveCfg = Release|Win32
		{DE7B3646-37B1-4426-B677-C8B3C83648F0}.Release|Win32.Build.0 = Release|Win32
		{8E5317BC-B29D-4EC0-9252-755233CB145B}.Debug|Win32.ActiveCfg = Debug|Win32
		{8E5317BC-B29D-4EC0-9252-755233CB145B}.Debug|Win32.Build.0 = Debug|Win32
		{8E5317BC-B29D-4EC0-9252-755233CB145B}.Release|Win32.ActiveCfg = Release|Win32
		{8E5317BC-B29D-4EC0-9252-755233CB145B}.Release|Win32.Build.0 = Release|Win32
		{21A763A1-AF80-4FDB-92CE-B3DE2A6F8F65}.Debug|Win32.ActiveCfg = Debug|Win32
		{21A763A1-AF80-4FDB-92CE-B3DE2A6F8F65}.Debug|Win32.Build.0 = Debug|Win32
		{21A763A1-AF80-4FDB-92CE-B3DE2A6F8F65}.Release|Win32.ActiveCfg = Release|Win32
		{21A763A1-AF80-4FDB-92CE-B3DE2A6F8F65}.Release|Win32.Build.0 = Release|Win32
		{C8655668-ADF4-428E-870F-276BEF2FD995}.Debug|Win32.ActiveCfg = Debug|Win32
		{C8655668-ADF4-428E-870F-276BEF2FD995}.Debug|Win32.Build.0 = Debug|Win32
		{C8655668-ADF4-428E-870F-276BEF2FD995}.Release|Win32.ActiveCfg = Release|Win32
		{C8655668-ADF4-428E-870F-276BEF2FD995}.Release|Win32.Build.0 = Release|Win32
		{5CE22DAF-76EE-48C7-A933-0246773893A3}.Debug|Win32.ActiveCfg = Debug|Win32
		{5CE22DAF-76EE-48C7-A933-0246773893A3}.Debug|Win32.Build.0 = Debug|Win32
		{5CE22DAF-76EE-48C7-A933-0246773893A3}.Release|Win32.ActiveCfg = Release|Win32
		{5CE22DAF-76EE-48C7-A933-0246773893A3}.Release|Win32.Build.0 = Release|Win32
		{F85E8303-8B2A-420C-A3BD-586C94823B5E}.Debug|Win32.ActiveCfg = Debug|Win32
		{F85E8303-8B2A-420C-A3BD-586C94823B5E}.Debug|Win32.Build.0 = Debug|Win32
		{F85E8303-8B2A-420C-A3BD-586C94823B5E}.Release|Win32.ActiveCfg = Release|Win32
		{F85E8303-8B2A-420C-A3BD-586C94823B5E}.Release|Win32.Build.0 = Release|Win32
		{0C808714-A945-4CC6-BD3E-86D07F16F866}.Debug|Win32.ActiveCfg = Debug|Win32
		{0C808714-A945-4CC6-BD3E-86D07F16F866}.Debug|Win32.Build.0 = Debug|Win32
		{0C808714-A945-4CC6-BD3E-86D07F16F866}.Release|Win32.ActiveCfg = Release|Win32
		{0C808714-A945-4CC6-BD3E-86D07F16F866}.Release|Win32.Build.0 = Release|Win32
		{F2CFFD91-C027-428B-9ECE-8EB0EF471230}.Debug|Win32.ActiveCfg = Debug|Win32
		{F2CFFD91-C027-428B-9ECE-8EB0EF471230}.Debug|Win32.Build.0 = Debug|Win32
		{F2CFFD91-C027-428B-9ECE-8EB0EF471230}.Release|Win32.ActiveCfg = Release|Win32
		{F2CFFD91-C027-428B-9ECE-8EB0EF471230}.Release|Win32.Build.0 = Release|Win32
		{5A028EEF-DC09-4747-B993-3618FF2CEB15}.Debug|Win32.ActiveCfg = Debug|Win32
		{5A028EEF-DC09-4747-B993-3618FF2CEB15}.Debug|Win32.Build.0 = Debug|Win32
		{5A028EEF-DC09-4747-B993-3618FF2CEB15}.Release|Win32.ActiveCfg = Release|Win32
		{5A028EEF-DC09-4747-B993-3618FF2CEB15}.Release|Win32.Build.0 = Release|Win32
		{4438F075-C59C-480D-A052-87DC044DA586}.Debug|Win32.ActiveCfg = Debug|Win32
		{4438F075-C59C-480D-A052-87DC044DA586}.Debug|Win32.Build.0 = Debug|Win32
		{4438F075-C59C-480D-A052-87DC044DA586}.Release|Win32.ActiveCfg = Release|Win32
		{4438F075-C59C-480D-A052-87DC044DA586}.Release|Win32.Build.0 = Release|Win32
		{394C1C7D-6087-4F6A-9E60-A1D4BF7FD2E1}.Debug|Win32.ActiveCfg = Debug|Win32
		{394C1C7D-6087-4F6A-9E60-A1D4BF7FD2E1}.Debug|Win32.Build.0 = Debug|Win32
		{394C1C7D-6087-4F6A-9E60-A1D4BF7FD2E1}.Release|Win32.ActiveCfg = Release|Win32
		{394C1C7D-6087-4F6A-9E60-A1D4BF7FD2E1}.Release|Win32.Build.0 = Release|Win32
		{40212264-D2E5-435F-B712-2FB0B241AEFA}.Debug|Win32.ActiveCfg = Debug|Win32
		{40212264-D2E5-435F-B712-2FB0B241AEFA}.Debug|Win32.Build.0 = Debug|Win32
		{40212264-D2E5-435F-B712-2FB0B241AEFA}.Release|Win32.ActiveCfg = Release|Win32
		{40212264-D2E5-435F-B712-2FB0B241AEFA}.Release|Win32.Build.0 = Release|Win32
		{06990E2B-9801-45E6-AFF0-6D15DD13A9DB}.Debug|Win32.ActiveCfg = Debug|Win32
		{06990E2B-9801-45E6-AFF0-6D15DD13A9DB}.Debug|Win32.Build.0 = Debug|Win32
		{06990E2B-9801-45E6-AFF0-6D15DD13A9DB}.Release|Win32.ActiveCfg = Release|Win32
		{06990E2B-9801-45E6-AFF0-6D15DD13A9DB}.Release|Win32.Build.0 = Release|Win32
		{BF836585-C79D-4236-9052-59DC18A5F07D}.Debug|Win32.ActiveCfg = Debug|Win32
		{BF836585-C79D-4236-9052-59DC18A5F07D}.Debug|Win32.Build.0 = Debug|Win32
		{BF836585-C79D-4236-9052-59DC18A5F07D}.Release|Win32.ActiveCfg = Release|Win32
		{BF836585-C79D-4236-9052-59DC18A5F07D}.Release|Win32.Build.0 = Release|Win32
		{FD2D3F01-2E88-49C3-9559-7933DA77A06F}.Debug|Win32.ActiveCfg = Debug|Win32
		{FD2D3F01-2E88-49C3-9559-7933DA77A06F}.Debug|Win32.Build.0 = Debug|Win32
		{FD2D3F01-2E88-49C3-9559-7933DA77A06F}.Release|Win32.ActiveCfg = Release|Win32
		{FD2D3F01-2E88-49C3-9559-7933DA77A06F}.Release|Win32.Build.0 = Release|Win32
		{3A9A186A-2086-4570-A77B-C72D8F900937}.Debug|Win32.ActiveCfg = Debug|Win32
		{3A9A186A-2086-4570-A77B-C72D8F900937}.Debug|Win32.Build.0 = Debug|Win32
		{3A9A186A-2086-4570-A77B-C72D8F900937}.Release|Win32.ActiveCfg = Release|Win32
		{3A9A186A-2086-4570-A77B-C72D8F900937}.Release|Win32.Build.0 = Release|Win32
		{A5230D75-D10B-4116-89A1-7DAEFC96D088}.Debug|Win32.ActiveCfg = Debug|Win32
		{A5230D75-D10B-4116-89A1-7DAEFC96D088}.Debug|Win32.Build.0 = Debug|Win32
		{A5230D75-D10B-4116-89A1-7DAEFC96D088}.Release|Win32.ActiveCfg = Release|Win32
		{A5230D75-D10B-4116-89A1-7DAEFC96D088}.Release|Win32.Build.0 = Release|Win32
		{FD164A41-6137-49E0-A723-505003D9ED65}.Debug|Win32.ActiveCfg = Debug|Win32
		{FD164A41-6137-49E0-A723-505003D9ED65}.Debug|Win32.Build.0 = Debug|Win32
		{FD164A41-6137-49E0-A723-505003D9ED65}.Release|Win32.ActiveCfg = Release|Win32
		{FD164A41-6137-49E0-A723-505003D9ED65}.Release|Win32.Build.0 = Release|Win32
		{ED2DEC91-7A7F-41CC-88CB-1100E32E98AC}.Debug|Win32.ActiveCfg = Debug|Win32
		{ED2DEC91-7A7F-41CC-88CB-1100E32E98AC}.Debug|Win32.Build.0 = Debug|Win32
		{ED2DEC91-7A7F-41CC-88CB-1100E32E98AC}.Release|Win32.ActiveCfg = Release|Win32
		{ED2DEC91-7A7F-41CC-88CB-1100E32E98AC}.Release|Win32.Build.0 = Release|Win32
		{D71FCDD5-A659-4ABD-9BBD-D534E0500789}.Debug|Win32.ActiveCfg = Debug|Win32
		{D71FCDD5-A659-4ABD-9BBD-D534E0500789}.Debug|Win32.Build.0 = Debug|Win32
		{D71FCDD5-A659-4ABD-9BBD-D534E0500789}.Release|Win32.ActiveCfg = Release|Win32
		{D71FCDD5-A659-4ABD-9BBD-D534E0500789}.Release|Win32.Build.0 = Release|Win32
		{6485E7FA-6038-4C6F-A91F-3B1D5E8B532D}.Debug|Win32.ActiveCfg = Debug|Win32
		{6485E7FA-6038-4C6F-A91F-3B1D5E8B532D}.Debug|Win32.Build.0 = Debug|Win32
		{6485E7FA-6038-4C6F-A91F-3B1D5E8B532D}.Release|Win32.ActiveCfg = Release|Win32
		{6485E7FA-6038-4C6F-A91F-3B1D5E8B532D}.Release|Win32.Build.0 = Release|Win32
		{66EA62B4-2F77-4BE6-AA24-C713EB7771DD}.Debug|Win32.ActiveCfg = Debug|Win32
		{66EA62B4-2F77-4BE6-AA24-C713EB7771DD}.Debug|Win32.Build.0 = Debug|Win32
		{66EA62B4-2F77-4BE6-AA24-C713EB7771DD}.Release|Win32.ActiveCfg = Release|Win32
		{66EA62B4-2F77-4BE6-AA24-C713EB7771DD}.Release|Win32.Build.0 = Release|Win32
	EndGlobalSection
	GlobalSection(SolutionProperties) = preSolution
		HideSolutionNode = FALSE
	EndGlobalSection
EndGlobal
